{
  "version": 4,
  "terraform_version": "0.14.3",
  "serial": 96,
  "lineage": "3b6a475d-bcc8-a3ed-d01a-6734c98a1131",
  "outputs": {
    "MGMT-INBOUND-FW1": {
      "value": "https://20.62.247.8",
      "type": "string"
    },
    "MGMT-INBOUND-FW2": {
      "value": "https://20.75.134.203",
      "type": "string"
    },
    "MGMT-OUTBOUND-FW1": {
      "value": "https://20.75.134.228",
      "type": "string"
    },
    "MGMT-OUTBOUND-FW2": {
      "value": "https://20.75.134.227",
      "type": "string"
    },
    "SPOKE-INBOUND-HTTP": {
      "value": "http://20.75.134.197",
      "type": "string"
    },
    "SPOKE-INBOUND-SSH": {
      "value": "ssh paloalto@20.75.134.197",
      "type": "string"
    }
  },
  "resources": [
    {
      "mode": "data",
      "type": "template_file",
      "name": "web_startup",
      "provider": "provider[\"registry.terraform.io/hashicorp/template\"]",
      "instances": [
        {
          "schema_version": 0,
          "attributes": {
            "filename": null,
            "id": "035abbd2267dcd8960550347b2645b2803bffe867aa5485895774b4acf2620fb",
            "rendered": "#cloud-config\n\nruncmd:\n  - sudo sleep 300\n  - sudo apt-get update -y\n  - sudo apt-get install -y php\n  - sudo apt-get install -y apache2\n  - sudo apt-get install -y libapache2-mod-php\n  - sudo rm -f /var/www/html/index.html\n  - sudo wget -O /var/www/html/index.php https://raw.githubusercontent.com/wwce/terraform/master/gcp/adv_peering_4fw_2spoke/scripts/showheaders.php\n  - sudo systemctl restart apache2",
            "template": "#cloud-config\n\nruncmd:\n  - sudo sleep 300\n  - sudo apt-get update -y\n  - sudo apt-get install -y php\n  - sudo apt-get install -y apache2\n  - sudo apt-get install -y libapache2-mod-php\n  - sudo rm -f /var/www/html/index.html\n  - sudo wget -O /var/www/html/index.php https://raw.githubusercontent.com/wwce/terraform/master/gcp/adv_peering_4fw_2spoke/scripts/showheaders.php\n  - sudo systemctl restart apache2",
            "vars": null
          },
          "sensitive_attributes": []
        }
      ]
    },
    {
      "mode": "managed",
      "type": "azurerm_resource_group",
      "name": "security_inbound_rg",
      "provider": "provider[\"registry.terraform.io/hashicorp/azurerm\"]",
      "instances": [
        {
          "schema_version": 0,
          "attributes": {
            "id": "/subscriptions/137c8c89-2b20-4f91-96df-ae87343bb016/resourceGroups/security-inbound-rg",
            "location": "eastus",
            "name": "security-inbound-rg",
            "tags": null,
            "timeouts": null
          },
          "sensitive_attributes": [],
          "private": "eyJlMmJmYjczMC1lY2FhLTExZTYtOGY4OC0zNDM2M2JjN2M0YzAiOnsiY3JlYXRlIjo1NDAwMDAwMDAwMDAwLCJkZWxldGUiOjU0MDAwMDAwMDAwMDAsInJlYWQiOjMwMDAwMDAwMDAwMCwidXBkYXRlIjo1NDAwMDAwMDAwMDAwfX0="
        }
      ]
    },
    {
      "mode": "managed",
      "type": "azurerm_resource_group",
      "name": "security_outbound_rg",
      "provider": "provider[\"registry.terraform.io/hashicorp/azurerm\"]",
      "instances": [
        {
          "schema_version": 0,
          "attributes": {
            "id": "/subscriptions/137c8c89-2b20-4f91-96df-ae87343bb016/resourceGroups/security-outbound-rg",
            "location": "eastus",
            "name": "security-outbound-rg",
            "tags": null,
            "timeouts": null
          },
          "sensitive_attributes": [],
          "private": "eyJlMmJmYjczMC1lY2FhLTExZTYtOGY4OC0zNDM2M2JjN2M0YzAiOnsiY3JlYXRlIjo1NDAwMDAwMDAwMDAwLCJkZWxldGUiOjU0MDAwMDAwMDAwMDAsInJlYWQiOjMwMDAwMDAwMDAwMCwidXBkYXRlIjo1NDAwMDAwMDAwMDAwfX0="
        }
      ]
    },
    {
      "mode": "managed",
      "type": "azurerm_resource_group",
      "name": "spoke_local_rg",
      "provider": "provider[\"registry.terraform.io/hashicorp/azurerm\"]",
      "instances": [
        {
          "schema_version": 0,
          "attributes": {
            "id": "/subscriptions/137c8c89-2b20-4f91-96df-ae87343bb016/resourceGroups/local-spoke-rg",
            "location": "eastus",
            "name": "local-spoke-rg",
            "tags": null,
            "timeouts": null
          },
          "sensitive_attributes": [],
          "private": "eyJlMmJmYjczMC1lY2FhLTExZTYtOGY4OC0zNDM2M2JjN2M0YzAiOnsiY3JlYXRlIjo1NDAwMDAwMDAwMDAwLCJkZWxldGUiOjU0MDAwMDAwMDAwMDAsInJlYWQiOjMwMDAwMDAwMDAwMCwidXBkYXRlIjo1NDAwMDAwMDAwMDAwfX0="
        }
      ]
    },
    {
      "mode": "managed",
      "type": "azurerm_resource_group",
      "name": "spoke_wan_rg",
      "provider": "provider[\"registry.terraform.io/hashicorp/azurerm\"]",
      "instances": [
        {
          "schema_version": 0,
          "attributes": {
            "id": "/subscriptions/137c8c89-2b20-4f91-96df-ae87343bb016/resourceGroups/virtual-wan-spoke-rg",
            "location": "eastus",
            "name": "virtual-wan-spoke-rg",
            "tags": null,
            "timeouts": null
          },
          "sensitive_attributes": [],
          "private": "eyJlMmJmYjczMC1lY2FhLTExZTYtOGY4OC0zNDM2M2JjN2M0YzAiOnsiY3JlYXRlIjo1NDAwMDAwMDAwMDAwLCJkZWxldGUiOjU0MDAwMDAwMDAwMDAsInJlYWQiOjMwMDAwMDAwMDAwMCwidXBkYXRlIjo1NDAwMDAwMDAwMDAwfX0="
        }
      ]
    },
    {
      "mode": "managed",
      "type": "azurerm_resource_group",
      "name": "wan",
      "provider": "provider[\"registry.terraform.io/hashicorp/azurerm\"]",
      "instances": [
        {
          "schema_version": 0,
          "attributes": {
            "id": "/subscriptions/137c8c89-2b20-4f91-96df-ae87343bb016/resourceGroups/virtual-wan-rg",
            "location": "eastus",
            "name": "virtual-wan-rg",
            "tags": null,
            "timeouts": null
          },
          "sensitive_attributes": [],
          "private": "eyJlMmJmYjczMC1lY2FhLTExZTYtOGY4OC0zNDM2M2JjN2M0YzAiOnsiY3JlYXRlIjo1NDAwMDAwMDAwMDAwLCJkZWxldGUiOjU0MDAwMDAwMDAwMDAsInJlYWQiOjMwMDAwMDAwMDAwMCwidXBkYXRlIjo1NDAwMDAwMDAwMDAwfX0="
        }
      ]
    },
    {
      "mode": "managed",
      "type": "azurerm_route_table",
      "name": "spoke_local_rtb",
      "provider": "provider[\"registry.terraform.io/hashicorp/azurerm\"]",
      "instances": [
        {
          "schema_version": 0,
          "attributes": {
            "disable_bgp_route_propagation": true,
            "id": "/subscriptions/137c8c89-2b20-4f91-96df-ae87343bb016/resourceGroups/local-spoke-rg/providers/Microsoft.Network/routeTables/local-spoke-rtb",
            "location": "eastus",
            "name": "local-spoke-rtb",
            "resource_group_name": "local-spoke-rg",
            "route": [
              {
                "address_prefix": "0.0.0.0/0",
                "name": "route0",
                "next_hop_in_ip_address": "10.0.2.100",
                "next_hop_type": "VirtualAppliance"
              },
              {
                "address_prefix": "10.0.0.0/8",
                "name": "route1",
                "next_hop_in_ip_address": "10.0.2.100",
                "next_hop_type": "VirtualAppliance"
              },
              {
                "address_prefix": "172.16.0.0/12",
                "name": "route2",
                "next_hop_in_ip_address": "10.0.2.100",
                "next_hop_type": "VirtualAppliance"
              },
              {
                "address_prefix": "192.168.0.0/16",
                "name": "route3",
                "next_hop_in_ip_address": "10.0.2.100",
                "next_hop_type": "VirtualAppliance"
              }
            ],
            "subnets": [],
            "tags": null,
            "timeouts": null
          },
          "sensitive_attributes": [],
          "private": "eyJlMmJmYjczMC1lY2FhLTExZTYtOGY4OC0zNDM2M2JjN2M0YzAiOnsiY3JlYXRlIjoxODAwMDAwMDAwMDAwLCJkZWxldGUiOjE4MDAwMDAwMDAwMDAsInJlYWQiOjMwMDAwMDAwMDAwMCwidXBkYXRlIjoxODAwMDAwMDAwMDAwfX0=",
          "dependencies": [
            "azurerm_resource_group.spoke_local_rg"
          ]
        }
      ]
    },
    {
      "mode": "managed",
      "type": "azurerm_storage_account",
      "name": "security_inbound_storage",
      "provider": "provider[\"registry.terraform.io/hashicorp/azurerm\"]",
      "instances": [
        {
          "schema_version": 2,
          "attributes": {
            "access_tier": "Hot",
            "account_kind": "StorageV2",
            "account_replication_type": "LRS",
            "account_tier": "Standard",
            "allow_blob_public_access": false,
            "blob_properties": [],
            "custom_domain": [],
            "enable_https_traffic_only": true,
            "id": "/subscriptions/137c8c89-2b20-4f91-96df-ae87343bb016/resourceGroups/security-inbound-rg/providers/Microsoft.Storage/storageAccounts/inbound1130394g7r3bqd6",
            "identity": [],
            "is_hns_enabled": false,
            "large_file_share_enabled": null,
            "location": "eastus",
            "min_tls_version": "TLS1_0",
            "name": "inbound1130394g7r3bqd6",
            "network_rules": [
              {
                "bypass": [
                  "AzureServices"
                ],
                "default_action": "Allow",
                "ip_rules": [],
                "virtual_network_subnet_ids": []
              }
            ],
            "primary_access_key": "duhs490qIHE5m6R4Ewg3kBP4l2Ws+aSZnQdPYWOoeV1CQxEM+71DUxwSX5gvnG8NHUhlLZ73klUZrX4wJ8C44w==",
            "primary_blob_connection_string": "DefaultEndpointsProtocol=https;BlobEndpoint=https://inbound1130394g7r3bqd6.blob.core.windows.net/;AccountName=inbound1130394g7r3bqd6;AccountKey=duhs490qIHE5m6R4Ewg3kBP4l2Ws+aSZnQdPYWOoeV1CQxEM+71DUxwSX5gvnG8NHUhlLZ73klUZrX4wJ8C44w==",
            "primary_blob_endpoint": "https://inbound1130394g7r3bqd6.blob.core.windows.net/",
            "primary_blob_host": "inbound1130394g7r3bqd6.blob.core.windows.net",
            "primary_connection_string": "DefaultEndpointsProtocol=https;AccountName=inbound1130394g7r3bqd6;AccountKey=duhs490qIHE5m6R4Ewg3kBP4l2Ws+aSZnQdPYWOoeV1CQxEM+71DUxwSX5gvnG8NHUhlLZ73klUZrX4wJ8C44w==;EndpointSuffix=core.windows.net",
            "primary_dfs_endpoint": "https://inbound1130394g7r3bqd6.dfs.core.windows.net/",
            "primary_dfs_host": "inbound1130394g7r3bqd6.dfs.core.windows.net",
            "primary_file_endpoint": "https://inbound1130394g7r3bqd6.file.core.windows.net/",
            "primary_file_host": "inbound1130394g7r3bqd6.file.core.windows.net",
            "primary_location": "eastus",
            "primary_queue_endpoint": "https://inbound1130394g7r3bqd6.queue.core.windows.net/",
            "primary_queue_host": "inbound1130394g7r3bqd6.queue.core.windows.net",
            "primary_table_endpoint": "https://inbound1130394g7r3bqd6.table.core.windows.net/",
            "primary_table_host": "inbound1130394g7r3bqd6.table.core.windows.net",
            "primary_web_endpoint": "https://inbound1130394g7r3bqd6.z13.web.core.windows.net/",
            "primary_web_host": "inbound1130394g7r3bqd6.z13.web.core.windows.net",
            "queue_properties": [
              {
                "cors_rule": [],
                "hour_metrics": [
                  {
                    "enabled": true,
                    "include_apis": true,
                    "retention_policy_days": 7,
                    "version": "1.0"
                  }
                ],
                "logging": [
                  {
                    "delete": false,
                    "read": false,
                    "retention_policy_days": 0,
                    "version": "1.0",
                    "write": false
                  }
                ],
                "minute_metrics": [
                  {
                    "enabled": false,
                    "include_apis": false,
                    "retention_policy_days": 0,
                    "version": "1.0"
                  }
                ]
              }
            ],
            "resource_group_name": "security-inbound-rg",
            "secondary_access_key": "DCe/yCaJ4wA63ivvDnx7YG8hi4y2Hf4h8W4aHi4kyzvcOS2aH70vWgVn71uxHw63CbXfYY/O7zPv6xnaEawxPA==",
            "secondary_blob_connection_string": "",
            "secondary_blob_endpoint": null,
            "secondary_blob_host": null,
            "secondary_connection_string": "DefaultEndpointsProtocol=https;AccountName=inbound1130394g7r3bqd6;AccountKey=DCe/yCaJ4wA63ivvDnx7YG8hi4y2Hf4h8W4aHi4kyzvcOS2aH70vWgVn71uxHw63CbXfYY/O7zPv6xnaEawxPA==;EndpointSuffix=core.windows.net",
            "secondary_dfs_endpoint": null,
            "secondary_dfs_host": null,
            "secondary_file_endpoint": null,
            "secondary_file_host": null,
            "secondary_location": "",
            "secondary_queue_endpoint": null,
            "secondary_queue_host": null,
            "secondary_table_endpoint": null,
            "secondary_table_host": null,
            "secondary_web_endpoint": null,
            "secondary_web_host": null,
            "static_website": [],
            "tags": null,
            "timeouts": null
          },
          "sensitive_attributes": [],
          "private": "eyJlMmJmYjczMC1lY2FhLTExZTYtOGY4OC0zNDM2M2JjN2M0YzAiOnsiY3JlYXRlIjozNjAwMDAwMDAwMDAwLCJkZWxldGUiOjM2MDAwMDAwMDAwMDAsInJlYWQiOjMwMDAwMDAwMDAwMCwidXBkYXRlIjozNjAwMDAwMDAwMDAwfSwic2NoZW1hX3ZlcnNpb24iOiIyIn0=",
          "dependencies": [
            "azurerm_resource_group.security_inbound_rg",
            "random_string.security_inbound"
          ]
        }
      ]
    },
    {
      "mode": "managed",
      "type": "azurerm_storage_account",
      "name": "security_outbound_storage",
      "provider": "provider[\"registry.terraform.io/hashicorp/azurerm\"]",
      "instances": [
        {
          "schema_version": 2,
          "attributes": {
            "access_tier": "Hot",
            "account_kind": "StorageV2",
            "account_replication_type": "LRS",
            "account_tier": "Standard",
            "allow_blob_public_access": false,
            "blob_properties": [],
            "custom_domain": [],
            "enable_https_traffic_only": true,
            "id": "/subscriptions/137c8c89-2b20-4f91-96df-ae87343bb016/resourceGroups/security-outbound-rg/providers/Microsoft.Storage/storageAccounts/outbound350e22il9r5672l",
            "identity": [],
            "is_hns_enabled": false,
            "large_file_share_enabled": null,
            "location": "eastus",
            "min_tls_version": "TLS1_0",
            "name": "outbound350e22il9r5672l",
            "network_rules": [
              {
                "bypass": [
                  "AzureServices"
                ],
                "default_action": "Allow",
                "ip_rules": [],
                "virtual_network_subnet_ids": []
              }
            ],
            "primary_access_key": "UeLFc1go38ZTiWOk8beAa0aRwM2H67FkiMc++Ye5Get18RMynnL7xwgJwTJyqrLM1T8yjPxKq6DVJFuPfdU9Xw==",
            "primary_blob_connection_string": "DefaultEndpointsProtocol=https;BlobEndpoint=https://outbound350e22il9r5672l.blob.core.windows.net/;AccountName=outbound350e22il9r5672l;AccountKey=UeLFc1go38ZTiWOk8beAa0aRwM2H67FkiMc++Ye5Get18RMynnL7xwgJwTJyqrLM1T8yjPxKq6DVJFuPfdU9Xw==",
            "primary_blob_endpoint": "https://outbound350e22il9r5672l.blob.core.windows.net/",
            "primary_blob_host": "outbound350e22il9r5672l.blob.core.windows.net",
            "primary_connection_string": "DefaultEndpointsProtocol=https;AccountName=outbound350e22il9r5672l;AccountKey=UeLFc1go38ZTiWOk8beAa0aRwM2H67FkiMc++Ye5Get18RMynnL7xwgJwTJyqrLM1T8yjPxKq6DVJFuPfdU9Xw==;EndpointSuffix=core.windows.net",
            "primary_dfs_endpoint": "https://outbound350e22il9r5672l.dfs.core.windows.net/",
            "primary_dfs_host": "outbound350e22il9r5672l.dfs.core.windows.net",
            "primary_file_endpoint": "https://outbound350e22il9r5672l.file.core.windows.net/",
            "primary_file_host": "outbound350e22il9r5672l.file.core.windows.net",
            "primary_location": "eastus",
            "primary_queue_endpoint": "https://outbound350e22il9r5672l.queue.core.windows.net/",
            "primary_queue_host": "outbound350e22il9r5672l.queue.core.windows.net",
            "primary_table_endpoint": "https://outbound350e22il9r5672l.table.core.windows.net/",
            "primary_table_host": "outbound350e22il9r5672l.table.core.windows.net",
            "primary_web_endpoint": "https://outbound350e22il9r5672l.z13.web.core.windows.net/",
            "primary_web_host": "outbound350e22il9r5672l.z13.web.core.windows.net",
            "queue_properties": [
              {
                "cors_rule": [],
                "hour_metrics": [
                  {
                    "enabled": true,
                    "include_apis": true,
                    "retention_policy_days": 7,
                    "version": "1.0"
                  }
                ],
                "logging": [
                  {
                    "delete": false,
                    "read": false,
                    "retention_policy_days": 0,
                    "version": "1.0",
                    "write": false
                  }
                ],
                "minute_metrics": [
                  {
                    "enabled": false,
                    "include_apis": false,
                    "retention_policy_days": 0,
                    "version": "1.0"
                  }
                ]
              }
            ],
            "resource_group_name": "security-outbound-rg",
            "secondary_access_key": "l2iaL7tY1Zj4RLaVuE5XwzzEJFe6S4Zi4ZwhXfK4YzZ8TUjdSUVyfhzDbNdT63lRk6djHnNj25KvtIJr1gNV/w==",
            "secondary_blob_connection_string": "",
            "secondary_blob_endpoint": null,
            "secondary_blob_host": null,
            "secondary_connection_string": "DefaultEndpointsProtocol=https;AccountName=outbound350e22il9r5672l;AccountKey=l2iaL7tY1Zj4RLaVuE5XwzzEJFe6S4Zi4ZwhXfK4YzZ8TUjdSUVyfhzDbNdT63lRk6djHnNj25KvtIJr1gNV/w==;EndpointSuffix=core.windows.net",
            "secondary_dfs_endpoint": null,
            "secondary_dfs_host": null,
            "secondary_file_endpoint": null,
            "secondary_file_host": null,
            "secondary_location": "",
            "secondary_queue_endpoint": null,
            "secondary_queue_host": null,
            "secondary_table_endpoint": null,
            "secondary_table_host": null,
            "secondary_web_endpoint": null,
            "secondary_web_host": null,
            "static_website": [],
            "tags": null,
            "timeouts": null
          },
          "sensitive_attributes": [],
          "private": "eyJlMmJmYjczMC1lY2FhLTExZTYtOGY4OC0zNDM2M2JjN2M0YzAiOnsiY3JlYXRlIjozNjAwMDAwMDAwMDAwLCJkZWxldGUiOjM2MDAwMDAwMDAwMDAsInJlYWQiOjMwMDAwMDAwMDAwMCwidXBkYXRlIjozNjAwMDAwMDAwMDAwfSwic2NoZW1hX3ZlcnNpb24iOiIyIn0=",
          "dependencies": [
            "azurerm_resource_group.security_outbound_rg",
            "random_string.security_outbound"
          ]
        }
      ]
    },
    {
      "mode": "managed",
      "type": "azurerm_virtual_hub",
      "name": "wan",
      "provider": "provider[\"registry.terraform.io/hashicorp/azurerm\"]",
      "instances": []
    },
    {
      "mode": "managed",
      "type": "azurerm_virtual_hub_connection",
      "name": "security_inbound_conn",
      "provider": "provider[\"registry.terraform.io/hashicorp/azurerm\"]",
      "instances": []
    },
    {
      "mode": "managed",
      "type": "azurerm_virtual_hub_connection",
      "name": "security_outbound_conn",
      "provider": "provider[\"registry.terraform.io/hashicorp/azurerm\"]",
      "instances": []
    },
    {
      "mode": "managed",
      "type": "azurerm_virtual_hub_connection",
      "name": "spoke_wan_conn",
      "provider": "provider[\"registry.terraform.io/hashicorp/azurerm\"]",
      "instances": []
    },
    {
      "mode": "managed",
      "type": "azurerm_virtual_hub_route_table",
      "name": "wan_rtb",
      "provider": "provider[\"registry.terraform.io/hashicorp/azurerm\"]",
      "instances": []
    },
    {
      "mode": "managed",
      "type": "azurerm_virtual_network_peering",
      "name": "security_outbound_to_spoke1",
      "provider": "provider[\"registry.terraform.io/hashicorp/azurerm\"]",
      "instances": [
        {
          "schema_version": 0,
          "attributes": {
            "allow_forwarded_traffic": true,
            "allow_gateway_transit": false,
            "allow_virtual_network_access": true,
            "id": "/subscriptions/137c8c89-2b20-4f91-96df-ae87343bb016/resourceGroups/security-outbound-rg/providers/Microsoft.Network/virtualNetworks/security-outbound-vnet/virtualNetworkPeerings/security-outbound-vnet-local-spoke-vnet",
            "name": "security-outbound-vnet-local-spoke-vnet",
            "remote_virtual_network_id": "/subscriptions/137c8c89-2b20-4f91-96df-ae87343bb016/resourceGroups/local-spoke-rg/providers/Microsoft.Network/virtualNetworks/local-spoke-vnet",
            "resource_group_name": "security-outbound-rg",
            "timeouts": null,
            "use_remote_gateways": false,
            "virtual_network_name": "security-outbound-vnet"
          },
          "sensitive_attributes": [],
          "private": "eyJlMmJmYjczMC1lY2FhLTExZTYtOGY4OC0zNDM2M2JjN2M0YzAiOnsiY3JlYXRlIjoxODAwMDAwMDAwMDAwLCJkZWxldGUiOjE4MDAwMDAwMDAwMDAsInJlYWQiOjMwMDAwMDAwMDAwMCwidXBkYXRlIjoxODAwMDAwMDAwMDAwfX0=",
          "dependencies": [
            "azurerm_resource_group.security_outbound_rg",
            "azurerm_resource_group.spoke_local_rg",
            "module.security_outbound_vnet.azurerm_virtual_network.main",
            "module.spoke_local_vnet.azurerm_virtual_network.main"
          ]
        }
      ]
    },
    {
      "mode": "managed",
      "type": "azurerm_virtual_network_peering",
      "name": "spoke_local_to_security_outbound",
      "provider": "provider[\"registry.terraform.io/hashicorp/azurerm\"]",
      "instances": [
        {
          "schema_version": 0,
          "attributes": {
            "allow_forwarded_traffic": true,
            "allow_gateway_transit": false,
            "allow_virtual_network_access": true,
            "id": "/subscriptions/137c8c89-2b20-4f91-96df-ae87343bb016/resourceGroups/local-spoke-rg/providers/Microsoft.Network/virtualNetworks/local-spoke-vnet/virtualNetworkPeerings/local-spoke-vnet-security-outbound-vnet",
            "name": "local-spoke-vnet-security-outbound-vnet",
            "remote_virtual_network_id": "/subscriptions/137c8c89-2b20-4f91-96df-ae87343bb016/resourceGroups/security-outbound-rg/providers/Microsoft.Network/virtualNetworks/security-outbound-vnet",
            "resource_group_name": "local-spoke-rg",
            "timeouts": null,
            "use_remote_gateways": false,
            "virtual_network_name": "local-spoke-vnet"
          },
          "sensitive_attributes": [],
          "private": "eyJlMmJmYjczMC1lY2FhLTExZTYtOGY4OC0zNDM2M2JjN2M0YzAiOnsiY3JlYXRlIjoxODAwMDAwMDAwMDAwLCJkZWxldGUiOjE4MDAwMDAwMDAwMDAsInJlYWQiOjMwMDAwMDAwMDAwMCwidXBkYXRlIjoxODAwMDAwMDAwMDAwfX0=",
          "dependencies": [
            "azurerm_resource_group.security_outbound_rg",
            "azurerm_resource_group.spoke_local_rg",
            "module.security_outbound_vnet.azurerm_virtual_network.main",
            "module.spoke_local_vnet.azurerm_virtual_network.main"
          ]
        }
      ]
    },
    {
      "mode": "managed",
      "type": "azurerm_virtual_wan",
      "name": "wan",
      "provider": "provider[\"registry.terraform.io/hashicorp/azurerm\"]",
      "instances": [
        {
          "schema_version": 0,
          "attributes": {
            "allow_branch_to_branch_traffic": true,
            "allow_vnet_to_vnet_traffic": false,
            "disable_vpn_encryption": false,
            "id": "/subscriptions/137c8c89-2b20-4f91-96df-ae87343bb016/resourceGroups/virtual-wan-rg/providers/Microsoft.Network/virtualWans/virtual-wan",
            "location": "eastus",
            "name": "virtual-wan",
            "office365_local_breakout_category": "None",
            "resource_group_name": "virtual-wan-rg",
            "tags": null,
            "timeouts": null,
            "type": "Standard"
          },
          "sensitive_attributes": [],
          "private": "eyJlMmJmYjczMC1lY2FhLTExZTYtOGY4OC0zNDM2M2JjN2M0YzAiOnsiY3JlYXRlIjoxODAwMDAwMDAwMDAwLCJkZWxldGUiOjE4MDAwMDAwMDAwMDAsInJlYWQiOjMwMDAwMDAwMDAwMCwidXBkYXRlIjoxODAwMDAwMDAwMDAwfX0=",
          "dependencies": [
            "azurerm_resource_group.wan"
          ]
        }
      ]
    },
    {
      "mode": "managed",
      "type": "random_string",
      "name": "security_inbound",
      "provider": "provider[\"registry.terraform.io/hashicorp/random\"]",
      "instances": [
        {
          "schema_version": 1,
          "attributes": {
            "id": "1130394g7r3bqd6",
            "keepers": null,
            "length": 15,
            "lower": true,
            "min_lower": 5,
            "min_numeric": 10,
            "min_special": 0,
            "min_upper": 0,
            "number": true,
            "override_special": null,
            "result": "1130394g7r3bqd6",
            "special": false,
            "upper": true
          },
          "sensitive_attributes": [],
          "private": "eyJzY2hlbWFfdmVyc2lvbiI6IjEifQ=="
        }
      ]
    },
    {
      "mode": "managed",
      "type": "random_string",
      "name": "security_outbound",
      "provider": "provider[\"registry.terraform.io/hashicorp/random\"]",
      "instances": [
        {
          "schema_version": 1,
          "attributes": {
            "id": "350e22il9r5672l",
            "keepers": null,
            "length": 15,
            "lower": true,
            "min_lower": 5,
            "min_numeric": 10,
            "min_special": 0,
            "min_upper": 0,
            "number": true,
            "override_special": null,
            "result": "350e22il9r5672l",
            "special": false,
            "upper": true
          },
          "sensitive_attributes": [],
          "private": "eyJzY2hlbWFfdmVyc2lvbiI6IjEifQ=="
        }
      ]
    },
    {
      "module": "module.security_inbound_extlb",
      "mode": "managed",
      "type": "azurerm_lb",
      "name": "main",
      "provider": "provider[\"registry.terraform.io/hashicorp/azurerm\"]",
      "instances": [
        {
          "schema_version": 0,
          "attributes": {
            "frontend_ip_configuration": [
              {
                "id": "/subscriptions/137c8c89-2b20-4f91-96df-ae87343bb016/resourceGroups/security-inbound-rg/providers/Microsoft.Network/loadBalancers/security-inbound-public-lb/frontendIPConfigurations/LoadBalancerFrontEnd",
                "inbound_nat_rules": [],
                "load_balancer_rules": [],
                "name": "LoadBalancerFrontEnd",
                "outbound_rules": [],
                "private_ip_address": "",
                "private_ip_address_allocation": "Dynamic",
                "private_ip_address_version": "IPv4",
                "public_ip_address_id": "/subscriptions/137c8c89-2b20-4f91-96df-ae87343bb016/resourceGroups/security-inbound-rg/providers/Microsoft.Network/publicIPAddresses/security-inbound-public-lb-pip",
                "public_ip_prefix_id": "",
                "subnet_id": "",
                "zones": null
              }
            ],
            "id": "/subscriptions/137c8c89-2b20-4f91-96df-ae87343bb016/resourceGroups/security-inbound-rg/providers/Microsoft.Network/loadBalancers/security-inbound-public-lb",
            "location": "eastus",
            "name": "security-inbound-public-lb",
            "private_ip_address": "",
            "private_ip_addresses": [],
            "resource_group_name": "security-inbound-rg",
            "sku": "Standard",
            "tags": null,
            "timeouts": null
          },
          "sensitive_attributes": [],
          "private": "eyJlMmJmYjczMC1lY2FhLTExZTYtOGY4OC0zNDM2M2JjN2M0YzAiOnsiY3JlYXRlIjoxODAwMDAwMDAwMDAwLCJkZWxldGUiOjE4MDAwMDAwMDAwMDAsInJlYWQiOjMwMDAwMDAwMDAwMCwidXBkYXRlIjoxODAwMDAwMDAwMDAwfX0=",
          "dependencies": [
            "azurerm_resource_group.security_inbound_rg",
            "module.security_inbound_extlb.azurerm_public_ip.main"
          ]
        }
      ]
    },
    {
      "module": "module.security_inbound_extlb",
      "mode": "managed",
      "type": "azurerm_lb_backend_address_pool",
      "name": "main",
      "provider": "provider[\"registry.terraform.io/hashicorp/azurerm\"]",
      "instances": [
        {
          "schema_version": 0,
          "attributes": {
            "backend_address": [],
            "backend_ip_configurations": [],
            "id": "/subscriptions/137c8c89-2b20-4f91-96df-ae87343bb016/resourceGroups/security-inbound-rg/providers/Microsoft.Network/loadBalancers/security-inbound-public-lb/backendAddressPools/LoadBalancerBackendPool",
            "load_balancing_rules": [],
            "loadbalancer_id": "/subscriptions/137c8c89-2b20-4f91-96df-ae87343bb016/resourceGroups/security-inbound-rg/providers/Microsoft.Network/loadBalancers/security-inbound-public-lb",
            "name": "LoadBalancerBackendPool",
            "outbound_rules": [],
            "resource_group_name": "security-inbound-rg",
            "timeouts": null
          },
          "sensitive_attributes": [],
          "private": "eyJlMmJmYjczMC1lY2FhLTExZTYtOGY4OC0zNDM2M2JjN2M0YzAiOnsiY3JlYXRlIjoxODAwMDAwMDAwMDAwLCJkZWxldGUiOjE4MDAwMDAwMDAwMDAsInJlYWQiOjMwMDAwMDAwMDAwMCwidXBkYXRlIjoxODAwMDAwMDAwMDAwfX0=",
          "dependencies": [
            "azurerm_resource_group.security_inbound_rg",
            "module.security_inbound_extlb.azurerm_lb.main",
            "module.security_inbound_extlb.azurerm_public_ip.main"
          ]
        }
      ]
    },
    {
      "module": "module.security_inbound_extlb",
      "mode": "managed",
      "type": "azurerm_lb_probe",
      "name": "main",
      "provider": "provider[\"registry.terraform.io/hashicorp/azurerm\"]",
      "instances": [
        {
          "index_key": 0,
          "schema_version": 0,
          "attributes": {
            "id": "/subscriptions/137c8c89-2b20-4f91-96df-ae87343bb016/resourceGroups/security-inbound-rg/providers/Microsoft.Network/loadBalancers/security-inbound-public-lb/probes/HealthProbe-22",
            "interval_in_seconds": 15,
            "load_balancer_rules": [],
            "loadbalancer_id": "/subscriptions/137c8c89-2b20-4f91-96df-ae87343bb016/resourceGroups/security-inbound-rg/providers/Microsoft.Network/loadBalancers/security-inbound-public-lb",
            "name": "HealthProbe-22",
            "number_of_probes": 2,
            "port": 22,
            "protocol": "Tcp",
            "request_path": "",
            "resource_group_name": "security-inbound-rg",
            "timeouts": null
          },
          "sensitive_attributes": [],
          "private": "eyJlMmJmYjczMC1lY2FhLTExZTYtOGY4OC0zNDM2M2JjN2M0YzAiOnsiY3JlYXRlIjoxODAwMDAwMDAwMDAwLCJkZWxldGUiOjE4MDAwMDAwMDAwMDAsInJlYWQiOjMwMDAwMDAwMDAwMCwidXBkYXRlIjoxODAwMDAwMDAwMDAwfX0=",
          "dependencies": [
            "azurerm_resource_group.security_inbound_rg",
            "module.security_inbound_extlb.azurerm_lb.main",
            "module.security_inbound_extlb.azurerm_public_ip.main"
          ]
        }
      ]
    },
    {
      "module": "module.security_inbound_extlb",
      "mode": "managed",
      "type": "azurerm_lb_rule",
      "name": "main",
      "provider": "provider[\"registry.terraform.io/hashicorp/azurerm\"]",
      "instances": [
        {
          "index_key": 0,
          "schema_version": 0,
          "attributes": {
            "backend_address_pool_id": "/subscriptions/137c8c89-2b20-4f91-96df-ae87343bb016/resourceGroups/security-inbound-rg/providers/Microsoft.Network/loadBalancers/security-inbound-public-lb/backendAddressPools/LoadBalancerBackendPool",
            "backend_port": 80,
            "disable_outbound_snat": false,
            "enable_floating_ip": true,
            "enable_tcp_reset": false,
            "frontend_ip_configuration_id": "/subscriptions/137c8c89-2b20-4f91-96df-ae87343bb016/resourceGroups/security-inbound-rg/providers/Microsoft.Network/loadBalancers/security-inbound-public-lb/frontendIPConfigurations/LoadBalancerFrontEnd",
            "frontend_ip_configuration_name": "LoadBalancerFrontEnd",
            "frontend_port": 80,
            "id": "/subscriptions/137c8c89-2b20-4f91-96df-ae87343bb016/resourceGroups/security-inbound-rg/providers/Microsoft.Network/loadBalancers/security-inbound-public-lb/loadBalancingRules/rule-0",
            "idle_timeout_in_minutes": 4,
            "load_distribution": "Default",
            "loadbalancer_id": "/subscriptions/137c8c89-2b20-4f91-96df-ae87343bb016/resourceGroups/security-inbound-rg/providers/Microsoft.Network/loadBalancers/security-inbound-public-lb",
            "name": "rule-0",
            "probe_id": "/subscriptions/137c8c89-2b20-4f91-96df-ae87343bb016/resourceGroups/security-inbound-rg/providers/Microsoft.Network/loadBalancers/security-inbound-public-lb/probes/HealthProbe-22",
            "protocol": "Tcp",
            "resource_group_name": "security-inbound-rg",
            "timeouts": null
          },
          "sensitive_attributes": [],
          "private": "eyJlMmJmYjczMC1lY2FhLTExZTYtOGY4OC0zNDM2M2JjN2M0YzAiOnsiY3JlYXRlIjoxODAwMDAwMDAwMDAwLCJkZWxldGUiOjE4MDAwMDAwMDAwMDAsInJlYWQiOjMwMDAwMDAwMDAwMCwidXBkYXRlIjoxODAwMDAwMDAwMDAwfX0=",
          "dependencies": [
            "azurerm_resource_group.security_inbound_rg",
            "module.security_inbound_extlb.azurerm_lb.main",
            "module.security_inbound_extlb.azurerm_lb_backend_address_pool.main",
            "module.security_inbound_extlb.azurerm_lb_probe.main",
            "module.security_inbound_extlb.azurerm_public_ip.main"
          ]
        },
        {
          "index_key": 1,
          "schema_version": 0,
          "attributes": {
            "backend_address_pool_id": "/subscriptions/137c8c89-2b20-4f91-96df-ae87343bb016/resourceGroups/security-inbound-rg/providers/Microsoft.Network/loadBalancers/security-inbound-public-lb/backendAddressPools/LoadBalancerBackendPool",
            "backend_port": 22,
            "disable_outbound_snat": false,
            "enable_floating_ip": true,
            "enable_tcp_reset": false,
            "frontend_ip_configuration_id": "/subscriptions/137c8c89-2b20-4f91-96df-ae87343bb016/resourceGroups/security-inbound-rg/providers/Microsoft.Network/loadBalancers/security-inbound-public-lb/frontendIPConfigurations/LoadBalancerFrontEnd",
            "frontend_ip_configuration_name": "LoadBalancerFrontEnd",
            "frontend_port": 22,
            "id": "/subscriptions/137c8c89-2b20-4f91-96df-ae87343bb016/resourceGroups/security-inbound-rg/providers/Microsoft.Network/loadBalancers/security-inbound-public-lb/loadBalancingRules/rule-1",
            "idle_timeout_in_minutes": 4,
            "load_distribution": "Default",
            "loadbalancer_id": "/subscriptions/137c8c89-2b20-4f91-96df-ae87343bb016/resourceGroups/security-inbound-rg/providers/Microsoft.Network/loadBalancers/security-inbound-public-lb",
            "name": "rule-1",
            "probe_id": "/subscriptions/137c8c89-2b20-4f91-96df-ae87343bb016/resourceGroups/security-inbound-rg/providers/Microsoft.Network/loadBalancers/security-inbound-public-lb/probes/HealthProbe-22",
            "protocol": "Tcp",
            "resource_group_name": "security-inbound-rg",
            "timeouts": null
          },
          "sensitive_attributes": [],
          "private": "eyJlMmJmYjczMC1lY2FhLTExZTYtOGY4OC0zNDM2M2JjN2M0YzAiOnsiY3JlYXRlIjoxODAwMDAwMDAwMDAwLCJkZWxldGUiOjE4MDAwMDAwMDAwMDAsInJlYWQiOjMwMDAwMDAwMDAwMCwidXBkYXRlIjoxODAwMDAwMDAwMDAwfX0=",
          "dependencies": [
            "azurerm_resource_group.security_inbound_rg",
            "module.security_inbound_extlb.azurerm_lb.main",
            "module.security_inbound_extlb.azurerm_lb_backend_address_pool.main",
            "module.security_inbound_extlb.azurerm_lb_probe.main",
            "module.security_inbound_extlb.azurerm_public_ip.main"
          ]
        },
        {
          "index_key": 2,
          "schema_version": 0,
          "attributes": {
            "backend_address_pool_id": "/subscriptions/137c8c89-2b20-4f91-96df-ae87343bb016/resourceGroups/security-inbound-rg/providers/Microsoft.Network/loadBalancers/security-inbound-public-lb/backendAddressPools/LoadBalancerBackendPool",
            "backend_port": 443,
            "disable_outbound_snat": false,
            "enable_floating_ip": true,
            "enable_tcp_reset": false,
            "frontend_ip_configuration_id": "/subscriptions/137c8c89-2b20-4f91-96df-ae87343bb016/resourceGroups/security-inbound-rg/providers/Microsoft.Network/loadBalancers/security-inbound-public-lb/frontendIPConfigurations/LoadBalancerFrontEnd",
            "frontend_ip_configuration_name": "LoadBalancerFrontEnd",
            "frontend_port": 443,
            "id": "/subscriptions/137c8c89-2b20-4f91-96df-ae87343bb016/resourceGroups/security-inbound-rg/providers/Microsoft.Network/loadBalancers/security-inbound-public-lb/loadBalancingRules/rule-2",
            "idle_timeout_in_minutes": 4,
            "load_distribution": "Default",
            "loadbalancer_id": "/subscriptions/137c8c89-2b20-4f91-96df-ae87343bb016/resourceGroups/security-inbound-rg/providers/Microsoft.Network/loadBalancers/security-inbound-public-lb",
            "name": "rule-2",
            "probe_id": "/subscriptions/137c8c89-2b20-4f91-96df-ae87343bb016/resourceGroups/security-inbound-rg/providers/Microsoft.Network/loadBalancers/security-inbound-public-lb/probes/HealthProbe-22",
            "protocol": "Tcp",
            "resource_group_name": "security-inbound-rg",
            "timeouts": null
          },
          "sensitive_attributes": [],
          "private": "eyJlMmJmYjczMC1lY2FhLTExZTYtOGY4OC0zNDM2M2JjN2M0YzAiOnsiY3JlYXRlIjoxODAwMDAwMDAwMDAwLCJkZWxldGUiOjE4MDAwMDAwMDAwMDAsInJlYWQiOjMwMDAwMDAwMDAwMCwidXBkYXRlIjoxODAwMDAwMDAwMDAwfX0=",
          "dependencies": [
            "azurerm_resource_group.security_inbound_rg",
            "module.security_inbound_extlb.azurerm_lb.main",
            "module.security_inbound_extlb.azurerm_lb_backend_address_pool.main",
            "module.security_inbound_extlb.azurerm_lb_probe.main",
            "module.security_inbound_extlb.azurerm_public_ip.main"
          ]
        }
      ]
    },
    {
      "module": "module.security_inbound_extlb",
      "mode": "managed",
      "type": "azurerm_network_interface_backend_address_pool_association",
      "name": "main",
      "provider": "provider[\"registry.terraform.io/hashicorp/azurerm\"]",
      "instances": [
        {
          "index_key": 0,
          "schema_version": 0,
          "attributes": {
            "backend_address_pool_id": "/subscriptions/137c8c89-2b20-4f91-96df-ae87343bb016/resourceGroups/security-inbound-rg/providers/Microsoft.Network/loadBalancers/security-inbound-public-lb/backendAddressPools/LoadBalancerBackendPool",
            "id": "/subscriptions/137c8c89-2b20-4f91-96df-ae87343bb016/resourceGroups/security-inbound-rg/providers/Microsoft.Network/networkInterfaces/security-inbound-vm1-nic1/ipConfigurations/ipconfig1|/subscriptions/137c8c89-2b20-4f91-96df-ae87343bb016/resourceGroups/security-inbound-rg/providers/Microsoft.Network/loadBalancers/security-inbound-public-lb/backendAddressPools/LoadBalancerBackendPool",
            "ip_configuration_name": "ipconfig1",
            "network_interface_id": "/subscriptions/137c8c89-2b20-4f91-96df-ae87343bb016/resourceGroups/security-inbound-rg/providers/Microsoft.Network/networkInterfaces/security-inbound-vm1-nic1",
            "timeouts": null
          },
          "sensitive_attributes": [],
          "private": "eyJlMmJmYjczMC1lY2FhLTExZTYtOGY4OC0zNDM2M2JjN2M0YzAiOnsiY3JlYXRlIjoxODAwMDAwMDAwMDAwLCJkZWxldGUiOjE4MDAwMDAwMDAwMDAsInJlYWQiOjMwMDAwMDAwMDAwMCwidXBkYXRlIjoxODAwMDAwMDAwMDAwfX0=",
          "dependencies": [
            "azurerm_resource_group.security_inbound_rg",
            "module.security_inbound_extlb.azurerm_lb.main",
            "module.security_inbound_extlb.azurerm_lb_backend_address_pool.main",
            "module.security_inbound_extlb.azurerm_public_ip.main",
            "module.security_inbound_fw.azurerm_network_interface.nic1",
            "module.security_inbound_fw.azurerm_public_ip.nic1",
            "module.security_inbound_vnet.azurerm_subnet.main",
            "module.security_inbound_vnet.azurerm_virtual_network.main"
          ]
        },
        {
          "index_key": 1,
          "schema_version": 0,
          "attributes": {
            "backend_address_pool_id": "/subscriptions/137c8c89-2b20-4f91-96df-ae87343bb016/resourceGroups/security-inbound-rg/providers/Microsoft.Network/loadBalancers/security-inbound-public-lb/backendAddressPools/LoadBalancerBackendPool",
            "id": "/subscriptions/137c8c89-2b20-4f91-96df-ae87343bb016/resourceGroups/security-inbound-rg/providers/Microsoft.Network/networkInterfaces/security-inbound-vm2-nic1/ipConfigurations/ipconfig1|/subscriptions/137c8c89-2b20-4f91-96df-ae87343bb016/resourceGroups/security-inbound-rg/providers/Microsoft.Network/loadBalancers/security-inbound-public-lb/backendAddressPools/LoadBalancerBackendPool",
            "ip_configuration_name": "ipconfig1",
            "network_interface_id": "/subscriptions/137c8c89-2b20-4f91-96df-ae87343bb016/resourceGroups/security-inbound-rg/providers/Microsoft.Network/networkInterfaces/security-inbound-vm2-nic1",
            "timeouts": null
          },
          "sensitive_attributes": [],
          "private": "eyJlMmJmYjczMC1lY2FhLTExZTYtOGY4OC0zNDM2M2JjN2M0YzAiOnsiY3JlYXRlIjoxODAwMDAwMDAwMDAwLCJkZWxldGUiOjE4MDAwMDAwMDAwMDAsInJlYWQiOjMwMDAwMDAwMDAwMCwidXBkYXRlIjoxODAwMDAwMDAwMDAwfX0=",
          "dependencies": [
            "azurerm_resource_group.security_inbound_rg",
            "module.security_inbound_extlb.azurerm_lb.main",
            "module.security_inbound_extlb.azurerm_lb_backend_address_pool.main",
            "module.security_inbound_extlb.azurerm_public_ip.main",
            "module.security_inbound_fw.azurerm_network_interface.nic1",
            "module.security_inbound_fw.azurerm_public_ip.nic1",
            "module.security_inbound_vnet.azurerm_subnet.main",
            "module.security_inbound_vnet.azurerm_virtual_network.main"
          ]
        }
      ]
    },
    {
      "module": "module.security_inbound_extlb",
      "mode": "managed",
      "type": "azurerm_public_ip",
      "name": "main",
      "provider": "provider[\"registry.terraform.io/hashicorp/azurerm\"]",
      "instances": [
        {
          "index_key": 0,
          "schema_version": 0,
          "attributes": {
            "allocation_method": "Static",
            "domain_name_label": null,
            "fqdn": null,
            "id": "/subscriptions/137c8c89-2b20-4f91-96df-ae87343bb016/resourceGroups/security-inbound-rg/providers/Microsoft.Network/publicIPAddresses/security-inbound-public-lb-pip",
            "idle_timeout_in_minutes": 4,
            "ip_address": "20.75.134.197",
            "ip_version": "IPv4",
            "location": "eastus",
            "name": "security-inbound-public-lb-pip",
            "public_ip_prefix_id": null,
            "resource_group_name": "security-inbound-rg",
            "reverse_fqdn": null,
            "sku": "Standard",
            "tags": null,
            "timeouts": null,
            "zones": null
          },
          "sensitive_attributes": [],
          "private": "eyJlMmJmYjczMC1lY2FhLTExZTYtOGY4OC0zNDM2M2JjN2M0YzAiOnsiY3JlYXRlIjoxODAwMDAwMDAwMDAwLCJkZWxldGUiOjE4MDAwMDAwMDAwMDAsInJlYWQiOjMwMDAwMDAwMDAwMCwidXBkYXRlIjoxODAwMDAwMDAwMDAwfX0=",
          "dependencies": [
            "azurerm_resource_group.security_inbound_rg"
          ]
        }
      ]
    },
    {
      "module": "module.security_inbound_fileshare",
      "mode": "managed",
      "type": "azurerm_storage_share",
      "name": "main",
      "provider": "provider[\"registry.terraform.io/hashicorp/azurerm\"]",
      "instances": [
        {
          "schema_version": 2,
          "attributes": {
            "acl": [],
            "id": "https://inbound1130394g7r3bqd6.file.core.windows.net/security-inbound-bootstrap5650y5513r9yo5e",
            "metadata": {},
            "name": "security-inbound-bootstrap5650y5513r9yo5e",
            "quota": 1,
            "resource_manager_id": "/subscriptions/137c8c89-2b20-4f91-96df-ae87343bb016/resourceGroups/security-inbound-rg/providers/Microsoft.Storage/storageAccounts/inbound1130394g7r3bqd6/fileServices/default/shares/security-inbound-bootstrap5650y5513r9yo5e",
            "storage_account_name": "inbound1130394g7r3bqd6",
            "timeouts": null,
            "url": "https://inbound1130394g7r3bqd6.file.core.windows.net/security-inbound-bootstrap5650y5513r9yo5e"
          },
          "sensitive_attributes": [],
          "private": "eyJlMmJmYjczMC1lY2FhLTExZTYtOGY4OC0zNDM2M2JjN2M0YzAiOnsiY3JlYXRlIjoxODAwMDAwMDAwMDAwLCJkZWxldGUiOjE4MDAwMDAwMDAwMDAsInJlYWQiOjMwMDAwMDAwMDAwMCwidXBkYXRlIjoxODAwMDAwMDAwMDAwfSwic2NoZW1hX3ZlcnNpb24iOiIyIn0=",
          "dependencies": [
            "azurerm_resource_group.security_inbound_rg",
            "azurerm_storage_account.security_inbound_storage",
            "module.security_inbound_fileshare.random_string.randomstring",
            "random_string.security_inbound"
          ]
        }
      ]
    },
    {
      "module": "module.security_inbound_fileshare",
      "mode": "managed",
      "type": "null_resource",
      "name": "dependency_setter",
      "provider": "provider[\"registry.terraform.io/hashicorp/null\"]",
      "instances": [
        {
          "schema_version": 0,
          "attributes": {
            "id": "1249285908220024337",
            "triggers": null
          },
          "sensitive_attributes": [],
          "private": "bnVsbA==",
          "dependencies": [
            "azurerm_resource_group.security_inbound_rg",
            "azurerm_storage_account.security_inbound_storage",
            "module.security_inbound_fileshare.azurerm_storage_share.main",
            "module.security_inbound_fileshare.null_resource.upload",
            "module.security_inbound_fileshare.random_string.randomstring",
            "random_string.security_inbound"
          ]
        }
      ]
    },
    {
      "module": "module.security_inbound_fileshare",
      "mode": "managed",
      "type": "null_resource",
      "name": "upload",
      "provider": "provider[\"registry.terraform.io/hashicorp/null\"]",
      "instances": [
        {
          "schema_version": 0,
          "attributes": {
            "id": "1911125892431242817",
            "triggers": null
          },
          "sensitive_attributes": [],
          "private": "bnVsbA==",
          "dependencies": [
            "azurerm_resource_group.security_inbound_rg",
            "azurerm_storage_account.security_inbound_storage",
            "module.security_inbound_fileshare.azurerm_storage_share.main",
            "module.security_inbound_fileshare.random_string.randomstring",
            "random_string.security_inbound"
          ]
        }
      ]
    },
    {
      "module": "module.security_inbound_fileshare",
      "mode": "managed",
      "type": "random_string",
      "name": "randomstring",
      "provider": "provider[\"registry.terraform.io/hashicorp/random\"]",
      "instances": [
        {
          "schema_version": 1,
          "attributes": {
            "id": "5650y5513r9yo5e",
            "keepers": null,
            "length": 15,
            "lower": true,
            "min_lower": 5,
            "min_numeric": 10,
            "min_special": 0,
            "min_upper": 0,
            "number": true,
            "override_special": null,
            "result": "5650y5513r9yo5e",
            "special": false,
            "upper": true
          },
          "sensitive_attributes": [],
          "private": "eyJzY2hlbWFfdmVyc2lvbiI6IjEifQ=="
        }
      ]
    },
    {
      "module": "module.security_inbound_fw",
      "mode": "managed",
      "type": "azurerm_availability_set",
      "name": "default",
      "provider": "provider[\"registry.terraform.io/hashicorp/azurerm\"]",
      "instances": [
        {
          "schema_version": 0,
          "attributes": {
            "id": "/subscriptions/137c8c89-2b20-4f91-96df-ae87343bb016/resourceGroups/security-inbound-rg/providers/Microsoft.Compute/availabilitySets/security-inbound-avset",
            "location": "eastus",
            "managed": true,
            "name": "security-inbound-avset",
            "platform_fault_domain_count": 2,
            "platform_update_domain_count": 5,
            "proximity_placement_group_id": null,
            "resource_group_name": "security-inbound-rg",
            "tags": null,
            "timeouts": null
          },
          "sensitive_attributes": [],
          "private": "eyJlMmJmYjczMC1lY2FhLTExZTYtOGY4OC0zNDM2M2JjN2M0YzAiOnsiY3JlYXRlIjoxODAwMDAwMDAwMDAwLCJkZWxldGUiOjE4MDAwMDAwMDAwMDAsInJlYWQiOjMwMDAwMDAwMDAwMCwidXBkYXRlIjoxODAwMDAwMDAwMDAwfX0=",
          "dependencies": [
            "azurerm_resource_group.security_inbound_rg"
          ]
        }
      ]
    },
    {
      "module": "module.security_inbound_fw",
      "mode": "managed",
      "type": "azurerm_network_interface",
      "name": "nic0",
      "provider": "provider[\"registry.terraform.io/hashicorp/azurerm\"]",
      "instances": [
        {
          "index_key": 0,
          "schema_version": 0,
          "attributes": {
            "applied_dns_servers": [],
            "dns_servers": [],
            "enable_accelerated_networking": false,
            "enable_ip_forwarding": false,
            "id": "/subscriptions/137c8c89-2b20-4f91-96df-ae87343bb016/resourceGroups/security-inbound-rg/providers/Microsoft.Network/networkInterfaces/security-inbound-vm1-nic0",
            "internal_dns_name_label": "",
            "internal_domain_name_suffix": "aijgj1xtr5ee1lklckaodbprvd.bx.internal.cloudapp.net",
            "ip_configuration": [
              {
                "name": "ipconfig1",
                "primary": true,
                "private_ip_address": "192.168.0.4",
                "private_ip_address_allocation": "Dynamic",
                "private_ip_address_version": "IPv4",
                "public_ip_address_id": "/subscriptions/137c8c89-2b20-4f91-96df-ae87343bb016/resourceGroups/security-inbound-rg/providers/Microsoft.Network/publicIPAddresses/security-inbound-vm1-nic0-pip",
                "subnet_id": "/subscriptions/137c8c89-2b20-4f91-96df-ae87343bb016/resourceGroups/security-inbound-rg/providers/Microsoft.Network/virtualNetworks/security-inbound-vnet/subnets/mgmt"
              }
            ],
            "location": "eastus",
            "mac_address": "",
            "name": "security-inbound-vm1-nic0",
            "private_ip_address": "192.168.0.4",
            "private_ip_addresses": [
              "192.168.0.4"
            ],
            "resource_group_name": "security-inbound-rg",
            "tags": null,
            "timeouts": null,
            "virtual_machine_id": ""
          },
          "sensitive_attributes": [],
          "private": "eyJlMmJmYjczMC1lY2FhLTExZTYtOGY4OC0zNDM2M2JjN2M0YzAiOnsiY3JlYXRlIjoxODAwMDAwMDAwMDAwLCJkZWxldGUiOjE4MDAwMDAwMDAwMDAsInJlYWQiOjMwMDAwMDAwMDAwMCwidXBkYXRlIjoxODAwMDAwMDAwMDAwfX0=",
          "dependencies": [
            "azurerm_resource_group.security_inbound_rg",
            "module.security_inbound_fw.azurerm_public_ip.nic0",
            "module.security_inbound_vnet.azurerm_subnet.main",
            "module.security_inbound_vnet.azurerm_virtual_network.main"
          ]
        },
        {
          "index_key": 1,
          "schema_version": 0,
          "attributes": {
            "applied_dns_servers": [],
            "dns_servers": [],
            "enable_accelerated_networking": false,
            "enable_ip_forwarding": false,
            "id": "/subscriptions/137c8c89-2b20-4f91-96df-ae87343bb016/resourceGroups/security-inbound-rg/providers/Microsoft.Network/networkInterfaces/security-inbound-vm2-nic0",
            "internal_dns_name_label": "",
            "internal_domain_name_suffix": "aijgj1xtr5ee1lklckaodbprvd.bx.internal.cloudapp.net",
            "ip_configuration": [
              {
                "name": "ipconfig1",
                "primary": true,
                "private_ip_address": "192.168.0.5",
                "private_ip_address_allocation": "Dynamic",
                "private_ip_address_version": "IPv4",
                "public_ip_address_id": "/subscriptions/137c8c89-2b20-4f91-96df-ae87343bb016/resourceGroups/security-inbound-rg/providers/Microsoft.Network/publicIPAddresses/security-inbound-vm2-nic0-pip",
                "subnet_id": "/subscriptions/137c8c89-2b20-4f91-96df-ae87343bb016/resourceGroups/security-inbound-rg/providers/Microsoft.Network/virtualNetworks/security-inbound-vnet/subnets/mgmt"
              }
            ],
            "location": "eastus",
            "mac_address": "",
            "name": "security-inbound-vm2-nic0",
            "private_ip_address": "192.168.0.5",
            "private_ip_addresses": [
              "192.168.0.5"
            ],
            "resource_group_name": "security-inbound-rg",
            "tags": null,
            "timeouts": null,
            "virtual_machine_id": ""
          },
          "sensitive_attributes": [],
          "private": "eyJlMmJmYjczMC1lY2FhLTExZTYtOGY4OC0zNDM2M2JjN2M0YzAiOnsiY3JlYXRlIjoxODAwMDAwMDAwMDAwLCJkZWxldGUiOjE4MDAwMDAwMDAwMDAsInJlYWQiOjMwMDAwMDAwMDAwMCwidXBkYXRlIjoxODAwMDAwMDAwMDAwfX0=",
          "dependencies": [
            "azurerm_resource_group.security_inbound_rg",
            "module.security_inbound_fw.azurerm_public_ip.nic0",
            "module.security_inbound_vnet.azurerm_subnet.main",
            "module.security_inbound_vnet.azurerm_virtual_network.main"
          ]
        }
      ]
    },
    {
      "module": "module.security_inbound_fw",
      "mode": "managed",
      "type": "azurerm_network_interface",
      "name": "nic1",
      "provider": "provider[\"registry.terraform.io/hashicorp/azurerm\"]",
      "instances": [
        {
          "index_key": 0,
          "schema_version": 0,
          "attributes": {
            "applied_dns_servers": [],
            "dns_servers": [],
            "enable_accelerated_networking": false,
            "enable_ip_forwarding": true,
            "id": "/subscriptions/137c8c89-2b20-4f91-96df-ae87343bb016/resourceGroups/security-inbound-rg/providers/Microsoft.Network/networkInterfaces/security-inbound-vm1-nic1",
            "internal_dns_name_label": "",
            "internal_domain_name_suffix": "aijgj1xtr5ee1lklckaodbprvd.bx.internal.cloudapp.net",
            "ip_configuration": [
              {
                "name": "ipconfig1",
                "primary": true,
                "private_ip_address": "192.168.1.5",
                "private_ip_address_allocation": "Dynamic",
                "private_ip_address_version": "IPv4",
                "public_ip_address_id": "",
                "subnet_id": "/subscriptions/137c8c89-2b20-4f91-96df-ae87343bb016/resourceGroups/security-inbound-rg/providers/Microsoft.Network/virtualNetworks/security-inbound-vnet/subnets/untrust"
              }
            ],
            "location": "eastus",
            "mac_address": "",
            "name": "security-inbound-vm1-nic1",
            "private_ip_address": "192.168.1.5",
            "private_ip_addresses": [
              "192.168.1.5"
            ],
            "resource_group_name": "security-inbound-rg",
            "tags": null,
            "timeouts": null,
            "virtual_machine_id": ""
          },
          "sensitive_attributes": [],
          "private": "eyJlMmJmYjczMC1lY2FhLTExZTYtOGY4OC0zNDM2M2JjN2M0YzAiOnsiY3JlYXRlIjoxODAwMDAwMDAwMDAwLCJkZWxldGUiOjE4MDAwMDAwMDAwMDAsInJlYWQiOjMwMDAwMDAwMDAwMCwidXBkYXRlIjoxODAwMDAwMDAwMDAwfX0=",
          "dependencies": [
            "azurerm_resource_group.security_inbound_rg",
            "module.security_inbound_fw.azurerm_public_ip.nic1",
            "module.security_inbound_vnet.azurerm_subnet.main",
            "module.security_inbound_vnet.azurerm_virtual_network.main"
          ]
        },
        {
          "index_key": 1,
          "schema_version": 0,
          "attributes": {
            "applied_dns_servers": [],
            "dns_servers": [],
            "enable_accelerated_networking": false,
            "enable_ip_forwarding": true,
            "id": "/subscriptions/137c8c89-2b20-4f91-96df-ae87343bb016/resourceGroups/security-inbound-rg/providers/Microsoft.Network/networkInterfaces/security-inbound-vm2-nic1",
            "internal_dns_name_label": "",
            "internal_domain_name_suffix": "aijgj1xtr5ee1lklckaodbprvd.bx.internal.cloudapp.net",
            "ip_configuration": [
              {
                "name": "ipconfig1",
                "primary": true,
                "private_ip_address": "192.168.1.4",
                "private_ip_address_allocation": "Dynamic",
                "private_ip_address_version": "IPv4",
                "public_ip_address_id": "",
                "subnet_id": "/subscriptions/137c8c89-2b20-4f91-96df-ae87343bb016/resourceGroups/security-inbound-rg/providers/Microsoft.Network/virtualNetworks/security-inbound-vnet/subnets/untrust"
              }
            ],
            "location": "eastus",
            "mac_address": "",
            "name": "security-inbound-vm2-nic1",
            "private_ip_address": "192.168.1.4",
            "private_ip_addresses": [
              "192.168.1.4"
            ],
            "resource_group_name": "security-inbound-rg",
            "tags": null,
            "timeouts": null,
            "virtual_machine_id": ""
          },
          "sensitive_attributes": [],
          "private": "eyJlMmJmYjczMC1lY2FhLTExZTYtOGY4OC0zNDM2M2JjN2M0YzAiOnsiY3JlYXRlIjoxODAwMDAwMDAwMDAwLCJkZWxldGUiOjE4MDAwMDAwMDAwMDAsInJlYWQiOjMwMDAwMDAwMDAwMCwidXBkYXRlIjoxODAwMDAwMDAwMDAwfX0=",
          "dependencies": [
            "azurerm_resource_group.security_inbound_rg",
            "module.security_inbound_fw.azurerm_public_ip.nic1",
            "module.security_inbound_vnet.azurerm_subnet.main",
            "module.security_inbound_vnet.azurerm_virtual_network.main"
          ]
        }
      ]
    },
    {
      "module": "module.security_inbound_fw",
      "mode": "managed",
      "type": "azurerm_network_interface",
      "name": "nic2",
      "provider": "provider[\"registry.terraform.io/hashicorp/azurerm\"]",
      "instances": [
        {
          "index_key": 0,
          "schema_version": 0,
          "attributes": {
            "applied_dns_servers": [],
            "dns_servers": [],
            "enable_accelerated_networking": false,
            "enable_ip_forwarding": true,
            "id": "/subscriptions/137c8c89-2b20-4f91-96df-ae87343bb016/resourceGroups/security-inbound-rg/providers/Microsoft.Network/networkInterfaces/security-inbound-vm1-nic2",
            "internal_dns_name_label": "",
            "internal_domain_name_suffix": "aijgj1xtr5ee1lklckaodbprvd.bx.internal.cloudapp.net",
            "ip_configuration": [
              {
                "name": "ipconfig1",
                "primary": true,
                "private_ip_address": "192.168.2.4",
                "private_ip_address_allocation": "Dynamic",
                "private_ip_address_version": "IPv4",
                "public_ip_address_id": "",
                "subnet_id": "/subscriptions/137c8c89-2b20-4f91-96df-ae87343bb016/resourceGroups/security-inbound-rg/providers/Microsoft.Network/virtualNetworks/security-inbound-vnet/subnets/trust"
              }
            ],
            "location": "eastus",
            "mac_address": "",
            "name": "security-inbound-vm1-nic2",
            "private_ip_address": "192.168.2.4",
            "private_ip_addresses": [
              "192.168.2.4"
            ],
            "resource_group_name": "security-inbound-rg",
            "tags": null,
            "timeouts": null,
            "virtual_machine_id": ""
          },
          "sensitive_attributes": [],
          "private": "eyJlMmJmYjczMC1lY2FhLTExZTYtOGY4OC0zNDM2M2JjN2M0YzAiOnsiY3JlYXRlIjoxODAwMDAwMDAwMDAwLCJkZWxldGUiOjE4MDAwMDAwMDAwMDAsInJlYWQiOjMwMDAwMDAwMDAwMCwidXBkYXRlIjoxODAwMDAwMDAwMDAwfX0=",
          "dependencies": [
            "azurerm_resource_group.security_inbound_rg",
            "module.security_inbound_fw.azurerm_public_ip.nic2",
            "module.security_inbound_vnet.azurerm_subnet.main",
            "module.security_inbound_vnet.azurerm_virtual_network.main"
          ]
        },
        {
          "index_key": 1,
          "schema_version": 0,
          "attributes": {
            "applied_dns_servers": [],
            "dns_servers": [],
            "enable_accelerated_networking": false,
            "enable_ip_forwarding": true,
            "id": "/subscriptions/137c8c89-2b20-4f91-96df-ae87343bb016/resourceGroups/security-inbound-rg/providers/Microsoft.Network/networkInterfaces/security-inbound-vm2-nic2",
            "internal_dns_name_label": "",
            "internal_domain_name_suffix": "aijgj1xtr5ee1lklckaodbprvd.bx.internal.cloudapp.net",
            "ip_configuration": [
              {
                "name": "ipconfig1",
                "primary": true,
                "private_ip_address": "192.168.2.5",
                "private_ip_address_allocation": "Dynamic",
                "private_ip_address_version": "IPv4",
                "public_ip_address_id": "",
                "subnet_id": "/subscriptions/137c8c89-2b20-4f91-96df-ae87343bb016/resourceGroups/security-inbound-rg/providers/Microsoft.Network/virtualNetworks/security-inbound-vnet/subnets/trust"
              }
            ],
            "location": "eastus",
            "mac_address": "",
            "name": "security-inbound-vm2-nic2",
            "private_ip_address": "192.168.2.5",
            "private_ip_addresses": [
              "192.168.2.5"
            ],
            "resource_group_name": "security-inbound-rg",
            "tags": null,
            "timeouts": null,
            "virtual_machine_id": ""
          },
          "sensitive_attributes": [],
          "private": "eyJlMmJmYjczMC1lY2FhLTExZTYtOGY4OC0zNDM2M2JjN2M0YzAiOnsiY3JlYXRlIjoxODAwMDAwMDAwMDAwLCJkZWxldGUiOjE4MDAwMDAwMDAwMDAsInJlYWQiOjMwMDAwMDAwMDAwMCwidXBkYXRlIjoxODAwMDAwMDAwMDAwfX0=",
          "dependencies": [
            "azurerm_resource_group.security_inbound_rg",
            "module.security_inbound_fw.azurerm_public_ip.nic2",
            "module.security_inbound_vnet.azurerm_subnet.main",
            "module.security_inbound_vnet.azurerm_virtual_network.main"
          ]
        }
      ]
    },
    {
      "module": "module.security_inbound_fw",
      "mode": "managed",
      "type": "azurerm_network_interface_security_group_association",
      "name": "nic0",
      "provider": "provider[\"registry.terraform.io/hashicorp/azurerm\"]",
      "instances": [
        {
          "index_key": 0,
          "schema_version": 0,
          "attributes": {
            "id": "/subscriptions/137c8c89-2b20-4f91-96df-ae87343bb016/resourceGroups/security-inbound-rg/providers/Microsoft.Network/networkInterfaces/security-inbound-vm1-nic0|/subscriptions/137c8c89-2b20-4f91-96df-ae87343bb016/resourceGroups/security-inbound-rg/providers/Microsoft.Network/networkSecurityGroups/security-inbound-vm-nsg-mgmt",
            "network_interface_id": "/subscriptions/137c8c89-2b20-4f91-96df-ae87343bb016/resourceGroups/security-inbound-rg/providers/Microsoft.Network/networkInterfaces/security-inbound-vm1-nic0",
            "network_security_group_id": "/subscriptions/137c8c89-2b20-4f91-96df-ae87343bb016/resourceGroups/security-inbound-rg/providers/Microsoft.Network/networkSecurityGroups/security-inbound-vm-nsg-mgmt",
            "timeouts": null
          },
          "sensitive_attributes": [],
          "private": "eyJlMmJmYjczMC1lY2FhLTExZTYtOGY4OC0zNDM2M2JjN2M0YzAiOnsiY3JlYXRlIjoxODAwMDAwMDAwMDAwLCJkZWxldGUiOjE4MDAwMDAwMDAwMDAsInJlYWQiOjMwMDAwMDAwMDAwMCwidXBkYXRlIjoxODAwMDAwMDAwMDAwfX0=",
          "dependencies": [
            "azurerm_resource_group.security_inbound_rg",
            "module.security_inbound_fw.azurerm_network_interface.nic0",
            "module.security_inbound_fw.azurerm_network_security_group.mgmt",
            "module.security_inbound_fw.azurerm_public_ip.nic0",
            "module.security_inbound_vnet.azurerm_subnet.main",
            "module.security_inbound_vnet.azurerm_virtual_network.main"
          ]
        },
        {
          "index_key": 1,
          "schema_version": 0,
          "attributes": {
            "id": "/subscriptions/137c8c89-2b20-4f91-96df-ae87343bb016/resourceGroups/security-inbound-rg/providers/Microsoft.Network/networkInterfaces/security-inbound-vm2-nic0|/subscriptions/137c8c89-2b20-4f91-96df-ae87343bb016/resourceGroups/security-inbound-rg/providers/Microsoft.Network/networkSecurityGroups/security-inbound-vm-nsg-mgmt",
            "network_interface_id": "/subscriptions/137c8c89-2b20-4f91-96df-ae87343bb016/resourceGroups/security-inbound-rg/providers/Microsoft.Network/networkInterfaces/security-inbound-vm2-nic0",
            "network_security_group_id": "/subscriptions/137c8c89-2b20-4f91-96df-ae87343bb016/resourceGroups/security-inbound-rg/providers/Microsoft.Network/networkSecurityGroups/security-inbound-vm-nsg-mgmt",
            "timeouts": null
          },
          "sensitive_attributes": [],
          "private": "eyJlMmJmYjczMC1lY2FhLTExZTYtOGY4OC0zNDM2M2JjN2M0YzAiOnsiY3JlYXRlIjoxODAwMDAwMDAwMDAwLCJkZWxldGUiOjE4MDAwMDAwMDAwMDAsInJlYWQiOjMwMDAwMDAwMDAwMCwidXBkYXRlIjoxODAwMDAwMDAwMDAwfX0=",
          "dependencies": [
            "azurerm_resource_group.security_inbound_rg",
            "module.security_inbound_fw.azurerm_network_interface.nic0",
            "module.security_inbound_fw.azurerm_network_security_group.mgmt",
            "module.security_inbound_fw.azurerm_public_ip.nic0",
            "module.security_inbound_vnet.azurerm_subnet.main",
            "module.security_inbound_vnet.azurerm_virtual_network.main"
          ]
        }
      ]
    },
    {
      "module": "module.security_inbound_fw",
      "mode": "managed",
      "type": "azurerm_network_interface_security_group_association",
      "name": "nic1",
      "provider": "provider[\"registry.terraform.io/hashicorp/azurerm\"]",
      "instances": [
        {
          "index_key": 0,
          "schema_version": 0,
          "attributes": {
            "id": "/subscriptions/137c8c89-2b20-4f91-96df-ae87343bb016/resourceGroups/security-inbound-rg/providers/Microsoft.Network/networkInterfaces/security-inbound-vm1-nic1|/subscriptions/137c8c89-2b20-4f91-96df-ae87343bb016/resourceGroups/security-inbound-rg/providers/Microsoft.Network/networkSecurityGroups/security-inbound-vm-nsg-data",
            "network_interface_id": "/subscriptions/137c8c89-2b20-4f91-96df-ae87343bb016/resourceGroups/security-inbound-rg/providers/Microsoft.Network/networkInterfaces/security-inbound-vm1-nic1",
            "network_security_group_id": "/subscriptions/137c8c89-2b20-4f91-96df-ae87343bb016/resourceGroups/security-inbound-rg/providers/Microsoft.Network/networkSecurityGroups/security-inbound-vm-nsg-data",
            "timeouts": null
          },
          "sensitive_attributes": [],
          "private": "eyJlMmJmYjczMC1lY2FhLTExZTYtOGY4OC0zNDM2M2JjN2M0YzAiOnsiY3JlYXRlIjoxODAwMDAwMDAwMDAwLCJkZWxldGUiOjE4MDAwMDAwMDAwMDAsInJlYWQiOjMwMDAwMDAwMDAwMCwidXBkYXRlIjoxODAwMDAwMDAwMDAwfX0=",
          "dependencies": [
            "azurerm_resource_group.security_inbound_rg",
            "module.security_inbound_fw.azurerm_network_interface.nic1",
            "module.security_inbound_fw.azurerm_network_security_group.data",
            "module.security_inbound_fw.azurerm_public_ip.nic1",
            "module.security_inbound_vnet.azurerm_subnet.main",
            "module.security_inbound_vnet.azurerm_virtual_network.main"
          ]
        },
        {
          "index_key": 1,
          "schema_version": 0,
          "attributes": {
            "id": "/subscriptions/137c8c89-2b20-4f91-96df-ae87343bb016/resourceGroups/security-inbound-rg/providers/Microsoft.Network/networkInterfaces/security-inbound-vm2-nic1|/subscriptions/137c8c89-2b20-4f91-96df-ae87343bb016/resourceGroups/security-inbound-rg/providers/Microsoft.Network/networkSecurityGroups/security-inbound-vm-nsg-data",
            "network_interface_id": "/subscriptions/137c8c89-2b20-4f91-96df-ae87343bb016/resourceGroups/security-inbound-rg/providers/Microsoft.Network/networkInterfaces/security-inbound-vm2-nic1",
            "network_security_group_id": "/subscriptions/137c8c89-2b20-4f91-96df-ae87343bb016/resourceGroups/security-inbound-rg/providers/Microsoft.Network/networkSecurityGroups/security-inbound-vm-nsg-data",
            "timeouts": null
          },
          "sensitive_attributes": [],
          "private": "eyJlMmJmYjczMC1lY2FhLTExZTYtOGY4OC0zNDM2M2JjN2M0YzAiOnsiY3JlYXRlIjoxODAwMDAwMDAwMDAwLCJkZWxldGUiOjE4MDAwMDAwMDAwMDAsInJlYWQiOjMwMDAwMDAwMDAwMCwidXBkYXRlIjoxODAwMDAwMDAwMDAwfX0=",
          "dependencies": [
            "azurerm_resource_group.security_inbound_rg",
            "module.security_inbound_fw.azurerm_network_interface.nic1",
            "module.security_inbound_fw.azurerm_network_security_group.data",
            "module.security_inbound_fw.azurerm_public_ip.nic1",
            "module.security_inbound_vnet.azurerm_subnet.main",
            "module.security_inbound_vnet.azurerm_virtual_network.main"
          ]
        }
      ]
    },
    {
      "module": "module.security_inbound_fw",
      "mode": "managed",
      "type": "azurerm_network_interface_security_group_association",
      "name": "nic2",
      "provider": "provider[\"registry.terraform.io/hashicorp/azurerm\"]",
      "instances": [
        {
          "index_key": 0,
          "schema_version": 0,
          "attributes": {
            "id": "/subscriptions/137c8c89-2b20-4f91-96df-ae87343bb016/resourceGroups/security-inbound-rg/providers/Microsoft.Network/networkInterfaces/security-inbound-vm1-nic2|/subscriptions/137c8c89-2b20-4f91-96df-ae87343bb016/resourceGroups/security-inbound-rg/providers/Microsoft.Network/networkSecurityGroups/security-inbound-vm-nsg-data",
            "network_interface_id": "/subscriptions/137c8c89-2b20-4f91-96df-ae87343bb016/resourceGroups/security-inbound-rg/providers/Microsoft.Network/networkInterfaces/security-inbound-vm1-nic2",
            "network_security_group_id": "/subscriptions/137c8c89-2b20-4f91-96df-ae87343bb016/resourceGroups/security-inbound-rg/providers/Microsoft.Network/networkSecurityGroups/security-inbound-vm-nsg-data",
            "timeouts": null
          },
          "sensitive_attributes": [],
          "private": "eyJlMmJmYjczMC1lY2FhLTExZTYtOGY4OC0zNDM2M2JjN2M0YzAiOnsiY3JlYXRlIjoxODAwMDAwMDAwMDAwLCJkZWxldGUiOjE4MDAwMDAwMDAwMDAsInJlYWQiOjMwMDAwMDAwMDAwMCwidXBkYXRlIjoxODAwMDAwMDAwMDAwfX0=",
          "dependencies": [
            "azurerm_resource_group.security_inbound_rg",
            "module.security_inbound_fw.azurerm_network_interface.nic2",
            "module.security_inbound_fw.azurerm_network_security_group.data",
            "module.security_inbound_fw.azurerm_public_ip.nic2",
            "module.security_inbound_vnet.azurerm_subnet.main",
            "module.security_inbound_vnet.azurerm_virtual_network.main"
          ]
        },
        {
          "index_key": 1,
          "schema_version": 0,
          "attributes": {
            "id": "/subscriptions/137c8c89-2b20-4f91-96df-ae87343bb016/resourceGroups/security-inbound-rg/providers/Microsoft.Network/networkInterfaces/security-inbound-vm2-nic2|/subscriptions/137c8c89-2b20-4f91-96df-ae87343bb016/resourceGroups/security-inbound-rg/providers/Microsoft.Network/networkSecurityGroups/security-inbound-vm-nsg-data",
            "network_interface_id": "/subscriptions/137c8c89-2b20-4f91-96df-ae87343bb016/resourceGroups/security-inbound-rg/providers/Microsoft.Network/networkInterfaces/security-inbound-vm2-nic2",
            "network_security_group_id": "/subscriptions/137c8c89-2b20-4f91-96df-ae87343bb016/resourceGroups/security-inbound-rg/providers/Microsoft.Network/networkSecurityGroups/security-inbound-vm-nsg-data",
            "timeouts": null
          },
          "sensitive_attributes": [],
          "private": "eyJlMmJmYjczMC1lY2FhLTExZTYtOGY4OC0zNDM2M2JjN2M0YzAiOnsiY3JlYXRlIjoxODAwMDAwMDAwMDAwLCJkZWxldGUiOjE4MDAwMDAwMDAwMDAsInJlYWQiOjMwMDAwMDAwMDAwMCwidXBkYXRlIjoxODAwMDAwMDAwMDAwfX0=",
          "dependencies": [
            "azurerm_resource_group.security_inbound_rg",
            "module.security_inbound_fw.azurerm_network_interface.nic2",
            "module.security_inbound_fw.azurerm_network_security_group.data",
            "module.security_inbound_fw.azurerm_public_ip.nic2",
            "module.security_inbound_vnet.azurerm_subnet.main",
            "module.security_inbound_vnet.azurerm_virtual_network.main"
          ]
        }
      ]
    },
    {
      "module": "module.security_inbound_fw",
      "mode": "managed",
      "type": "azurerm_network_security_group",
      "name": "data",
      "provider": "provider[\"registry.terraform.io/hashicorp/azurerm\"]",
      "instances": [
        {
          "schema_version": 0,
          "attributes": {
            "id": "/subscriptions/137c8c89-2b20-4f91-96df-ae87343bb016/resourceGroups/security-inbound-rg/providers/Microsoft.Network/networkSecurityGroups/security-inbound-vm-nsg-data",
            "location": "eastus",
            "name": "security-inbound-vm-nsg-data",
            "resource_group_name": "security-inbound-rg",
            "security_rule": [
              {
                "access": "Allow",
                "description": "",
                "destination_address_prefix": "*",
                "destination_address_prefixes": [],
                "destination_application_security_group_ids": [],
                "destination_port_range": "*",
                "destination_port_ranges": [],
                "direction": "Inbound",
                "name": "data-inbound",
                "priority": 1000,
                "protocol": "*",
                "source_address_prefix": "*",
                "source_address_prefixes": [],
                "source_application_security_group_ids": [],
                "source_port_range": "*",
                "source_port_ranges": []
              },
              {
                "access": "Allow",
                "description": "",
                "destination_address_prefix": "*",
                "destination_address_prefixes": [],
                "destination_application_security_group_ids": [],
                "destination_port_range": "*",
                "destination_port_ranges": [],
                "direction": "Outbound",
                "name": "data-outbound",
                "priority": 1000,
                "protocol": "*",
                "source_address_prefix": "*",
                "source_address_prefixes": [],
                "source_application_security_group_ids": [],
                "source_port_range": "*",
                "source_port_ranges": []
              }
            ],
            "tags": null,
            "timeouts": null
          },
          "sensitive_attributes": [],
          "private": "eyJlMmJmYjczMC1lY2FhLTExZTYtOGY4OC0zNDM2M2JjN2M0YzAiOnsiY3JlYXRlIjoxODAwMDAwMDAwMDAwLCJkZWxldGUiOjE4MDAwMDAwMDAwMDAsInJlYWQiOjMwMDAwMDAwMDAwMCwidXBkYXRlIjoxODAwMDAwMDAwMDAwfX0=",
          "dependencies": [
            "azurerm_resource_group.security_inbound_rg"
          ]
        }
      ]
    },
    {
      "module": "module.security_inbound_fw",
      "mode": "managed",
      "type": "azurerm_network_security_group",
      "name": "mgmt",
      "provider": "provider[\"registry.terraform.io/hashicorp/azurerm\"]",
      "instances": [
        {
          "schema_version": 0,
          "attributes": {
            "id": "/subscriptions/137c8c89-2b20-4f91-96df-ae87343bb016/resourceGroups/security-inbound-rg/providers/Microsoft.Network/networkSecurityGroups/security-inbound-vm-nsg-mgmt",
            "location": "eastus",
            "name": "security-inbound-vm-nsg-mgmt",
            "resource_group_name": "security-inbound-rg",
            "security_rule": [
              {
                "access": "Allow",
                "description": "",
                "destination_address_prefix": "*",
                "destination_address_prefixes": [],
                "destination_application_security_group_ids": [],
                "destination_port_range": "",
                "destination_port_ranges": [
                  "22",
                  "443"
                ],
                "direction": "Inbound",
                "name": "mgmt-inbound",
                "priority": 1000,
                "protocol": "Tcp",
                "source_address_prefix": "0.0.0.0/0",
                "source_address_prefixes": [],
                "source_application_security_group_ids": [],
                "source_port_range": "*",
                "source_port_ranges": []
              }
            ],
            "tags": null,
            "timeouts": null
          },
          "sensitive_attributes": [],
          "private": "eyJlMmJmYjczMC1lY2FhLTExZTYtOGY4OC0zNDM2M2JjN2M0YzAiOnsiY3JlYXRlIjoxODAwMDAwMDAwMDAwLCJkZWxldGUiOjE4MDAwMDAwMDAwMDAsInJlYWQiOjMwMDAwMDAwMDAwMCwidXBkYXRlIjoxODAwMDAwMDAwMDAwfX0=",
          "dependencies": [
            "azurerm_resource_group.security_inbound_rg"
          ]
        }
      ]
    },
    {
      "module": "module.security_inbound_fw",
      "mode": "managed",
      "type": "azurerm_public_ip",
      "name": "nic0",
      "provider": "provider[\"registry.terraform.io/hashicorp/azurerm\"]",
      "instances": [
        {
          "index_key": 0,
          "schema_version": 0,
          "attributes": {
            "allocation_method": "Static",
            "domain_name_label": null,
            "fqdn": null,
            "id": "/subscriptions/137c8c89-2b20-4f91-96df-ae87343bb016/resourceGroups/security-inbound-rg/providers/Microsoft.Network/publicIPAddresses/security-inbound-vm1-nic0-pip",
            "idle_timeout_in_minutes": 4,
            "ip_address": "20.62.247.8",
            "ip_version": "IPv4",
            "location": "eastus",
            "name": "security-inbound-vm1-nic0-pip",
            "public_ip_prefix_id": null,
            "resource_group_name": "security-inbound-rg",
            "reverse_fqdn": null,
            "sku": "Standard",
            "tags": null,
            "timeouts": null,
            "zones": null
          },
          "sensitive_attributes": [],
          "private": "eyJlMmJmYjczMC1lY2FhLTExZTYtOGY4OC0zNDM2M2JjN2M0YzAiOnsiY3JlYXRlIjoxODAwMDAwMDAwMDAwLCJkZWxldGUiOjE4MDAwMDAwMDAwMDAsInJlYWQiOjMwMDAwMDAwMDAwMCwidXBkYXRlIjoxODAwMDAwMDAwMDAwfX0=",
          "dependencies": [
            "azurerm_resource_group.security_inbound_rg"
          ]
        },
        {
          "index_key": 1,
          "schema_version": 0,
          "attributes": {
            "allocation_method": "Static",
            "domain_name_label": null,
            "fqdn": null,
            "id": "/subscriptions/137c8c89-2b20-4f91-96df-ae87343bb016/resourceGroups/security-inbound-rg/providers/Microsoft.Network/publicIPAddresses/security-inbound-vm2-nic0-pip",
            "idle_timeout_in_minutes": 4,
            "ip_address": "20.75.134.203",
            "ip_version": "IPv4",
            "location": "eastus",
            "name": "security-inbound-vm2-nic0-pip",
            "public_ip_prefix_id": null,
            "resource_group_name": "security-inbound-rg",
            "reverse_fqdn": null,
            "sku": "Standard",
            "tags": null,
            "timeouts": null,
            "zones": null
          },
          "sensitive_attributes": [],
          "private": "eyJlMmJmYjczMC1lY2FhLTExZTYtOGY4OC0zNDM2M2JjN2M0YzAiOnsiY3JlYXRlIjoxODAwMDAwMDAwMDAwLCJkZWxldGUiOjE4MDAwMDAwMDAwMDAsInJlYWQiOjMwMDAwMDAwMDAwMCwidXBkYXRlIjoxODAwMDAwMDAwMDAwfX0=",
          "dependencies": [
            "azurerm_resource_group.security_inbound_rg"
          ]
        }
      ]
    },
    {
      "module": "module.security_inbound_fw",
      "mode": "managed",
      "type": "azurerm_virtual_machine",
      "name": "vmseries",
      "provider": "provider[\"registry.terraform.io/hashicorp/azurerm\"]",
      "instances": [
        {
          "index_key": 0,
          "schema_version": 0,
          "attributes": {
            "additional_capabilities": [],
            "availability_set_id": "/subscriptions/137c8c89-2b20-4f91-96df-ae87343bb016/resourcegroups/security-inbound-rg/providers/microsoft.compute/availabilitysets/security-inbound-avset",
            "boot_diagnostics": [],
            "delete_data_disks_on_termination": false,
            "delete_os_disk_on_termination": false,
            "id": "/subscriptions/137c8c89-2b20-4f91-96df-ae87343bb016/resourceGroups/security-inbound-rg/providers/Microsoft.Compute/virtualMachines/security-inbound-vm1",
            "identity": [],
            "license_type": null,
            "location": "eastus",
            "name": "security-inbound-vm1",
            "network_interface_ids": [
              "/subscriptions/137c8c89-2b20-4f91-96df-ae87343bb016/resourceGroups/security-inbound-rg/providers/Microsoft.Network/networkInterfaces/security-inbound-vm1-nic0",
              "/subscriptions/137c8c89-2b20-4f91-96df-ae87343bb016/resourceGroups/security-inbound-rg/providers/Microsoft.Network/networkInterfaces/security-inbound-vm1-nic1",
              "/subscriptions/137c8c89-2b20-4f91-96df-ae87343bb016/resourceGroups/security-inbound-rg/providers/Microsoft.Network/networkInterfaces/security-inbound-vm1-nic2"
            ],
            "os_profile": [
              {
                "admin_password": "Pal0Alt0@123",
                "admin_username": "paloalto",
                "computer_name": "security-inbound-vm1",
                "custom_data": "1b9343775bdbe63d46b3cd6a36909ef10207f167"
              }
            ],
            "os_profile_linux_config": [
              {
                "disable_password_authentication": false,
                "ssh_keys": []
              }
            ],
            "os_profile_secrets": [],
            "os_profile_windows_config": [],
            "plan": [
              {
                "name": "bundle1",
                "product": "vmseries-flex",
                "publisher": "paloaltonetworks"
              }
            ],
            "primary_network_interface_id": "/subscriptions/137c8c89-2b20-4f91-96df-ae87343bb016/resourceGroups/security-inbound-rg/providers/Microsoft.Network/networkInterfaces/security-inbound-vm1-nic0",
            "proximity_placement_group_id": null,
            "resource_group_name": "security-inbound-rg",
            "storage_data_disk": [],
            "storage_image_reference": [
              {
                "id": "",
                "offer": "vmseries-flex",
                "publisher": "paloaltonetworks",
                "sku": "bundle1",
                "version": "10.0.3"
              }
            ],
            "storage_os_disk": [
              {
                "caching": "ReadWrite",
                "create_option": "FromImage",
                "disk_size_gb": 60,
                "image_uri": "",
                "managed_disk_id": "/subscriptions/137c8c89-2b20-4f91-96df-ae87343bb016/resourceGroups/security-inbound-rg/providers/Microsoft.Compute/disks/security-inbound-vm1-osdisk",
                "managed_disk_type": "Standard_LRS",
                "name": "security-inbound-vm1-osdisk",
                "os_type": "Linux",
                "vhd_uri": "",
                "write_accelerator_enabled": false
              }
            ],
            "tags": null,
            "timeouts": null,
            "vm_size": "Standard_DS3_v2",
            "zones": null
          },
          "sensitive_attributes": [],
          "private": "eyJlMmJmYjczMC1lY2FhLTExZTYtOGY4OC0zNDM2M2JjN2M0YzAiOnsiY3JlYXRlIjozNjAwMDAwMDAwMDAwLCJkZWxldGUiOjM2MDAwMDAwMDAwMDAsInJlYWQiOjMwMDAwMDAwMDAwMCwidXBkYXRlIjozNjAwMDAwMDAwMDAwfX0=",
          "dependencies": [
            "azurerm_resource_group.security_inbound_rg",
            "azurerm_storage_account.security_inbound_storage",
            "module.security_inbound_fileshare.azurerm_storage_share.main",
            "module.security_inbound_fileshare.null_resource.dependency_setter",
            "module.security_inbound_fileshare.null_resource.upload",
            "module.security_inbound_fileshare.random_string.randomstring",
            "module.security_inbound_fw.azurerm_availability_set.default",
            "module.security_inbound_fw.azurerm_network_interface.nic0",
            "module.security_inbound_fw.azurerm_network_interface.nic1",
            "module.security_inbound_fw.azurerm_network_interface.nic2",
            "module.security_inbound_fw.azurerm_public_ip.nic0",
            "module.security_inbound_fw.azurerm_public_ip.nic1",
            "module.security_inbound_fw.azurerm_public_ip.nic2",
            "module.security_inbound_fw.null_resource.dependency_getter",
            "module.security_inbound_vnet.azurerm_subnet.main",
            "module.security_inbound_vnet.azurerm_virtual_network.main",
            "random_string.security_inbound"
          ]
        },
        {
          "index_key": 1,
          "schema_version": 0,
          "attributes": {
            "additional_capabilities": [],
            "availability_set_id": "/subscriptions/137c8c89-2b20-4f91-96df-ae87343bb016/resourcegroups/security-inbound-rg/providers/microsoft.compute/availabilitysets/security-inbound-avset",
            "boot_diagnostics": [],
            "delete_data_disks_on_termination": false,
            "delete_os_disk_on_termination": false,
            "id": "/subscriptions/137c8c89-2b20-4f91-96df-ae87343bb016/resourceGroups/security-inbound-rg/providers/Microsoft.Compute/virtualMachines/security-inbound-vm2",
            "identity": [],
            "license_type": null,
            "location": "eastus",
            "name": "security-inbound-vm2",
            "network_interface_ids": [
              "/subscriptions/137c8c89-2b20-4f91-96df-ae87343bb016/resourceGroups/security-inbound-rg/providers/Microsoft.Network/networkInterfaces/security-inbound-vm2-nic0",
              "/subscriptions/137c8c89-2b20-4f91-96df-ae87343bb016/resourceGroups/security-inbound-rg/providers/Microsoft.Network/networkInterfaces/security-inbound-vm2-nic1",
              "/subscriptions/137c8c89-2b20-4f91-96df-ae87343bb016/resourceGroups/security-inbound-rg/providers/Microsoft.Network/networkInterfaces/security-inbound-vm2-nic2"
            ],
            "os_profile": [
              {
                "admin_password": "Pal0Alt0@123",
                "admin_username": "paloalto",
                "computer_name": "security-inbound-vm2",
                "custom_data": "1b9343775bdbe63d46b3cd6a36909ef10207f167"
              }
            ],
            "os_profile_linux_config": [
              {
                "disable_password_authentication": false,
                "ssh_keys": []
              }
            ],
            "os_profile_secrets": [],
            "os_profile_windows_config": [],
            "plan": [
              {
                "name": "bundle1",
                "product": "vmseries-flex",
                "publisher": "paloaltonetworks"
              }
            ],
            "primary_network_interface_id": "/subscriptions/137c8c89-2b20-4f91-96df-ae87343bb016/resourceGroups/security-inbound-rg/providers/Microsoft.Network/networkInterfaces/security-inbound-vm2-nic0",
            "proximity_placement_group_id": null,
            "resource_group_name": "security-inbound-rg",
            "storage_data_disk": [],
            "storage_image_reference": [
              {
                "id": "",
                "offer": "vmseries-flex",
                "publisher": "paloaltonetworks",
                "sku": "bundle1",
                "version": "10.0.3"
              }
            ],
            "storage_os_disk": [
              {
                "caching": "ReadWrite",
                "create_option": "FromImage",
                "disk_size_gb": 60,
                "image_uri": "",
                "managed_disk_id": "/subscriptions/137c8c89-2b20-4f91-96df-ae87343bb016/resourceGroups/security-inbound-rg/providers/Microsoft.Compute/disks/security-inbound-vm2-osdisk",
                "managed_disk_type": "Standard_LRS",
                "name": "security-inbound-vm2-osdisk",
                "os_type": "Linux",
                "vhd_uri": "",
                "write_accelerator_enabled": false
              }
            ],
            "tags": null,
            "timeouts": null,
            "vm_size": "Standard_DS3_v2",
            "zones": null
          },
          "sensitive_attributes": [],
          "private": "eyJlMmJmYjczMC1lY2FhLTExZTYtOGY4OC0zNDM2M2JjN2M0YzAiOnsiY3JlYXRlIjozNjAwMDAwMDAwMDAwLCJkZWxldGUiOjM2MDAwMDAwMDAwMDAsInJlYWQiOjMwMDAwMDAwMDAwMCwidXBkYXRlIjozNjAwMDAwMDAwMDAwfX0=",
          "dependencies": [
            "azurerm_resource_group.security_inbound_rg",
            "azurerm_storage_account.security_inbound_storage",
            "module.security_inbound_fileshare.azurerm_storage_share.main",
            "module.security_inbound_fileshare.null_resource.dependency_setter",
            "module.security_inbound_fileshare.null_resource.upload",
            "module.security_inbound_fileshare.random_string.randomstring",
            "module.security_inbound_fw.azurerm_availability_set.default",
            "module.security_inbound_fw.azurerm_network_interface.nic0",
            "module.security_inbound_fw.azurerm_network_interface.nic1",
            "module.security_inbound_fw.azurerm_network_interface.nic2",
            "module.security_inbound_fw.azurerm_public_ip.nic0",
            "module.security_inbound_fw.azurerm_public_ip.nic1",
            "module.security_inbound_fw.azurerm_public_ip.nic2",
            "module.security_inbound_fw.null_resource.dependency_getter",
            "module.security_inbound_vnet.azurerm_subnet.main",
            "module.security_inbound_vnet.azurerm_virtual_network.main",
            "random_string.security_inbound"
          ]
        }
      ]
    },
    {
      "module": "module.security_inbound_fw",
      "mode": "managed",
      "type": "null_resource",
      "name": "dependency_getter",
      "provider": "provider[\"registry.terraform.io/hashicorp/null\"]",
      "instances": [
        {
          "schema_version": 0,
          "attributes": {
            "id": "63614627816209878",
            "triggers": null
          },
          "sensitive_attributes": [],
          "private": "bnVsbA==",
          "dependencies": [
            "azurerm_resource_group.security_inbound_rg",
            "azurerm_storage_account.security_inbound_storage",
            "module.security_inbound_fileshare.azurerm_storage_share.main",
            "module.security_inbound_fileshare.null_resource.dependency_setter",
            "module.security_inbound_fileshare.null_resource.upload",
            "module.security_inbound_fileshare.random_string.randomstring",
            "random_string.security_inbound"
          ]
        }
      ]
    },
    {
      "module": "module.security_inbound_vnet",
      "mode": "managed",
      "type": "azurerm_subnet",
      "name": "main",
      "provider": "provider[\"registry.terraform.io/hashicorp/azurerm\"]",
      "instances": [
        {
          "index_key": 0,
          "schema_version": 0,
          "attributes": {
            "address_prefix": "192.168.0.0/24",
            "address_prefixes": [
              "192.168.0.0/24"
            ],
            "delegation": [],
            "enforce_private_link_endpoint_network_policies": false,
            "enforce_private_link_service_network_policies": false,
            "id": "/subscriptions/137c8c89-2b20-4f91-96df-ae87343bb016/resourceGroups/security-inbound-rg/providers/Microsoft.Network/virtualNetworks/security-inbound-vnet/subnets/mgmt",
            "name": "mgmt",
            "resource_group_name": "security-inbound-rg",
            "service_endpoint_policy_ids": null,
            "service_endpoints": null,
            "timeouts": null,
            "virtual_network_name": "security-inbound-vnet"
          },
          "sensitive_attributes": [],
          "private": "eyJlMmJmYjczMC1lY2FhLTExZTYtOGY4OC0zNDM2M2JjN2M0YzAiOnsiY3JlYXRlIjoxODAwMDAwMDAwMDAwLCJkZWxldGUiOjE4MDAwMDAwMDAwMDAsInJlYWQiOjMwMDAwMDAwMDAwMCwidXBkYXRlIjoxODAwMDAwMDAwMDAwfX0=",
          "dependencies": [
            "azurerm_resource_group.security_inbound_rg",
            "module.security_inbound_vnet.azurerm_virtual_network.main"
          ]
        },
        {
          "index_key": 1,
          "schema_version": 0,
          "attributes": {
            "address_prefix": "192.168.1.0/24",
            "address_prefixes": [
              "192.168.1.0/24"
            ],
            "delegation": [],
            "enforce_private_link_endpoint_network_policies": false,
            "enforce_private_link_service_network_policies": false,
            "id": "/subscriptions/137c8c89-2b20-4f91-96df-ae87343bb016/resourceGroups/security-inbound-rg/providers/Microsoft.Network/virtualNetworks/security-inbound-vnet/subnets/untrust",
            "name": "untrust",
            "resource_group_name": "security-inbound-rg",
            "service_endpoint_policy_ids": null,
            "service_endpoints": null,
            "timeouts": null,
            "virtual_network_name": "security-inbound-vnet"
          },
          "sensitive_attributes": [],
          "private": "eyJlMmJmYjczMC1lY2FhLTExZTYtOGY4OC0zNDM2M2JjN2M0YzAiOnsiY3JlYXRlIjoxODAwMDAwMDAwMDAwLCJkZWxldGUiOjE4MDAwMDAwMDAwMDAsInJlYWQiOjMwMDAwMDAwMDAwMCwidXBkYXRlIjoxODAwMDAwMDAwMDAwfX0=",
          "dependencies": [
            "azurerm_resource_group.security_inbound_rg",
            "module.security_inbound_vnet.azurerm_virtual_network.main"
          ]
        },
        {
          "index_key": 2,
          "schema_version": 0,
          "attributes": {
            "address_prefix": "192.168.2.0/24",
            "address_prefixes": [
              "192.168.2.0/24"
            ],
            "delegation": [],
            "enforce_private_link_endpoint_network_policies": false,
            "enforce_private_link_service_network_policies": false,
            "id": "/subscriptions/137c8c89-2b20-4f91-96df-ae87343bb016/resourceGroups/security-inbound-rg/providers/Microsoft.Network/virtualNetworks/security-inbound-vnet/subnets/trust",
            "name": "trust",
            "resource_group_name": "security-inbound-rg",
            "service_endpoint_policy_ids": null,
            "service_endpoints": null,
            "timeouts": null,
            "virtual_network_name": "security-inbound-vnet"
          },
          "sensitive_attributes": [],
          "private": "eyJlMmJmYjczMC1lY2FhLTExZTYtOGY4OC0zNDM2M2JjN2M0YzAiOnsiY3JlYXRlIjoxODAwMDAwMDAwMDAwLCJkZWxldGUiOjE4MDAwMDAwMDAwMDAsInJlYWQiOjMwMDAwMDAwMDAwMCwidXBkYXRlIjoxODAwMDAwMDAwMDAwfX0=",
          "dependencies": [
            "azurerm_resource_group.security_inbound_rg",
            "module.security_inbound_vnet.azurerm_virtual_network.main"
          ]
        }
      ]
    },
    {
      "module": "module.security_inbound_vnet",
      "mode": "managed",
      "type": "azurerm_virtual_network",
      "name": "main",
      "provider": "provider[\"registry.terraform.io/hashicorp/azurerm\"]",
      "instances": [
        {
          "schema_version": 0,
          "attributes": {
            "address_space": [
              "192.168.0.0/22"
            ],
            "bgp_community": "",
            "ddos_protection_plan": [],
            "dns_servers": [],
            "guid": "ee641202-8ff3-4dc8-ad4b-1280e185f1ab",
            "id": "/subscriptions/137c8c89-2b20-4f91-96df-ae87343bb016/resourceGroups/security-inbound-rg/providers/Microsoft.Network/virtualNetworks/security-inbound-vnet",
            "location": "eastus",
            "name": "security-inbound-vnet",
            "resource_group_name": "security-inbound-rg",
            "subnet": [],
            "tags": {
              "tag1": "",
              "tag2": ""
            },
            "timeouts": null,
            "vm_protection_enabled": false
          },
          "sensitive_attributes": [],
          "private": "eyJlMmJmYjczMC1lY2FhLTExZTYtOGY4OC0zNDM2M2JjN2M0YzAiOnsiY3JlYXRlIjoxODAwMDAwMDAwMDAwLCJkZWxldGUiOjE4MDAwMDAwMDAwMDAsInJlYWQiOjMwMDAwMDAwMDAwMCwidXBkYXRlIjoxODAwMDAwMDAwMDAwfX0=",
          "dependencies": [
            "azurerm_resource_group.security_inbound_rg"
          ]
        }
      ]
    },
    {
      "module": "module.security_outbound_fileshare",
      "mode": "managed",
      "type": "azurerm_storage_share",
      "name": "main",
      "provider": "provider[\"registry.terraform.io/hashicorp/azurerm\"]",
      "instances": [
        {
          "schema_version": 2,
          "attributes": {
            "acl": [],
            "id": "https://outbound350e22il9r5672l.file.core.windows.net/security-outbound-bootstrap4828u38mv48j90q",
            "metadata": {},
            "name": "security-outbound-bootstrap4828u38mv48j90q",
            "quota": 1,
            "resource_manager_id": "/subscriptions/137c8c89-2b20-4f91-96df-ae87343bb016/resourceGroups/security-outbound-rg/providers/Microsoft.Storage/storageAccounts/outbound350e22il9r5672l/fileServices/default/shares/security-outbound-bootstrap4828u38mv48j90q",
            "storage_account_name": "outbound350e22il9r5672l",
            "timeouts": null,
            "url": "https://outbound350e22il9r5672l.file.core.windows.net/security-outbound-bootstrap4828u38mv48j90q"
          },
          "sensitive_attributes": [],
          "private": "eyJlMmJmYjczMC1lY2FhLTExZTYtOGY4OC0zNDM2M2JjN2M0YzAiOnsiY3JlYXRlIjoxODAwMDAwMDAwMDAwLCJkZWxldGUiOjE4MDAwMDAwMDAwMDAsInJlYWQiOjMwMDAwMDAwMDAwMCwidXBkYXRlIjoxODAwMDAwMDAwMDAwfSwic2NoZW1hX3ZlcnNpb24iOiIyIn0=",
          "dependencies": [
            "azurerm_resource_group.security_outbound_rg",
            "azurerm_storage_account.security_outbound_storage",
            "module.security_outbound_fileshare.random_string.randomstring",
            "random_string.security_outbound"
          ]
        }
      ]
    },
    {
      "module": "module.security_outbound_fileshare",
      "mode": "managed",
      "type": "null_resource",
      "name": "dependency_setter",
      "provider": "provider[\"registry.terraform.io/hashicorp/null\"]",
      "instances": [
        {
          "schema_version": 0,
          "attributes": {
            "id": "2792499942441354268",
            "triggers": null
          },
          "sensitive_attributes": [],
          "private": "bnVsbA==",
          "dependencies": [
            "azurerm_resource_group.security_outbound_rg",
            "azurerm_storage_account.security_outbound_storage",
            "module.security_outbound_fileshare.azurerm_storage_share.main",
            "module.security_outbound_fileshare.null_resource.upload",
            "module.security_outbound_fileshare.random_string.randomstring",
            "random_string.security_outbound"
          ]
        }
      ]
    },
    {
      "module": "module.security_outbound_fileshare",
      "mode": "managed",
      "type": "null_resource",
      "name": "upload",
      "provider": "provider[\"registry.terraform.io/hashicorp/null\"]",
      "instances": [
        {
          "schema_version": 0,
          "attributes": {
            "id": "6353739138163201301",
            "triggers": null
          },
          "sensitive_attributes": [],
          "private": "bnVsbA==",
          "dependencies": [
            "azurerm_resource_group.security_outbound_rg",
            "azurerm_storage_account.security_outbound_storage",
            "module.security_outbound_fileshare.azurerm_storage_share.main",
            "module.security_outbound_fileshare.random_string.randomstring",
            "random_string.security_outbound"
          ]
        }
      ]
    },
    {
      "module": "module.security_outbound_fileshare",
      "mode": "managed",
      "type": "random_string",
      "name": "randomstring",
      "provider": "provider[\"registry.terraform.io/hashicorp/random\"]",
      "instances": [
        {
          "schema_version": 1,
          "attributes": {
            "id": "4828u38mv48j90q",
            "keepers": null,
            "length": 15,
            "lower": true,
            "min_lower": 5,
            "min_numeric": 10,
            "min_special": 0,
            "min_upper": 0,
            "number": true,
            "override_special": null,
            "result": "4828u38mv48j90q",
            "special": false,
            "upper": true
          },
          "sensitive_attributes": [],
          "private": "eyJzY2hlbWFfdmVyc2lvbiI6IjEifQ=="
        }
      ]
    },
    {
      "module": "module.security_outbound_fw",
      "mode": "managed",
      "type": "azurerm_availability_set",
      "name": "default",
      "provider": "provider[\"registry.terraform.io/hashicorp/azurerm\"]",
      "instances": [
        {
          "schema_version": 0,
          "attributes": {
            "id": "/subscriptions/137c8c89-2b20-4f91-96df-ae87343bb016/resourceGroups/security-outbound-rg/providers/Microsoft.Compute/availabilitySets/security-outbound-avset",
            "location": "eastus",
            "managed": true,
            "name": "security-outbound-avset",
            "platform_fault_domain_count": 2,
            "platform_update_domain_count": 5,
            "proximity_placement_group_id": null,
            "resource_group_name": "security-outbound-rg",
            "tags": null,
            "timeouts": null
          },
          "sensitive_attributes": [],
          "private": "eyJlMmJmYjczMC1lY2FhLTExZTYtOGY4OC0zNDM2M2JjN2M0YzAiOnsiY3JlYXRlIjoxODAwMDAwMDAwMDAwLCJkZWxldGUiOjE4MDAwMDAwMDAwMDAsInJlYWQiOjMwMDAwMDAwMDAwMCwidXBkYXRlIjoxODAwMDAwMDAwMDAwfX0=",
          "dependencies": [
            "azurerm_resource_group.security_outbound_rg"
          ]
        }
      ]
    },
    {
      "module": "module.security_outbound_fw",
      "mode": "managed",
      "type": "azurerm_network_interface",
      "name": "nic0",
      "provider": "provider[\"registry.terraform.io/hashicorp/azurerm\"]",
      "instances": [
        {
          "index_key": 0,
          "schema_version": 0,
          "attributes": {
            "applied_dns_servers": [],
            "dns_servers": [],
            "enable_accelerated_networking": false,
            "enable_ip_forwarding": false,
            "id": "/subscriptions/137c8c89-2b20-4f91-96df-ae87343bb016/resourceGroups/security-outbound-rg/providers/Microsoft.Network/networkInterfaces/security-outbound-vm1-nic0",
            "internal_dns_name_label": "",
            "internal_domain_name_suffix": "uwhjheeu3lgu1kt5hdbpg3bwwe.bx.internal.cloudapp.net",
            "ip_configuration": [
              {
                "name": "ipconfig1",
                "primary": true,
                "private_ip_address": "10.0.0.5",
                "private_ip_address_allocation": "Dynamic",
                "private_ip_address_version": "IPv4",
                "public_ip_address_id": "/subscriptions/137c8c89-2b20-4f91-96df-ae87343bb016/resourceGroups/security-outbound-rg/providers/Microsoft.Network/publicIPAddresses/security-outbound-vm1-nic0-pip",
                "subnet_id": "/subscriptions/137c8c89-2b20-4f91-96df-ae87343bb016/resourceGroups/security-outbound-rg/providers/Microsoft.Network/virtualNetworks/security-outbound-vnet/subnets/mgmt"
              }
            ],
            "location": "eastus",
            "mac_address": "",
            "name": "security-outbound-vm1-nic0",
            "private_ip_address": "10.0.0.5",
            "private_ip_addresses": [
              "10.0.0.5"
            ],
            "resource_group_name": "security-outbound-rg",
            "tags": null,
            "timeouts": null,
            "virtual_machine_id": ""
          },
          "sensitive_attributes": [],
          "private": "eyJlMmJmYjczMC1lY2FhLTExZTYtOGY4OC0zNDM2M2JjN2M0YzAiOnsiY3JlYXRlIjoxODAwMDAwMDAwMDAwLCJkZWxldGUiOjE4MDAwMDAwMDAwMDAsInJlYWQiOjMwMDAwMDAwMDAwMCwidXBkYXRlIjoxODAwMDAwMDAwMDAwfX0=",
          "dependencies": [
            "azurerm_resource_group.security_outbound_rg",
            "module.security_outbound_fw.azurerm_public_ip.nic0",
            "module.security_outbound_vnet.azurerm_subnet.main",
            "module.security_outbound_vnet.azurerm_virtual_network.main"
          ]
        },
        {
          "index_key": 1,
          "schema_version": 0,
          "attributes": {
            "applied_dns_servers": [],
            "dns_servers": [],
            "enable_accelerated_networking": false,
            "enable_ip_forwarding": false,
            "id": "/subscriptions/137c8c89-2b20-4f91-96df-ae87343bb016/resourceGroups/security-outbound-rg/providers/Microsoft.Network/networkInterfaces/security-outbound-vm2-nic0",
            "internal_dns_name_label": "",
            "internal_domain_name_suffix": "uwhjheeu3lgu1kt5hdbpg3bwwe.bx.internal.cloudapp.net",
            "ip_configuration": [
              {
                "name": "ipconfig1",
                "primary": true,
                "private_ip_address": "10.0.0.4",
                "private_ip_address_allocation": "Dynamic",
                "private_ip_address_version": "IPv4",
                "public_ip_address_id": "/subscriptions/137c8c89-2b20-4f91-96df-ae87343bb016/resourceGroups/security-outbound-rg/providers/Microsoft.Network/publicIPAddresses/security-outbound-vm2-nic0-pip",
                "subnet_id": "/subscriptions/137c8c89-2b20-4f91-96df-ae87343bb016/resourceGroups/security-outbound-rg/providers/Microsoft.Network/virtualNetworks/security-outbound-vnet/subnets/mgmt"
              }
            ],
            "location": "eastus",
            "mac_address": "",
            "name": "security-outbound-vm2-nic0",
            "private_ip_address": "10.0.0.4",
            "private_ip_addresses": [
              "10.0.0.4"
            ],
            "resource_group_name": "security-outbound-rg",
            "tags": null,
            "timeouts": null,
            "virtual_machine_id": ""
          },
          "sensitive_attributes": [],
          "private": "eyJlMmJmYjczMC1lY2FhLTExZTYtOGY4OC0zNDM2M2JjN2M0YzAiOnsiY3JlYXRlIjoxODAwMDAwMDAwMDAwLCJkZWxldGUiOjE4MDAwMDAwMDAwMDAsInJlYWQiOjMwMDAwMDAwMDAwMCwidXBkYXRlIjoxODAwMDAwMDAwMDAwfX0=",
          "dependencies": [
            "azurerm_resource_group.security_outbound_rg",
            "module.security_outbound_fw.azurerm_public_ip.nic0",
            "module.security_outbound_vnet.azurerm_subnet.main",
            "module.security_outbound_vnet.azurerm_virtual_network.main"
          ]
        }
      ]
    },
    {
      "module": "module.security_outbound_fw",
      "mode": "managed",
      "type": "azurerm_network_interface",
      "name": "nic1",
      "provider": "provider[\"registry.terraform.io/hashicorp/azurerm\"]",
      "instances": [
        {
          "index_key": 0,
          "schema_version": 0,
          "attributes": {
            "applied_dns_servers": [],
            "dns_servers": [],
            "enable_accelerated_networking": false,
            "enable_ip_forwarding": true,
            "id": "/subscriptions/137c8c89-2b20-4f91-96df-ae87343bb016/resourceGroups/security-outbound-rg/providers/Microsoft.Network/networkInterfaces/security-outbound-vm1-nic1",
            "internal_dns_name_label": "",
            "internal_domain_name_suffix": "uwhjheeu3lgu1kt5hdbpg3bwwe.bx.internal.cloudapp.net",
            "ip_configuration": [
              {
                "name": "ipconfig1",
                "primary": true,
                "private_ip_address": "10.0.1.4",
                "private_ip_address_allocation": "Dynamic",
                "private_ip_address_version": "IPv4",
                "public_ip_address_id": "/subscriptions/137c8c89-2b20-4f91-96df-ae87343bb016/resourceGroups/security-outbound-rg/providers/Microsoft.Network/publicIPAddresses/security-outbound-vm1-nic1-pip",
                "subnet_id": "/subscriptions/137c8c89-2b20-4f91-96df-ae87343bb016/resourceGroups/security-outbound-rg/providers/Microsoft.Network/virtualNetworks/security-outbound-vnet/subnets/untrust"
              }
            ],
            "location": "eastus",
            "mac_address": "",
            "name": "security-outbound-vm1-nic1",
            "private_ip_address": "10.0.1.4",
            "private_ip_addresses": [
              "10.0.1.4"
            ],
            "resource_group_name": "security-outbound-rg",
            "tags": null,
            "timeouts": null,
            "virtual_machine_id": ""
          },
          "sensitive_attributes": [],
          "private": "eyJlMmJmYjczMC1lY2FhLTExZTYtOGY4OC0zNDM2M2JjN2M0YzAiOnsiY3JlYXRlIjoxODAwMDAwMDAwMDAwLCJkZWxldGUiOjE4MDAwMDAwMDAwMDAsInJlYWQiOjMwMDAwMDAwMDAwMCwidXBkYXRlIjoxODAwMDAwMDAwMDAwfX0=",
          "dependencies": [
            "azurerm_resource_group.security_outbound_rg",
            "module.security_outbound_fw.azurerm_public_ip.nic1",
            "module.security_outbound_vnet.azurerm_subnet.main",
            "module.security_outbound_vnet.azurerm_virtual_network.main"
          ]
        },
        {
          "index_key": 1,
          "schema_version": 0,
          "attributes": {
            "applied_dns_servers": [],
            "dns_servers": [],
            "enable_accelerated_networking": false,
            "enable_ip_forwarding": true,
            "id": "/subscriptions/137c8c89-2b20-4f91-96df-ae87343bb016/resourceGroups/security-outbound-rg/providers/Microsoft.Network/networkInterfaces/security-outbound-vm2-nic1",
            "internal_dns_name_label": "",
            "internal_domain_name_suffix": "uwhjheeu3lgu1kt5hdbpg3bwwe.bx.internal.cloudapp.net",
            "ip_configuration": [
              {
                "name": "ipconfig1",
                "primary": true,
                "private_ip_address": "10.0.1.5",
                "private_ip_address_allocation": "Dynamic",
                "private_ip_address_version": "IPv4",
                "public_ip_address_id": "/subscriptions/137c8c89-2b20-4f91-96df-ae87343bb016/resourceGroups/security-outbound-rg/providers/Microsoft.Network/publicIPAddresses/security-outbound-vm2-nic1-pip",
                "subnet_id": "/subscriptions/137c8c89-2b20-4f91-96df-ae87343bb016/resourceGroups/security-outbound-rg/providers/Microsoft.Network/virtualNetworks/security-outbound-vnet/subnets/untrust"
              }
            ],
            "location": "eastus",
            "mac_address": "",
            "name": "security-outbound-vm2-nic1",
            "private_ip_address": "10.0.1.5",
            "private_ip_addresses": [
              "10.0.1.5"
            ],
            "resource_group_name": "security-outbound-rg",
            "tags": null,
            "timeouts": null,
            "virtual_machine_id": ""
          },
          "sensitive_attributes": [],
          "private": "eyJlMmJmYjczMC1lY2FhLTExZTYtOGY4OC0zNDM2M2JjN2M0YzAiOnsiY3JlYXRlIjoxODAwMDAwMDAwMDAwLCJkZWxldGUiOjE4MDAwMDAwMDAwMDAsInJlYWQiOjMwMDAwMDAwMDAwMCwidXBkYXRlIjoxODAwMDAwMDAwMDAwfX0=",
          "dependencies": [
            "azurerm_resource_group.security_outbound_rg",
            "module.security_outbound_fw.azurerm_public_ip.nic1",
            "module.security_outbound_vnet.azurerm_subnet.main",
            "module.security_outbound_vnet.azurerm_virtual_network.main"
          ]
        }
      ]
    },
    {
      "module": "module.security_outbound_fw",
      "mode": "managed",
      "type": "azurerm_network_interface",
      "name": "nic2",
      "provider": "provider[\"registry.terraform.io/hashicorp/azurerm\"]",
      "instances": [
        {
          "index_key": 0,
          "schema_version": 0,
          "attributes": {
            "applied_dns_servers": [],
            "dns_servers": [],
            "enable_accelerated_networking": false,
            "enable_ip_forwarding": true,
            "id": "/subscriptions/137c8c89-2b20-4f91-96df-ae87343bb016/resourceGroups/security-outbound-rg/providers/Microsoft.Network/networkInterfaces/security-outbound-vm1-nic2",
            "internal_dns_name_label": "",
            "internal_domain_name_suffix": "uwhjheeu3lgu1kt5hdbpg3bwwe.bx.internal.cloudapp.net",
            "ip_configuration": [
              {
                "name": "ipconfig1",
                "primary": true,
                "private_ip_address": "10.0.2.4",
                "private_ip_address_allocation": "Dynamic",
                "private_ip_address_version": "IPv4",
                "public_ip_address_id": "",
                "subnet_id": "/subscriptions/137c8c89-2b20-4f91-96df-ae87343bb016/resourceGroups/security-outbound-rg/providers/Microsoft.Network/virtualNetworks/security-outbound-vnet/subnets/trust"
              }
            ],
            "location": "eastus",
            "mac_address": "",
            "name": "security-outbound-vm1-nic2",
            "private_ip_address": "10.0.2.4",
            "private_ip_addresses": [
              "10.0.2.4"
            ],
            "resource_group_name": "security-outbound-rg",
            "tags": null,
            "timeouts": null,
            "virtual_machine_id": ""
          },
          "sensitive_attributes": [],
          "private": "eyJlMmJmYjczMC1lY2FhLTExZTYtOGY4OC0zNDM2M2JjN2M0YzAiOnsiY3JlYXRlIjoxODAwMDAwMDAwMDAwLCJkZWxldGUiOjE4MDAwMDAwMDAwMDAsInJlYWQiOjMwMDAwMDAwMDAwMCwidXBkYXRlIjoxODAwMDAwMDAwMDAwfX0=",
          "dependencies": [
            "azurerm_resource_group.security_outbound_rg",
            "module.security_outbound_fw.azurerm_public_ip.nic2",
            "module.security_outbound_vnet.azurerm_subnet.main",
            "module.security_outbound_vnet.azurerm_virtual_network.main"
          ]
        },
        {
          "index_key": 1,
          "schema_version": 0,
          "attributes": {
            "applied_dns_servers": [],
            "dns_servers": [],
            "enable_accelerated_networking": false,
            "enable_ip_forwarding": true,
            "id": "/subscriptions/137c8c89-2b20-4f91-96df-ae87343bb016/resourceGroups/security-outbound-rg/providers/Microsoft.Network/networkInterfaces/security-outbound-vm2-nic2",
            "internal_dns_name_label": "",
            "internal_domain_name_suffix": "uwhjheeu3lgu1kt5hdbpg3bwwe.bx.internal.cloudapp.net",
            "ip_configuration": [
              {
                "name": "ipconfig1",
                "primary": true,
                "private_ip_address": "10.0.2.5",
                "private_ip_address_allocation": "Dynamic",
                "private_ip_address_version": "IPv4",
                "public_ip_address_id": "",
                "subnet_id": "/subscriptions/137c8c89-2b20-4f91-96df-ae87343bb016/resourceGroups/security-outbound-rg/providers/Microsoft.Network/virtualNetworks/security-outbound-vnet/subnets/trust"
              }
            ],
            "location": "eastus",
            "mac_address": "",
            "name": "security-outbound-vm2-nic2",
            "private_ip_address": "10.0.2.5",
            "private_ip_addresses": [
              "10.0.2.5"
            ],
            "resource_group_name": "security-outbound-rg",
            "tags": null,
            "timeouts": null,
            "virtual_machine_id": ""
          },
          "sensitive_attributes": [],
          "private": "eyJlMmJmYjczMC1lY2FhLTExZTYtOGY4OC0zNDM2M2JjN2M0YzAiOnsiY3JlYXRlIjoxODAwMDAwMDAwMDAwLCJkZWxldGUiOjE4MDAwMDAwMDAwMDAsInJlYWQiOjMwMDAwMDAwMDAwMCwidXBkYXRlIjoxODAwMDAwMDAwMDAwfX0=",
          "dependencies": [
            "azurerm_resource_group.security_outbound_rg",
            "module.security_outbound_fw.azurerm_public_ip.nic2",
            "module.security_outbound_vnet.azurerm_subnet.main",
            "module.security_outbound_vnet.azurerm_virtual_network.main"
          ]
        }
      ]
    },
    {
      "module": "module.security_outbound_fw",
      "mode": "managed",
      "type": "azurerm_network_interface_security_group_association",
      "name": "nic0",
      "provider": "provider[\"registry.terraform.io/hashicorp/azurerm\"]",
      "instances": [
        {
          "index_key": 0,
          "schema_version": 0,
          "attributes": {
            "id": "/subscriptions/137c8c89-2b20-4f91-96df-ae87343bb016/resourceGroups/security-outbound-rg/providers/Microsoft.Network/networkInterfaces/security-outbound-vm1-nic0|/subscriptions/137c8c89-2b20-4f91-96df-ae87343bb016/resourceGroups/security-outbound-rg/providers/Microsoft.Network/networkSecurityGroups/security-outbound-vm-nsg-mgmt",
            "network_interface_id": "/subscriptions/137c8c89-2b20-4f91-96df-ae87343bb016/resourceGroups/security-outbound-rg/providers/Microsoft.Network/networkInterfaces/security-outbound-vm1-nic0",
            "network_security_group_id": "/subscriptions/137c8c89-2b20-4f91-96df-ae87343bb016/resourceGroups/security-outbound-rg/providers/Microsoft.Network/networkSecurityGroups/security-outbound-vm-nsg-mgmt",
            "timeouts": null
          },
          "sensitive_attributes": [],
          "private": "eyJlMmJmYjczMC1lY2FhLTExZTYtOGY4OC0zNDM2M2JjN2M0YzAiOnsiY3JlYXRlIjoxODAwMDAwMDAwMDAwLCJkZWxldGUiOjE4MDAwMDAwMDAwMDAsInJlYWQiOjMwMDAwMDAwMDAwMCwidXBkYXRlIjoxODAwMDAwMDAwMDAwfX0=",
          "dependencies": [
            "azurerm_resource_group.security_outbound_rg",
            "module.security_outbound_fw.azurerm_network_interface.nic0",
            "module.security_outbound_fw.azurerm_network_security_group.mgmt",
            "module.security_outbound_fw.azurerm_public_ip.nic0",
            "module.security_outbound_vnet.azurerm_subnet.main",
            "module.security_outbound_vnet.azurerm_virtual_network.main"
          ]
        },
        {
          "index_key": 1,
          "schema_version": 0,
          "attributes": {
            "id": "/subscriptions/137c8c89-2b20-4f91-96df-ae87343bb016/resourceGroups/security-outbound-rg/providers/Microsoft.Network/networkInterfaces/security-outbound-vm2-nic0|/subscriptions/137c8c89-2b20-4f91-96df-ae87343bb016/resourceGroups/security-outbound-rg/providers/Microsoft.Network/networkSecurityGroups/security-outbound-vm-nsg-mgmt",
            "network_interface_id": "/subscriptions/137c8c89-2b20-4f91-96df-ae87343bb016/resourceGroups/security-outbound-rg/providers/Microsoft.Network/networkInterfaces/security-outbound-vm2-nic0",
            "network_security_group_id": "/subscriptions/137c8c89-2b20-4f91-96df-ae87343bb016/resourceGroups/security-outbound-rg/providers/Microsoft.Network/networkSecurityGroups/security-outbound-vm-nsg-mgmt",
            "timeouts": null
          },
          "sensitive_attributes": [],
          "private": "eyJlMmJmYjczMC1lY2FhLTExZTYtOGY4OC0zNDM2M2JjN2M0YzAiOnsiY3JlYXRlIjoxODAwMDAwMDAwMDAwLCJkZWxldGUiOjE4MDAwMDAwMDAwMDAsInJlYWQiOjMwMDAwMDAwMDAwMCwidXBkYXRlIjoxODAwMDAwMDAwMDAwfX0=",
          "dependencies": [
            "azurerm_resource_group.security_outbound_rg",
            "module.security_outbound_fw.azurerm_network_interface.nic0",
            "module.security_outbound_fw.azurerm_network_security_group.mgmt",
            "module.security_outbound_fw.azurerm_public_ip.nic0",
            "module.security_outbound_vnet.azurerm_subnet.main",
            "module.security_outbound_vnet.azurerm_virtual_network.main"
          ]
        }
      ]
    },
    {
      "module": "module.security_outbound_fw",
      "mode": "managed",
      "type": "azurerm_network_interface_security_group_association",
      "name": "nic1",
      "provider": "provider[\"registry.terraform.io/hashicorp/azurerm\"]",
      "instances": [
        {
          "index_key": 0,
          "schema_version": 0,
          "attributes": {
            "id": "/subscriptions/137c8c89-2b20-4f91-96df-ae87343bb016/resourceGroups/security-outbound-rg/providers/Microsoft.Network/networkInterfaces/security-outbound-vm1-nic1|/subscriptions/137c8c89-2b20-4f91-96df-ae87343bb016/resourceGroups/security-outbound-rg/providers/Microsoft.Network/networkSecurityGroups/security-outbound-vm-nsg-data",
            "network_interface_id": "/subscriptions/137c8c89-2b20-4f91-96df-ae87343bb016/resourceGroups/security-outbound-rg/providers/Microsoft.Network/networkInterfaces/security-outbound-vm1-nic1",
            "network_security_group_id": "/subscriptions/137c8c89-2b20-4f91-96df-ae87343bb016/resourceGroups/security-outbound-rg/providers/Microsoft.Network/networkSecurityGroups/security-outbound-vm-nsg-data",
            "timeouts": null
          },
          "sensitive_attributes": [],
          "private": "eyJlMmJmYjczMC1lY2FhLTExZTYtOGY4OC0zNDM2M2JjN2M0YzAiOnsiY3JlYXRlIjoxODAwMDAwMDAwMDAwLCJkZWxldGUiOjE4MDAwMDAwMDAwMDAsInJlYWQiOjMwMDAwMDAwMDAwMCwidXBkYXRlIjoxODAwMDAwMDAwMDAwfX0=",
          "dependencies": [
            "azurerm_resource_group.security_outbound_rg",
            "module.security_outbound_fw.azurerm_network_interface.nic1",
            "module.security_outbound_fw.azurerm_network_security_group.data",
            "module.security_outbound_fw.azurerm_public_ip.nic1",
            "module.security_outbound_vnet.azurerm_subnet.main",
            "module.security_outbound_vnet.azurerm_virtual_network.main"
          ]
        },
        {
          "index_key": 1,
          "schema_version": 0,
          "attributes": {
            "id": "/subscriptions/137c8c89-2b20-4f91-96df-ae87343bb016/resourceGroups/security-outbound-rg/providers/Microsoft.Network/networkInterfaces/security-outbound-vm2-nic1|/subscriptions/137c8c89-2b20-4f91-96df-ae87343bb016/resourceGroups/security-outbound-rg/providers/Microsoft.Network/networkSecurityGroups/security-outbound-vm-nsg-data",
            "network_interface_id": "/subscriptions/137c8c89-2b20-4f91-96df-ae87343bb016/resourceGroups/security-outbound-rg/providers/Microsoft.Network/networkInterfaces/security-outbound-vm2-nic1",
            "network_security_group_id": "/subscriptions/137c8c89-2b20-4f91-96df-ae87343bb016/resourceGroups/security-outbound-rg/providers/Microsoft.Network/networkSecurityGroups/security-outbound-vm-nsg-data",
            "timeouts": null
          },
          "sensitive_attributes": [],
          "private": "eyJlMmJmYjczMC1lY2FhLTExZTYtOGY4OC0zNDM2M2JjN2M0YzAiOnsiY3JlYXRlIjoxODAwMDAwMDAwMDAwLCJkZWxldGUiOjE4MDAwMDAwMDAwMDAsInJlYWQiOjMwMDAwMDAwMDAwMCwidXBkYXRlIjoxODAwMDAwMDAwMDAwfX0=",
          "dependencies": [
            "azurerm_resource_group.security_outbound_rg",
            "module.security_outbound_fw.azurerm_network_interface.nic1",
            "module.security_outbound_fw.azurerm_network_security_group.data",
            "module.security_outbound_fw.azurerm_public_ip.nic1",
            "module.security_outbound_vnet.azurerm_subnet.main",
            "module.security_outbound_vnet.azurerm_virtual_network.main"
          ]
        }
      ]
    },
    {
      "module": "module.security_outbound_fw",
      "mode": "managed",
      "type": "azurerm_network_interface_security_group_association",
      "name": "nic2",
      "provider": "provider[\"registry.terraform.io/hashicorp/azurerm\"]",
      "instances": [
        {
          "index_key": 0,
          "schema_version": 0,
          "attributes": {
            "id": "/subscriptions/137c8c89-2b20-4f91-96df-ae87343bb016/resourceGroups/security-outbound-rg/providers/Microsoft.Network/networkInterfaces/security-outbound-vm1-nic2|/subscriptions/137c8c89-2b20-4f91-96df-ae87343bb016/resourceGroups/security-outbound-rg/providers/Microsoft.Network/networkSecurityGroups/security-outbound-vm-nsg-data",
            "network_interface_id": "/subscriptions/137c8c89-2b20-4f91-96df-ae87343bb016/resourceGroups/security-outbound-rg/providers/Microsoft.Network/networkInterfaces/security-outbound-vm1-nic2",
            "network_security_group_id": "/subscriptions/137c8c89-2b20-4f91-96df-ae87343bb016/resourceGroups/security-outbound-rg/providers/Microsoft.Network/networkSecurityGroups/security-outbound-vm-nsg-data",
            "timeouts": null
          },
          "sensitive_attributes": [],
          "private": "eyJlMmJmYjczMC1lY2FhLTExZTYtOGY4OC0zNDM2M2JjN2M0YzAiOnsiY3JlYXRlIjoxODAwMDAwMDAwMDAwLCJkZWxldGUiOjE4MDAwMDAwMDAwMDAsInJlYWQiOjMwMDAwMDAwMDAwMCwidXBkYXRlIjoxODAwMDAwMDAwMDAwfX0=",
          "dependencies": [
            "azurerm_resource_group.security_outbound_rg",
            "module.security_outbound_fw.azurerm_network_interface.nic2",
            "module.security_outbound_fw.azurerm_network_security_group.data",
            "module.security_outbound_fw.azurerm_public_ip.nic2",
            "module.security_outbound_vnet.azurerm_subnet.main",
            "module.security_outbound_vnet.azurerm_virtual_network.main"
          ]
        },
        {
          "index_key": 1,
          "schema_version": 0,
          "attributes": {
            "id": "/subscriptions/137c8c89-2b20-4f91-96df-ae87343bb016/resourceGroups/security-outbound-rg/providers/Microsoft.Network/networkInterfaces/security-outbound-vm2-nic2|/subscriptions/137c8c89-2b20-4f91-96df-ae87343bb016/resourceGroups/security-outbound-rg/providers/Microsoft.Network/networkSecurityGroups/security-outbound-vm-nsg-data",
            "network_interface_id": "/subscriptions/137c8c89-2b20-4f91-96df-ae87343bb016/resourceGroups/security-outbound-rg/providers/Microsoft.Network/networkInterfaces/security-outbound-vm2-nic2",
            "network_security_group_id": "/subscriptions/137c8c89-2b20-4f91-96df-ae87343bb016/resourceGroups/security-outbound-rg/providers/Microsoft.Network/networkSecurityGroups/security-outbound-vm-nsg-data",
            "timeouts": null
          },
          "sensitive_attributes": [],
          "private": "eyJlMmJmYjczMC1lY2FhLTExZTYtOGY4OC0zNDM2M2JjN2M0YzAiOnsiY3JlYXRlIjoxODAwMDAwMDAwMDAwLCJkZWxldGUiOjE4MDAwMDAwMDAwMDAsInJlYWQiOjMwMDAwMDAwMDAwMCwidXBkYXRlIjoxODAwMDAwMDAwMDAwfX0=",
          "dependencies": [
            "azurerm_resource_group.security_outbound_rg",
            "module.security_outbound_fw.azurerm_network_interface.nic2",
            "module.security_outbound_fw.azurerm_network_security_group.data",
            "module.security_outbound_fw.azurerm_public_ip.nic2",
            "module.security_outbound_vnet.azurerm_subnet.main",
            "module.security_outbound_vnet.azurerm_virtual_network.main"
          ]
        }
      ]
    },
    {
      "module": "module.security_outbound_fw",
      "mode": "managed",
      "type": "azurerm_network_security_group",
      "name": "data",
      "provider": "provider[\"registry.terraform.io/hashicorp/azurerm\"]",
      "instances": [
        {
          "schema_version": 0,
          "attributes": {
            "id": "/subscriptions/137c8c89-2b20-4f91-96df-ae87343bb016/resourceGroups/security-outbound-rg/providers/Microsoft.Network/networkSecurityGroups/security-outbound-vm-nsg-data",
            "location": "eastus",
            "name": "security-outbound-vm-nsg-data",
            "resource_group_name": "security-outbound-rg",
            "security_rule": [
              {
                "access": "Allow",
                "description": "",
                "destination_address_prefix": "*",
                "destination_address_prefixes": [],
                "destination_application_security_group_ids": [],
                "destination_port_range": "*",
                "destination_port_ranges": [],
                "direction": "Inbound",
                "name": "data-inbound",
                "priority": 1000,
                "protocol": "*",
                "source_address_prefix": "*",
                "source_address_prefixes": [],
                "source_application_security_group_ids": [],
                "source_port_range": "*",
                "source_port_ranges": []
              },
              {
                "access": "Allow",
                "description": "",
                "destination_address_prefix": "*",
                "destination_address_prefixes": [],
                "destination_application_security_group_ids": [],
                "destination_port_range": "*",
                "destination_port_ranges": [],
                "direction": "Outbound",
                "name": "data-outbound",
                "priority": 1000,
                "protocol": "*",
                "source_address_prefix": "*",
                "source_address_prefixes": [],
                "source_application_security_group_ids": [],
                "source_port_range": "*",
                "source_port_ranges": []
              }
            ],
            "tags": null,
            "timeouts": null
          },
          "sensitive_attributes": [],
          "private": "eyJlMmJmYjczMC1lY2FhLTExZTYtOGY4OC0zNDM2M2JjN2M0YzAiOnsiY3JlYXRlIjoxODAwMDAwMDAwMDAwLCJkZWxldGUiOjE4MDAwMDAwMDAwMDAsInJlYWQiOjMwMDAwMDAwMDAwMCwidXBkYXRlIjoxODAwMDAwMDAwMDAwfX0=",
          "dependencies": [
            "azurerm_resource_group.security_outbound_rg"
          ]
        }
      ]
    },
    {
      "module": "module.security_outbound_fw",
      "mode": "managed",
      "type": "azurerm_network_security_group",
      "name": "mgmt",
      "provider": "provider[\"registry.terraform.io/hashicorp/azurerm\"]",
      "instances": [
        {
          "schema_version": 0,
          "attributes": {
            "id": "/subscriptions/137c8c89-2b20-4f91-96df-ae87343bb016/resourceGroups/security-outbound-rg/providers/Microsoft.Network/networkSecurityGroups/security-outbound-vm-nsg-mgmt",
            "location": "eastus",
            "name": "security-outbound-vm-nsg-mgmt",
            "resource_group_name": "security-outbound-rg",
            "security_rule": [
              {
                "access": "Allow",
                "description": "",
                "destination_address_prefix": "*",
                "destination_address_prefixes": [],
                "destination_application_security_group_ids": [],
                "destination_port_range": "",
                "destination_port_ranges": [
                  "22",
                  "443"
                ],
                "direction": "Inbound",
                "name": "mgmt-inbound",
                "priority": 1000,
                "protocol": "Tcp",
                "source_address_prefix": "0.0.0.0/0",
                "source_address_prefixes": [],
                "source_application_security_group_ids": [],
                "source_port_range": "*",
                "source_port_ranges": []
              }
            ],
            "tags": null,
            "timeouts": null
          },
          "sensitive_attributes": [],
          "private": "eyJlMmJmYjczMC1lY2FhLTExZTYtOGY4OC0zNDM2M2JjN2M0YzAiOnsiY3JlYXRlIjoxODAwMDAwMDAwMDAwLCJkZWxldGUiOjE4MDAwMDAwMDAwMDAsInJlYWQiOjMwMDAwMDAwMDAwMCwidXBkYXRlIjoxODAwMDAwMDAwMDAwfX0=",
          "dependencies": [
            "azurerm_resource_group.security_outbound_rg"
          ]
        }
      ]
    },
    {
      "module": "module.security_outbound_fw",
      "mode": "managed",
      "type": "azurerm_public_ip",
      "name": "nic0",
      "provider": "provider[\"registry.terraform.io/hashicorp/azurerm\"]",
      "instances": [
        {
          "index_key": 0,
          "schema_version": 0,
          "attributes": {
            "allocation_method": "Static",
            "domain_name_label": null,
            "fqdn": null,
            "id": "/subscriptions/137c8c89-2b20-4f91-96df-ae87343bb016/resourceGroups/security-outbound-rg/providers/Microsoft.Network/publicIPAddresses/security-outbound-vm1-nic0-pip",
            "idle_timeout_in_minutes": 4,
            "ip_address": "20.75.134.228",
            "ip_version": "IPv4",
            "location": "eastus",
            "name": "security-outbound-vm1-nic0-pip",
            "public_ip_prefix_id": null,
            "resource_group_name": "security-outbound-rg",
            "reverse_fqdn": null,
            "sku": "Standard",
            "tags": null,
            "timeouts": null,
            "zones": null
          },
          "sensitive_attributes": [],
          "private": "eyJlMmJmYjczMC1lY2FhLTExZTYtOGY4OC0zNDM2M2JjN2M0YzAiOnsiY3JlYXRlIjoxODAwMDAwMDAwMDAwLCJkZWxldGUiOjE4MDAwMDAwMDAwMDAsInJlYWQiOjMwMDAwMDAwMDAwMCwidXBkYXRlIjoxODAwMDAwMDAwMDAwfX0=",
          "dependencies": [
            "azurerm_resource_group.security_outbound_rg"
          ]
        },
        {
          "index_key": 1,
          "schema_version": 0,
          "attributes": {
            "allocation_method": "Static",
            "domain_name_label": null,
            "fqdn": null,
            "id": "/subscriptions/137c8c89-2b20-4f91-96df-ae87343bb016/resourceGroups/security-outbound-rg/providers/Microsoft.Network/publicIPAddresses/security-outbound-vm2-nic0-pip",
            "idle_timeout_in_minutes": 4,
            "ip_address": "20.75.134.227",
            "ip_version": "IPv4",
            "location": "eastus",
            "name": "security-outbound-vm2-nic0-pip",
            "public_ip_prefix_id": null,
            "resource_group_name": "security-outbound-rg",
            "reverse_fqdn": null,
            "sku": "Standard",
            "tags": null,
            "timeouts": null,
            "zones": null
          },
          "sensitive_attributes": [],
          "private": "eyJlMmJmYjczMC1lY2FhLTExZTYtOGY4OC0zNDM2M2JjN2M0YzAiOnsiY3JlYXRlIjoxODAwMDAwMDAwMDAwLCJkZWxldGUiOjE4MDAwMDAwMDAwMDAsInJlYWQiOjMwMDAwMDAwMDAwMCwidXBkYXRlIjoxODAwMDAwMDAwMDAwfX0=",
          "dependencies": [
            "azurerm_resource_group.security_outbound_rg"
          ]
        }
      ]
    },
    {
      "module": "module.security_outbound_fw",
      "mode": "managed",
      "type": "azurerm_public_ip",
      "name": "nic1",
      "provider": "provider[\"registry.terraform.io/hashicorp/azurerm\"]",
      "instances": [
        {
          "index_key": 0,
          "schema_version": 0,
          "attributes": {
            "allocation_method": "Static",
            "domain_name_label": null,
            "fqdn": null,
            "id": "/subscriptions/137c8c89-2b20-4f91-96df-ae87343bb016/resourceGroups/security-outbound-rg/providers/Microsoft.Network/publicIPAddresses/security-outbound-vm1-nic1-pip",
            "idle_timeout_in_minutes": 4,
            "ip_address": "20.75.134.245",
            "ip_version": "IPv4",
            "location": "eastus",
            "name": "security-outbound-vm1-nic1-pip",
            "public_ip_prefix_id": null,
            "resource_group_name": "security-outbound-rg",
            "reverse_fqdn": null,
            "sku": "Standard",
            "tags": null,
            "timeouts": null,
            "zones": null
          },
          "sensitive_attributes": [],
          "private": "eyJlMmJmYjczMC1lY2FhLTExZTYtOGY4OC0zNDM2M2JjN2M0YzAiOnsiY3JlYXRlIjoxODAwMDAwMDAwMDAwLCJkZWxldGUiOjE4MDAwMDAwMDAwMDAsInJlYWQiOjMwMDAwMDAwMDAwMCwidXBkYXRlIjoxODAwMDAwMDAwMDAwfX0=",
          "dependencies": [
            "azurerm_resource_group.security_outbound_rg"
          ]
        },
        {
          "index_key": 1,
          "schema_version": 0,
          "attributes": {
            "allocation_method": "Static",
            "domain_name_label": null,
            "fqdn": null,
            "id": "/subscriptions/137c8c89-2b20-4f91-96df-ae87343bb016/resourceGroups/security-outbound-rg/providers/Microsoft.Network/publicIPAddresses/security-outbound-vm2-nic1-pip",
            "idle_timeout_in_minutes": 4,
            "ip_address": "20.75.134.212",
            "ip_version": "IPv4",
            "location": "eastus",
            "name": "security-outbound-vm2-nic1-pip",
            "public_ip_prefix_id": null,
            "resource_group_name": "security-outbound-rg",
            "reverse_fqdn": null,
            "sku": "Standard",
            "tags": null,
            "timeouts": null,
            "zones": null
          },
          "sensitive_attributes": [],
          "private": "eyJlMmJmYjczMC1lY2FhLTExZTYtOGY4OC0zNDM2M2JjN2M0YzAiOnsiY3JlYXRlIjoxODAwMDAwMDAwMDAwLCJkZWxldGUiOjE4MDAwMDAwMDAwMDAsInJlYWQiOjMwMDAwMDAwMDAwMCwidXBkYXRlIjoxODAwMDAwMDAwMDAwfX0=",
          "dependencies": [
            "azurerm_resource_group.security_outbound_rg"
          ]
        }
      ]
    },
    {
      "module": "module.security_outbound_fw",
      "mode": "managed",
      "type": "azurerm_public_ip",
      "name": "nic2",
      "provider": "provider[\"registry.terraform.io/hashicorp/azurerm\"]",
      "instances": []
    },
    {
      "module": "module.security_outbound_fw",
      "mode": "managed",
      "type": "azurerm_virtual_machine",
      "name": "vmseries",
      "provider": "provider[\"registry.terraform.io/hashicorp/azurerm\"]",
      "instances": [
        {
          "index_key": 0,
          "schema_version": 0,
          "attributes": {
            "additional_capabilities": [],
            "availability_set_id": "/subscriptions/137c8c89-2b20-4f91-96df-ae87343bb016/resourcegroups/security-outbound-rg/providers/microsoft.compute/availabilitysets/security-outbound-avset",
            "boot_diagnostics": [],
            "delete_data_disks_on_termination": false,
            "delete_os_disk_on_termination": false,
            "id": "/subscriptions/137c8c89-2b20-4f91-96df-ae87343bb016/resourceGroups/security-outbound-rg/providers/Microsoft.Compute/virtualMachines/security-outbound-vm1",
            "identity": [],
            "license_type": null,
            "location": "eastus",
            "name": "security-outbound-vm1",
            "network_interface_ids": [
              "/subscriptions/137c8c89-2b20-4f91-96df-ae87343bb016/resourceGroups/security-outbound-rg/providers/Microsoft.Network/networkInterfaces/security-outbound-vm1-nic0",
              "/subscriptions/137c8c89-2b20-4f91-96df-ae87343bb016/resourceGroups/security-outbound-rg/providers/Microsoft.Network/networkInterfaces/security-outbound-vm1-nic1",
              "/subscriptions/137c8c89-2b20-4f91-96df-ae87343bb016/resourceGroups/security-outbound-rg/providers/Microsoft.Network/networkInterfaces/security-outbound-vm1-nic2"
            ],
            "os_profile": [
              {
                "admin_password": "Pal0Alt0@123",
                "admin_username": "paloalto",
                "computer_name": "security-outbound-vm1",
                "custom_data": "627ca39418a2cf92b0f6c53b4ae60f8293ff790f"
              }
            ],
            "os_profile_linux_config": [
              {
                "disable_password_authentication": false,
                "ssh_keys": []
              }
            ],
            "os_profile_secrets": [],
            "os_profile_windows_config": [],
            "plan": [
              {
                "name": "bundle1",
                "product": "vmseries-flex",
                "publisher": "paloaltonetworks"
              }
            ],
            "primary_network_interface_id": "/subscriptions/137c8c89-2b20-4f91-96df-ae87343bb016/resourceGroups/security-outbound-rg/providers/Microsoft.Network/networkInterfaces/security-outbound-vm1-nic0",
            "proximity_placement_group_id": null,
            "resource_group_name": "security-outbound-rg",
            "storage_data_disk": [],
            "storage_image_reference": [
              {
                "id": "",
                "offer": "vmseries-flex",
                "publisher": "paloaltonetworks",
                "sku": "bundle1",
                "version": "10.0.3"
              }
            ],
            "storage_os_disk": [
              {
                "caching": "ReadWrite",
                "create_option": "FromImage",
                "disk_size_gb": 60,
                "image_uri": "",
                "managed_disk_id": "/subscriptions/137c8c89-2b20-4f91-96df-ae87343bb016/resourceGroups/security-outbound-rg/providers/Microsoft.Compute/disks/security-outbound-vm1-osdisk",
                "managed_disk_type": "Standard_LRS",
                "name": "security-outbound-vm1-osdisk",
                "os_type": "Linux",
                "vhd_uri": "",
                "write_accelerator_enabled": false
              }
            ],
            "tags": null,
            "timeouts": null,
            "vm_size": "Standard_DS3_v2",
            "zones": null
          },
          "sensitive_attributes": [],
          "private": "eyJlMmJmYjczMC1lY2FhLTExZTYtOGY4OC0zNDM2M2JjN2M0YzAiOnsiY3JlYXRlIjozNjAwMDAwMDAwMDAwLCJkZWxldGUiOjM2MDAwMDAwMDAwMDAsInJlYWQiOjMwMDAwMDAwMDAwMCwidXBkYXRlIjozNjAwMDAwMDAwMDAwfX0=",
          "dependencies": [
            "azurerm_resource_group.security_outbound_rg",
            "azurerm_storage_account.security_outbound_storage",
            "module.security_outbound_fileshare.azurerm_storage_share.main",
            "module.security_outbound_fileshare.null_resource.dependency_setter",
            "module.security_outbound_fileshare.null_resource.upload",
            "module.security_outbound_fileshare.random_string.randomstring",
            "module.security_outbound_fw.azurerm_availability_set.default",
            "module.security_outbound_fw.azurerm_network_interface.nic0",
            "module.security_outbound_fw.azurerm_network_interface.nic1",
            "module.security_outbound_fw.azurerm_network_interface.nic2",
            "module.security_outbound_fw.azurerm_public_ip.nic0",
            "module.security_outbound_fw.azurerm_public_ip.nic1",
            "module.security_outbound_fw.azurerm_public_ip.nic2",
            "module.security_outbound_fw.null_resource.dependency_getter",
            "module.security_outbound_vnet.azurerm_subnet.main",
            "module.security_outbound_vnet.azurerm_virtual_network.main",
            "random_string.security_outbound"
          ]
        },
        {
          "index_key": 1,
          "schema_version": 0,
          "attributes": {
            "additional_capabilities": [],
            "availability_set_id": "/subscriptions/137c8c89-2b20-4f91-96df-ae87343bb016/resourcegroups/security-outbound-rg/providers/microsoft.compute/availabilitysets/security-outbound-avset",
            "boot_diagnostics": [],
            "delete_data_disks_on_termination": false,
            "delete_os_disk_on_termination": false,
            "id": "/subscriptions/137c8c89-2b20-4f91-96df-ae87343bb016/resourceGroups/security-outbound-rg/providers/Microsoft.Compute/virtualMachines/security-outbound-vm2",
            "identity": [],
            "license_type": null,
            "location": "eastus",
            "name": "security-outbound-vm2",
            "network_interface_ids": [
              "/subscriptions/137c8c89-2b20-4f91-96df-ae87343bb016/resourceGroups/security-outbound-rg/providers/Microsoft.Network/networkInterfaces/security-outbound-vm2-nic0",
              "/subscriptions/137c8c89-2b20-4f91-96df-ae87343bb016/resourceGroups/security-outbound-rg/providers/Microsoft.Network/networkInterfaces/security-outbound-vm2-nic1",
              "/subscriptions/137c8c89-2b20-4f91-96df-ae87343bb016/resourceGroups/security-outbound-rg/providers/Microsoft.Network/networkInterfaces/security-outbound-vm2-nic2"
            ],
            "os_profile": [
              {
                "admin_password": "Pal0Alt0@123",
                "admin_username": "paloalto",
                "computer_name": "security-outbound-vm2",
                "custom_data": "627ca39418a2cf92b0f6c53b4ae60f8293ff790f"
              }
            ],
            "os_profile_linux_config": [
              {
                "disable_password_authentication": false,
                "ssh_keys": []
              }
            ],
            "os_profile_secrets": [],
            "os_profile_windows_config": [],
            "plan": [
              {
                "name": "bundle1",
                "product": "vmseries-flex",
                "publisher": "paloaltonetworks"
              }
            ],
            "primary_network_interface_id": "/subscriptions/137c8c89-2b20-4f91-96df-ae87343bb016/resourceGroups/security-outbound-rg/providers/Microsoft.Network/networkInterfaces/security-outbound-vm2-nic0",
            "proximity_placement_group_id": null,
            "resource_group_name": "security-outbound-rg",
            "storage_data_disk": [],
            "storage_image_reference": [
              {
                "id": "",
                "offer": "vmseries-flex",
                "publisher": "paloaltonetworks",
                "sku": "bundle1",
                "version": "10.0.3"
              }
            ],
            "storage_os_disk": [
              {
                "caching": "ReadWrite",
                "create_option": "FromImage",
                "disk_size_gb": 60,
                "image_uri": "",
                "managed_disk_id": "/subscriptions/137c8c89-2b20-4f91-96df-ae87343bb016/resourceGroups/security-outbound-rg/providers/Microsoft.Compute/disks/security-outbound-vm2-osdisk",
                "managed_disk_type": "Standard_LRS",
                "name": "security-outbound-vm2-osdisk",
                "os_type": "Linux",
                "vhd_uri": "",
                "write_accelerator_enabled": false
              }
            ],
            "tags": null,
            "timeouts": null,
            "vm_size": "Standard_DS3_v2",
            "zones": null
          },
          "sensitive_attributes": [],
          "private": "eyJlMmJmYjczMC1lY2FhLTExZTYtOGY4OC0zNDM2M2JjN2M0YzAiOnsiY3JlYXRlIjozNjAwMDAwMDAwMDAwLCJkZWxldGUiOjM2MDAwMDAwMDAwMDAsInJlYWQiOjMwMDAwMDAwMDAwMCwidXBkYXRlIjozNjAwMDAwMDAwMDAwfX0=",
          "dependencies": [
            "azurerm_resource_group.security_outbound_rg",
            "azurerm_storage_account.security_outbound_storage",
            "module.security_outbound_fileshare.azurerm_storage_share.main",
            "module.security_outbound_fileshare.null_resource.dependency_setter",
            "module.security_outbound_fileshare.null_resource.upload",
            "module.security_outbound_fileshare.random_string.randomstring",
            "module.security_outbound_fw.azurerm_availability_set.default",
            "module.security_outbound_fw.azurerm_network_interface.nic0",
            "module.security_outbound_fw.azurerm_network_interface.nic1",
            "module.security_outbound_fw.azurerm_network_interface.nic2",
            "module.security_outbound_fw.azurerm_public_ip.nic0",
            "module.security_outbound_fw.azurerm_public_ip.nic1",
            "module.security_outbound_fw.azurerm_public_ip.nic2",
            "module.security_outbound_fw.null_resource.dependency_getter",
            "module.security_outbound_vnet.azurerm_subnet.main",
            "module.security_outbound_vnet.azurerm_virtual_network.main",
            "random_string.security_outbound"
          ]
        }
      ]
    },
    {
      "module": "module.security_outbound_fw",
      "mode": "managed",
      "type": "null_resource",
      "name": "dependency_getter",
      "provider": "provider[\"registry.terraform.io/hashicorp/null\"]",
      "instances": [
        {
          "schema_version": 0,
          "attributes": {
            "id": "7388221831827646017",
            "triggers": null
          },
          "sensitive_attributes": [],
          "private": "bnVsbA==",
          "dependencies": [
            "azurerm_resource_group.security_outbound_rg",
            "azurerm_storage_account.security_outbound_storage",
            "module.security_outbound_fileshare.azurerm_storage_share.main",
            "module.security_outbound_fileshare.null_resource.dependency_setter",
            "module.security_outbound_fileshare.null_resource.upload",
            "module.security_outbound_fileshare.random_string.randomstring",
            "random_string.security_outbound"
          ]
        }
      ]
    },
    {
      "module": "module.security_outbound_intlb",
      "mode": "managed",
      "type": "azurerm_lb",
      "name": "main",
      "provider": "provider[\"registry.terraform.io/hashicorp/azurerm\"]",
      "instances": [
        {
          "schema_version": 0,
          "attributes": {
            "frontend_ip_configuration": [
              {
                "id": "/subscriptions/137c8c89-2b20-4f91-96df-ae87343bb016/resourceGroups/security-outbound-rg/providers/Microsoft.Network/loadBalancers/security-outbound-internal-lb/frontendIPConfigurations/LoadBalancerFrontEnd",
                "inbound_nat_rules": [],
                "load_balancer_rules": [],
                "name": "LoadBalancerFrontEnd",
                "outbound_rules": [],
                "private_ip_address": "10.0.2.100",
                "private_ip_address_allocation": "Static",
                "private_ip_address_version": "IPv4",
                "public_ip_address_id": "",
                "public_ip_prefix_id": "",
                "subnet_id": "/subscriptions/137c8c89-2b20-4f91-96df-ae87343bb016/resourceGroups/security-outbound-rg/providers/Microsoft.Network/virtualNetworks/security-outbound-vnet/subnets/trust",
                "zones": null
              }
            ],
            "id": "/subscriptions/137c8c89-2b20-4f91-96df-ae87343bb016/resourceGroups/security-outbound-rg/providers/Microsoft.Network/loadBalancers/security-outbound-internal-lb",
            "location": "eastus",
            "name": "security-outbound-internal-lb",
            "private_ip_address": "10.0.2.100",
            "private_ip_addresses": [
              "10.0.2.100"
            ],
            "resource_group_name": "security-outbound-rg",
            "sku": "Standard",
            "tags": null,
            "timeouts": null
          },
          "sensitive_attributes": [],
          "private": "eyJlMmJmYjczMC1lY2FhLTExZTYtOGY4OC0zNDM2M2JjN2M0YzAiOnsiY3JlYXRlIjoxODAwMDAwMDAwMDAwLCJkZWxldGUiOjE4MDAwMDAwMDAwMDAsInJlYWQiOjMwMDAwMDAwMDAwMCwidXBkYXRlIjoxODAwMDAwMDAwMDAwfX0=",
          "dependencies": [
            "azurerm_resource_group.security_outbound_rg",
            "module.security_outbound_intlb.azurerm_public_ip.main",
            "module.security_outbound_vnet.azurerm_subnet.main",
            "module.security_outbound_vnet.azurerm_virtual_network.main"
          ]
        }
      ]
    },
    {
      "module": "module.security_outbound_intlb",
      "mode": "managed",
      "type": "azurerm_lb_backend_address_pool",
      "name": "main",
      "provider": "provider[\"registry.terraform.io/hashicorp/azurerm\"]",
      "instances": [
        {
          "schema_version": 0,
          "attributes": {
            "backend_address": [],
            "backend_ip_configurations": [],
            "id": "/subscriptions/137c8c89-2b20-4f91-96df-ae87343bb016/resourceGroups/security-outbound-rg/providers/Microsoft.Network/loadBalancers/security-outbound-internal-lb/backendAddressPools/LoadBalancerBackendPool",
            "load_balancing_rules": [],
            "loadbalancer_id": "/subscriptions/137c8c89-2b20-4f91-96df-ae87343bb016/resourceGroups/security-outbound-rg/providers/Microsoft.Network/loadBalancers/security-outbound-internal-lb",
            "name": "LoadBalancerBackendPool",
            "outbound_rules": [],
            "resource_group_name": "security-outbound-rg",
            "timeouts": null
          },
          "sensitive_attributes": [],
          "private": "eyJlMmJmYjczMC1lY2FhLTExZTYtOGY4OC0zNDM2M2JjN2M0YzAiOnsiY3JlYXRlIjoxODAwMDAwMDAwMDAwLCJkZWxldGUiOjE4MDAwMDAwMDAwMDAsInJlYWQiOjMwMDAwMDAwMDAwMCwidXBkYXRlIjoxODAwMDAwMDAwMDAwfX0=",
          "dependencies": [
            "azurerm_resource_group.security_outbound_rg",
            "module.security_outbound_intlb.azurerm_lb.main",
            "module.security_outbound_intlb.azurerm_public_ip.main",
            "module.security_outbound_vnet.azurerm_subnet.main",
            "module.security_outbound_vnet.azurerm_virtual_network.main"
          ]
        }
      ]
    },
    {
      "module": "module.security_outbound_intlb",
      "mode": "managed",
      "type": "azurerm_lb_probe",
      "name": "main",
      "provider": "provider[\"registry.terraform.io/hashicorp/azurerm\"]",
      "instances": [
        {
          "index_key": 0,
          "schema_version": 0,
          "attributes": {
            "id": "/subscriptions/137c8c89-2b20-4f91-96df-ae87343bb016/resourceGroups/security-outbound-rg/providers/Microsoft.Network/loadBalancers/security-outbound-internal-lb/probes/HealthProbe-22",
            "interval_in_seconds": 15,
            "load_balancer_rules": [],
            "loadbalancer_id": "/subscriptions/137c8c89-2b20-4f91-96df-ae87343bb016/resourceGroups/security-outbound-rg/providers/Microsoft.Network/loadBalancers/security-outbound-internal-lb",
            "name": "HealthProbe-22",
            "number_of_probes": 2,
            "port": 22,
            "protocol": "Tcp",
            "request_path": "",
            "resource_group_name": "security-outbound-rg",
            "timeouts": null
          },
          "sensitive_attributes": [],
          "private": "eyJlMmJmYjczMC1lY2FhLTExZTYtOGY4OC0zNDM2M2JjN2M0YzAiOnsiY3JlYXRlIjoxODAwMDAwMDAwMDAwLCJkZWxldGUiOjE4MDAwMDAwMDAwMDAsInJlYWQiOjMwMDAwMDAwMDAwMCwidXBkYXRlIjoxODAwMDAwMDAwMDAwfX0=",
          "dependencies": [
            "azurerm_resource_group.security_outbound_rg",
            "module.security_outbound_intlb.azurerm_lb.main",
            "module.security_outbound_intlb.azurerm_public_ip.main",
            "module.security_outbound_vnet.azurerm_subnet.main",
            "module.security_outbound_vnet.azurerm_virtual_network.main"
          ]
        }
      ]
    },
    {
      "module": "module.security_outbound_intlb",
      "mode": "managed",
      "type": "azurerm_lb_rule",
      "name": "main",
      "provider": "provider[\"registry.terraform.io/hashicorp/azurerm\"]",
      "instances": [
        {
          "index_key": 0,
          "schema_version": 0,
          "attributes": {
            "backend_address_pool_id": "/subscriptions/137c8c89-2b20-4f91-96df-ae87343bb016/resourceGroups/security-outbound-rg/providers/Microsoft.Network/loadBalancers/security-outbound-internal-lb/backendAddressPools/LoadBalancerBackendPool",
            "backend_port": 0,
            "disable_outbound_snat": false,
            "enable_floating_ip": true,
            "enable_tcp_reset": false,
            "frontend_ip_configuration_id": "/subscriptions/137c8c89-2b20-4f91-96df-ae87343bb016/resourceGroups/security-outbound-rg/providers/Microsoft.Network/loadBalancers/security-outbound-internal-lb/frontendIPConfigurations/LoadBalancerFrontEnd",
            "frontend_ip_configuration_name": "LoadBalancerFrontEnd",
            "frontend_port": 0,
            "id": "/subscriptions/137c8c89-2b20-4f91-96df-ae87343bb016/resourceGroups/security-outbound-rg/providers/Microsoft.Network/loadBalancers/security-outbound-internal-lb/loadBalancingRules/rule-0",
            "idle_timeout_in_minutes": 4,
            "load_distribution": "Default",
            "loadbalancer_id": "/subscriptions/137c8c89-2b20-4f91-96df-ae87343bb016/resourceGroups/security-outbound-rg/providers/Microsoft.Network/loadBalancers/security-outbound-internal-lb",
            "name": "rule-0",
            "probe_id": "/subscriptions/137c8c89-2b20-4f91-96df-ae87343bb016/resourceGroups/security-outbound-rg/providers/Microsoft.Network/loadBalancers/security-outbound-internal-lb/probes/HealthProbe-22",
            "protocol": "All",
            "resource_group_name": "security-outbound-rg",
            "timeouts": null
          },
          "sensitive_attributes": [],
          "private": "eyJlMmJmYjczMC1lY2FhLTExZTYtOGY4OC0zNDM2M2JjN2M0YzAiOnsiY3JlYXRlIjoxODAwMDAwMDAwMDAwLCJkZWxldGUiOjE4MDAwMDAwMDAwMDAsInJlYWQiOjMwMDAwMDAwMDAwMCwidXBkYXRlIjoxODAwMDAwMDAwMDAwfX0=",
          "dependencies": [
            "azurerm_resource_group.security_outbound_rg",
            "module.security_outbound_intlb.azurerm_lb.main",
            "module.security_outbound_intlb.azurerm_lb_backend_address_pool.main",
            "module.security_outbound_intlb.azurerm_lb_probe.main",
            "module.security_outbound_intlb.azurerm_public_ip.main",
            "module.security_outbound_vnet.azurerm_subnet.main",
            "module.security_outbound_vnet.azurerm_virtual_network.main"
          ]
        }
      ]
    },
    {
      "module": "module.security_outbound_intlb",
      "mode": "managed",
      "type": "azurerm_network_interface_backend_address_pool_association",
      "name": "main",
      "provider": "provider[\"registry.terraform.io/hashicorp/azurerm\"]",
      "instances": [
        {
          "index_key": 0,
          "schema_version": 0,
          "attributes": {
            "backend_address_pool_id": "/subscriptions/137c8c89-2b20-4f91-96df-ae87343bb016/resourceGroups/security-outbound-rg/providers/Microsoft.Network/loadBalancers/security-outbound-internal-lb/backendAddressPools/LoadBalancerBackendPool",
            "id": "/subscriptions/137c8c89-2b20-4f91-96df-ae87343bb016/resourceGroups/security-outbound-rg/providers/Microsoft.Network/networkInterfaces/security-outbound-vm1-nic2/ipConfigurations/ipconfig1|/subscriptions/137c8c89-2b20-4f91-96df-ae87343bb016/resourceGroups/security-outbound-rg/providers/Microsoft.Network/loadBalancers/security-outbound-internal-lb/backendAddressPools/LoadBalancerBackendPool",
            "ip_configuration_name": "ipconfig1",
            "network_interface_id": "/subscriptions/137c8c89-2b20-4f91-96df-ae87343bb016/resourceGroups/security-outbound-rg/providers/Microsoft.Network/networkInterfaces/security-outbound-vm1-nic2",
            "timeouts": null
          },
          "sensitive_attributes": [],
          "private": "eyJlMmJmYjczMC1lY2FhLTExZTYtOGY4OC0zNDM2M2JjN2M0YzAiOnsiY3JlYXRlIjoxODAwMDAwMDAwMDAwLCJkZWxldGUiOjE4MDAwMDAwMDAwMDAsInJlYWQiOjMwMDAwMDAwMDAwMCwidXBkYXRlIjoxODAwMDAwMDAwMDAwfX0=",
          "dependencies": [
            "azurerm_resource_group.security_outbound_rg",
            "module.security_outbound_fw.azurerm_network_interface.nic2",
            "module.security_outbound_fw.azurerm_public_ip.nic2",
            "module.security_outbound_intlb.azurerm_lb.main",
            "module.security_outbound_intlb.azurerm_lb_backend_address_pool.main",
            "module.security_outbound_intlb.azurerm_public_ip.main",
            "module.security_outbound_vnet.azurerm_subnet.main",
            "module.security_outbound_vnet.azurerm_virtual_network.main"
          ]
        },
        {
          "index_key": 1,
          "schema_version": 0,
          "attributes": {
            "backend_address_pool_id": "/subscriptions/137c8c89-2b20-4f91-96df-ae87343bb016/resourceGroups/security-outbound-rg/providers/Microsoft.Network/loadBalancers/security-outbound-internal-lb/backendAddressPools/LoadBalancerBackendPool",
            "id": "/subscriptions/137c8c89-2b20-4f91-96df-ae87343bb016/resourceGroups/security-outbound-rg/providers/Microsoft.Network/networkInterfaces/security-outbound-vm2-nic2/ipConfigurations/ipconfig1|/subscriptions/137c8c89-2b20-4f91-96df-ae87343bb016/resourceGroups/security-outbound-rg/providers/Microsoft.Network/loadBalancers/security-outbound-internal-lb/backendAddressPools/LoadBalancerBackendPool",
            "ip_configuration_name": "ipconfig1",
            "network_interface_id": "/subscriptions/137c8c89-2b20-4f91-96df-ae87343bb016/resourceGroups/security-outbound-rg/providers/Microsoft.Network/networkInterfaces/security-outbound-vm2-nic2",
            "timeouts": null
          },
          "sensitive_attributes": [],
          "private": "eyJlMmJmYjczMC1lY2FhLTExZTYtOGY4OC0zNDM2M2JjN2M0YzAiOnsiY3JlYXRlIjoxODAwMDAwMDAwMDAwLCJkZWxldGUiOjE4MDAwMDAwMDAwMDAsInJlYWQiOjMwMDAwMDAwMDAwMCwidXBkYXRlIjoxODAwMDAwMDAwMDAwfX0=",
          "dependencies": [
            "azurerm_resource_group.security_outbound_rg",
            "module.security_outbound_fw.azurerm_network_interface.nic2",
            "module.security_outbound_fw.azurerm_public_ip.nic2",
            "module.security_outbound_intlb.azurerm_lb.main",
            "module.security_outbound_intlb.azurerm_lb_backend_address_pool.main",
            "module.security_outbound_intlb.azurerm_public_ip.main",
            "module.security_outbound_vnet.azurerm_subnet.main",
            "module.security_outbound_vnet.azurerm_virtual_network.main"
          ]
        }
      ]
    },
    {
      "module": "module.security_outbound_vnet",
      "mode": "managed",
      "type": "azurerm_subnet",
      "name": "main",
      "provider": "provider[\"registry.terraform.io/hashicorp/azurerm\"]",
      "instances": [
        {
          "index_key": 0,
          "schema_version": 0,
          "attributes": {
            "address_prefix": "10.0.0.0/24",
            "address_prefixes": [
              "10.0.0.0/24"
            ],
            "delegation": [],
            "enforce_private_link_endpoint_network_policies": false,
            "enforce_private_link_service_network_policies": false,
            "id": "/subscriptions/137c8c89-2b20-4f91-96df-ae87343bb016/resourceGroups/security-outbound-rg/providers/Microsoft.Network/virtualNetworks/security-outbound-vnet/subnets/mgmt",
            "name": "mgmt",
            "resource_group_name": "security-outbound-rg",
            "service_endpoint_policy_ids": null,
            "service_endpoints": null,
            "timeouts": null,
            "virtual_network_name": "security-outbound-vnet"
          },
          "sensitive_attributes": [],
          "private": "eyJlMmJmYjczMC1lY2FhLTExZTYtOGY4OC0zNDM2M2JjN2M0YzAiOnsiY3JlYXRlIjoxODAwMDAwMDAwMDAwLCJkZWxldGUiOjE4MDAwMDAwMDAwMDAsInJlYWQiOjMwMDAwMDAwMDAwMCwidXBkYXRlIjoxODAwMDAwMDAwMDAwfX0=",
          "dependencies": [
            "azurerm_resource_group.security_outbound_rg",
            "module.security_outbound_vnet.azurerm_virtual_network.main"
          ]
        },
        {
          "index_key": 1,
          "schema_version": 0,
          "attributes": {
            "address_prefix": "10.0.1.0/24",
            "address_prefixes": [
              "10.0.1.0/24"
            ],
            "delegation": [],
            "enforce_private_link_endpoint_network_policies": false,
            "enforce_private_link_service_network_policies": false,
            "id": "/subscriptions/137c8c89-2b20-4f91-96df-ae87343bb016/resourceGroups/security-outbound-rg/providers/Microsoft.Network/virtualNetworks/security-outbound-vnet/subnets/untrust",
            "name": "untrust",
            "resource_group_name": "security-outbound-rg",
            "service_endpoint_policy_ids": null,
            "service_endpoints": null,
            "timeouts": null,
            "virtual_network_name": "security-outbound-vnet"
          },
          "sensitive_attributes": [],
          "private": "eyJlMmJmYjczMC1lY2FhLTExZTYtOGY4OC0zNDM2M2JjN2M0YzAiOnsiY3JlYXRlIjoxODAwMDAwMDAwMDAwLCJkZWxldGUiOjE4MDAwMDAwMDAwMDAsInJlYWQiOjMwMDAwMDAwMDAwMCwidXBkYXRlIjoxODAwMDAwMDAwMDAwfX0=",
          "dependencies": [
            "azurerm_resource_group.security_outbound_rg",
            "module.security_outbound_vnet.azurerm_virtual_network.main"
          ]
        },
        {
          "index_key": 2,
          "schema_version": 0,
          "attributes": {
            "address_prefix": "10.0.2.0/24",
            "address_prefixes": [
              "10.0.2.0/24"
            ],
            "delegation": [],
            "enforce_private_link_endpoint_network_policies": false,
            "enforce_private_link_service_network_policies": false,
            "id": "/subscriptions/137c8c89-2b20-4f91-96df-ae87343bb016/resourceGroups/security-outbound-rg/providers/Microsoft.Network/virtualNetworks/security-outbound-vnet/subnets/trust",
            "name": "trust",
            "resource_group_name": "security-outbound-rg",
            "service_endpoint_policy_ids": null,
            "service_endpoints": null,
            "timeouts": null,
            "virtual_network_name": "security-outbound-vnet"
          },
          "sensitive_attributes": [],
          "private": "eyJlMmJmYjczMC1lY2FhLTExZTYtOGY4OC0zNDM2M2JjN2M0YzAiOnsiY3JlYXRlIjoxODAwMDAwMDAwMDAwLCJkZWxldGUiOjE4MDAwMDAwMDAwMDAsInJlYWQiOjMwMDAwMDAwMDAwMCwidXBkYXRlIjoxODAwMDAwMDAwMDAwfX0=",
          "dependencies": [
            "azurerm_resource_group.security_outbound_rg",
            "module.security_outbound_vnet.azurerm_virtual_network.main"
          ]
        }
      ]
    },
    {
      "module": "module.security_outbound_vnet",
      "mode": "managed",
      "type": "azurerm_virtual_network",
      "name": "main",
      "provider": "provider[\"registry.terraform.io/hashicorp/azurerm\"]",
      "instances": [
        {
          "schema_version": 0,
          "attributes": {
            "address_space": [
              "10.0.0.0/16"
            ],
            "bgp_community": "",
            "ddos_protection_plan": [],
            "dns_servers": [],
            "guid": "90938ea5-ea94-4dcd-aa7f-38c2f37436b4",
            "id": "/subscriptions/137c8c89-2b20-4f91-96df-ae87343bb016/resourceGroups/security-outbound-rg/providers/Microsoft.Network/virtualNetworks/security-outbound-vnet",
            "location": "eastus",
            "name": "security-outbound-vnet",
            "resource_group_name": "security-outbound-rg",
            "subnet": [],
            "tags": {
              "tag1": "",
              "tag2": ""
            },
            "timeouts": null,
            "vm_protection_enabled": false
          },
          "sensitive_attributes": [],
          "private": "eyJlMmJmYjczMC1lY2FhLTExZTYtOGY4OC0zNDM2M2JjN2M0YzAiOnsiY3JlYXRlIjoxODAwMDAwMDAwMDAwLCJkZWxldGUiOjE4MDAwMDAwMDAwMDAsInJlYWQiOjMwMDAwMDAwMDAwMCwidXBkYXRlIjoxODAwMDAwMDAwMDAwfX0=",
          "dependencies": [
            "azurerm_resource_group.security_outbound_rg"
          ]
        }
      ]
    },
    {
      "module": "module.spoke_local_vm",
      "mode": "managed",
      "type": "azurerm_network_interface",
      "name": "main",
      "provider": "provider[\"registry.terraform.io/hashicorp/azurerm\"]",
      "instances": [
        {
          "index_key": 0,
          "schema_version": 0,
          "attributes": {
            "applied_dns_servers": [],
            "dns_servers": [],
            "enable_accelerated_networking": false,
            "enable_ip_forwarding": false,
            "id": "/subscriptions/137c8c89-2b20-4f91-96df-ae87343bb016/resourceGroups/local-spoke-rg/providers/Microsoft.Network/networkInterfaces/local-spoke-vm1-nic0",
            "internal_dns_name_label": "",
            "internal_domain_name_suffix": "5eoqdu2lj0nevph3r1p2lcaeih.bx.internal.cloudapp.net",
            "ip_configuration": [
              {
                "name": "ipconfig1",
                "primary": true,
                "private_ip_address": "10.3.0.4",
                "private_ip_address_allocation": "Dynamic",
                "private_ip_address_version": "IPv4",
                "public_ip_address_id": "",
                "subnet_id": "/subscriptions/137c8c89-2b20-4f91-96df-ae87343bb016/resourceGroups/local-spoke-rg/providers/Microsoft.Network/virtualNetworks/local-spoke-vnet/subnets/default"
              }
            ],
            "location": "eastus",
            "mac_address": "",
            "name": "local-spoke-vm1-nic0",
            "private_ip_address": "10.3.0.4",
            "private_ip_addresses": [
              "10.3.0.4"
            ],
            "resource_group_name": "local-spoke-rg",
            "tags": null,
            "timeouts": null,
            "virtual_machine_id": ""
          },
          "sensitive_attributes": [],
          "private": "eyJlMmJmYjczMC1lY2FhLTExZTYtOGY4OC0zNDM2M2JjN2M0YzAiOnsiY3JlYXRlIjoxODAwMDAwMDAwMDAwLCJkZWxldGUiOjE4MDAwMDAwMDAwMDAsInJlYWQiOjMwMDAwMDAwMDAwMCwidXBkYXRlIjoxODAwMDAwMDAwMDAwfX0=",
          "dependencies": [
            "azurerm_resource_group.spoke_local_rg",
            "module.spoke_local_vm.azurerm_public_ip.main",
            "module.spoke_local_vnet.azurerm_subnet.main",
            "module.spoke_local_vnet.azurerm_virtual_network.main"
          ]
        }
      ]
    },
    {
      "module": "module.spoke_local_vm",
      "mode": "managed",
      "type": "azurerm_network_interface_security_group_association",
      "name": "main",
      "provider": "provider[\"registry.terraform.io/hashicorp/azurerm\"]",
      "instances": [
        {
          "index_key": 0,
          "schema_version": 0,
          "attributes": {
            "id": "/subscriptions/137c8c89-2b20-4f91-96df-ae87343bb016/resourceGroups/local-spoke-rg/providers/Microsoft.Network/networkInterfaces/local-spoke-vm1-nic0|/subscriptions/137c8c89-2b20-4f91-96df-ae87343bb016/resourceGroups/local-spoke-rg/providers/Microsoft.Network/networkSecurityGroups/local-spoke-vm-nsg",
            "network_interface_id": "/subscriptions/137c8c89-2b20-4f91-96df-ae87343bb016/resourceGroups/local-spoke-rg/providers/Microsoft.Network/networkInterfaces/local-spoke-vm1-nic0",
            "network_security_group_id": "/subscriptions/137c8c89-2b20-4f91-96df-ae87343bb016/resourceGroups/local-spoke-rg/providers/Microsoft.Network/networkSecurityGroups/local-spoke-vm-nsg",
            "timeouts": null
          },
          "sensitive_attributes": [],
          "private": "eyJlMmJmYjczMC1lY2FhLTExZTYtOGY4OC0zNDM2M2JjN2M0YzAiOnsiY3JlYXRlIjoxODAwMDAwMDAwMDAwLCJkZWxldGUiOjE4MDAwMDAwMDAwMDAsInJlYWQiOjMwMDAwMDAwMDAwMCwidXBkYXRlIjoxODAwMDAwMDAwMDAwfX0=",
          "dependencies": [
            "azurerm_resource_group.spoke_local_rg",
            "module.spoke_local_vm.azurerm_network_interface.main",
            "module.spoke_local_vm.azurerm_network_security_group.main",
            "module.spoke_local_vm.azurerm_public_ip.main",
            "module.spoke_local_vm.azurerm_virtual_machine.main",
            "module.spoke_local_vnet.azurerm_subnet.main",
            "module.spoke_local_vnet.azurerm_virtual_network.main"
          ]
        }
      ]
    },
    {
      "module": "module.spoke_local_vm",
      "mode": "managed",
      "type": "azurerm_network_security_group",
      "name": "main",
      "provider": "provider[\"registry.terraform.io/hashicorp/azurerm\"]",
      "instances": [
        {
          "schema_version": 0,
          "attributes": {
            "id": "/subscriptions/137c8c89-2b20-4f91-96df-ae87343bb016/resourceGroups/local-spoke-rg/providers/Microsoft.Network/networkSecurityGroups/local-spoke-vm-nsg",
            "location": "eastus",
            "name": "local-spoke-vm-nsg",
            "resource_group_name": "local-spoke-rg",
            "security_rule": [
              {
                "access": "Allow",
                "description": "",
                "destination_address_prefix": "*",
                "destination_address_prefixes": [],
                "destination_application_security_group_ids": [],
                "destination_port_range": "*",
                "destination_port_ranges": [],
                "direction": "Inbound",
                "name": "data-inbound",
                "priority": 1000,
                "protocol": "*",
                "source_address_prefix": "*",
                "source_address_prefixes": [],
                "source_application_security_group_ids": [],
                "source_port_range": "*",
                "source_port_ranges": []
              },
              {
                "access": "Allow",
                "description": "",
                "destination_address_prefix": "*",
                "destination_address_prefixes": [],
                "destination_application_security_group_ids": [],
                "destination_port_range": "*",
                "destination_port_ranges": [],
                "direction": "Outbound",
                "name": "data-outbound",
                "priority": 1000,
                "protocol": "*",
                "source_address_prefix": "*",
                "source_address_prefixes": [],
                "source_application_security_group_ids": [],
                "source_port_range": "*",
                "source_port_ranges": []
              }
            ],
            "tags": null,
            "timeouts": null
          },
          "sensitive_attributes": [],
          "private": "eyJlMmJmYjczMC1lY2FhLTExZTYtOGY4OC0zNDM2M2JjN2M0YzAiOnsiY3JlYXRlIjoxODAwMDAwMDAwMDAwLCJkZWxldGUiOjE4MDAwMDAwMDAwMDAsInJlYWQiOjMwMDAwMDAwMDAwMCwidXBkYXRlIjoxODAwMDAwMDAwMDAwfX0=",
          "dependencies": [
            "azurerm_resource_group.spoke_local_rg"
          ]
        }
      ]
    },
    {
      "module": "module.spoke_local_vm",
      "mode": "managed",
      "type": "azurerm_virtual_machine",
      "name": "main",
      "provider": "provider[\"registry.terraform.io/hashicorp/azurerm\"]",
      "instances": [
        {
          "index_key": 0,
          "schema_version": 0,
          "attributes": {
            "additional_capabilities": [],
            "availability_set_id": null,
            "boot_diagnostics": [],
            "delete_data_disks_on_termination": true,
            "delete_os_disk_on_termination": true,
            "id": "/subscriptions/137c8c89-2b20-4f91-96df-ae87343bb016/resourceGroups/local-spoke-rg/providers/Microsoft.Compute/virtualMachines/local-spoke-vm1",
            "identity": [],
            "license_type": null,
            "location": "eastus",
            "name": "local-spoke-vm1",
            "network_interface_ids": [
              "/subscriptions/137c8c89-2b20-4f91-96df-ae87343bb016/resourceGroups/local-spoke-rg/providers/Microsoft.Network/networkInterfaces/local-spoke-vm1-nic0"
            ],
            "os_profile": [
              {
                "admin_password": "Pal0Alt0@123",
                "admin_username": "paloalto",
                "computer_name": "local-spoke-vm1",
                "custom_data": "da39a3ee5e6b4b0d3255bfef95601890afd80709"
              }
            ],
            "os_profile_linux_config": [
              {
                "disable_password_authentication": false,
                "ssh_keys": []
              }
            ],
            "os_profile_secrets": [],
            "os_profile_windows_config": [],
            "plan": [],
            "primary_network_interface_id": null,
            "proximity_placement_group_id": null,
            "resource_group_name": "local-spoke-rg",
            "storage_data_disk": [],
            "storage_image_reference": [
              {
                "id": "",
                "offer": "UbuntuServer",
                "publisher": "Canonical",
                "sku": "16.04-LTS",
                "version": "latest"
              }
            ],
            "storage_os_disk": [
              {
                "caching": "ReadWrite",
                "create_option": "FromImage",
                "disk_size_gb": 30,
                "image_uri": "",
                "managed_disk_id": "/subscriptions/137c8c89-2b20-4f91-96df-ae87343bb016/resourceGroups/local-spoke-rg/providers/Microsoft.Compute/disks/local-spoke-vm1",
                "managed_disk_type": "Standard_LRS",
                "name": "local-spoke-vm1",
                "os_type": "Linux",
                "vhd_uri": "",
                "write_accelerator_enabled": false
              }
            ],
            "tags": {
              "allow-internet": "yes",
              "trusted-resource": "yes"
            },
            "timeouts": null,
            "vm_size": "Standard_B1s",
            "zones": null
          },
          "sensitive_attributes": [],
          "private": "eyJlMmJmYjczMC1lY2FhLTExZTYtOGY4OC0zNDM2M2JjN2M0YzAiOnsiY3JlYXRlIjozNjAwMDAwMDAwMDAwLCJkZWxldGUiOjM2MDAwMDAwMDAwMDAsInJlYWQiOjMwMDAwMDAwMDAwMCwidXBkYXRlIjozNjAwMDAwMDAwMDAwfX0=",
          "dependencies": [
            "azurerm_resource_group.spoke_local_rg",
            "module.spoke_local_vm.azurerm_network_interface.main",
            "module.spoke_local_vm.azurerm_public_ip.main",
            "module.spoke_local_vnet.azurerm_subnet.main",
            "module.spoke_local_vnet.azurerm_virtual_network.main"
          ]
        }
      ]
    },
    {
      "module": "module.spoke_local_vnet",
      "mode": "managed",
      "type": "azurerm_subnet",
      "name": "main",
      "provider": "provider[\"registry.terraform.io/hashicorp/azurerm\"]",
      "instances": [
        {
          "index_key": 0,
          "schema_version": 0,
          "attributes": {
            "address_prefix": "10.3.0.0/24",
            "address_prefixes": [
              "10.3.0.0/24"
            ],
            "delegation": [],
            "enforce_private_link_endpoint_network_policies": false,
            "enforce_private_link_service_network_policies": false,
            "id": "/subscriptions/137c8c89-2b20-4f91-96df-ae87343bb016/resourceGroups/local-spoke-rg/providers/Microsoft.Network/virtualNetworks/local-spoke-vnet/subnets/default",
            "name": "default",
            "resource_group_name": "local-spoke-rg",
            "service_endpoint_policy_ids": null,
            "service_endpoints": null,
            "timeouts": null,
            "virtual_network_name": "local-spoke-vnet"
          },
          "sensitive_attributes": [],
          "private": "eyJlMmJmYjczMC1lY2FhLTExZTYtOGY4OC0zNDM2M2JjN2M0YzAiOnsiY3JlYXRlIjoxODAwMDAwMDAwMDAwLCJkZWxldGUiOjE4MDAwMDAwMDAwMDAsInJlYWQiOjMwMDAwMDAwMDAwMCwidXBkYXRlIjoxODAwMDAwMDAwMDAwfX0=",
          "dependencies": [
            "azurerm_resource_group.spoke_local_rg",
            "module.spoke_local_vnet.azurerm_virtual_network.main"
          ]
        }
      ]
    },
    {
      "module": "module.spoke_local_vnet",
      "mode": "managed",
      "type": "azurerm_subnet_route_table_association",
      "name": "main",
      "provider": "provider[\"registry.terraform.io/hashicorp/azurerm\"]",
      "instances": [
        {
          "index_key": 0,
          "schema_version": 0,
          "attributes": {
            "id": "/subscriptions/137c8c89-2b20-4f91-96df-ae87343bb016/resourceGroups/local-spoke-rg/providers/Microsoft.Network/virtualNetworks/local-spoke-vnet/subnets/default",
            "route_table_id": "/subscriptions/137c8c89-2b20-4f91-96df-ae87343bb016/resourceGroups/local-spoke-rg/providers/Microsoft.Network/routeTables/local-spoke-rtb",
            "subnet_id": "/subscriptions/137c8c89-2b20-4f91-96df-ae87343bb016/resourceGroups/local-spoke-rg/providers/Microsoft.Network/virtualNetworks/local-spoke-vnet/subnets/default",
            "timeouts": null
          },
          "sensitive_attributes": [],
          "private": "eyJlMmJmYjczMC1lY2FhLTExZTYtOGY4OC0zNDM2M2JjN2M0YzAiOnsiY3JlYXRlIjoxODAwMDAwMDAwMDAwLCJkZWxldGUiOjE4MDAwMDAwMDAwMDAsInJlYWQiOjMwMDAwMDAwMDAwMCwidXBkYXRlIjoxODAwMDAwMDAwMDAwfX0=",
          "dependencies": [
            "azurerm_resource_group.spoke_local_rg",
            "azurerm_route_table.spoke_local_rtb",
            "module.spoke_local_vnet.azurerm_subnet.main",
            "module.spoke_local_vnet.azurerm_virtual_network.main"
          ]
        }
      ]
    },
    {
      "module": "module.spoke_local_vnet",
      "mode": "managed",
      "type": "azurerm_virtual_network",
      "name": "main",
      "provider": "provider[\"registry.terraform.io/hashicorp/azurerm\"]",
      "instances": [
        {
          "schema_version": 0,
          "attributes": {
            "address_space": [
              "10.3.0.0/16"
            ],
            "bgp_community": "",
            "ddos_protection_plan": [],
            "dns_servers": [],
            "guid": "d3011df9-4e8b-4a9a-bcfd-8edfc5880447",
            "id": "/subscriptions/137c8c89-2b20-4f91-96df-ae87343bb016/resourceGroups/local-spoke-rg/providers/Microsoft.Network/virtualNetworks/local-spoke-vnet",
            "location": "eastus",
            "name": "local-spoke-vnet",
            "resource_group_name": "local-spoke-rg",
            "subnet": [],
            "tags": {
              "tag1": "",
              "tag2": ""
            },
            "timeouts": null,
            "vm_protection_enabled": false
          },
          "sensitive_attributes": [],
          "private": "eyJlMmJmYjczMC1lY2FhLTExZTYtOGY4OC0zNDM2M2JjN2M0YzAiOnsiY3JlYXRlIjoxODAwMDAwMDAwMDAwLCJkZWxldGUiOjE4MDAwMDAwMDAwMDAsInJlYWQiOjMwMDAwMDAwMDAwMCwidXBkYXRlIjoxODAwMDAwMDAwMDAwfX0=",
          "dependencies": [
            "azurerm_resource_group.spoke_local_rg"
          ]
        }
      ]
    },
    {
      "module": "module.spoke_wan_vm",
      "mode": "managed",
      "type": "azurerm_network_interface",
      "name": "main",
      "provider": "provider[\"registry.terraform.io/hashicorp/azurerm\"]",
      "instances": [
        {
          "index_key": 0,
          "schema_version": 0,
          "attributes": {
            "applied_dns_servers": [],
            "dns_servers": [],
            "enable_accelerated_networking": false,
            "enable_ip_forwarding": false,
            "id": "/subscriptions/137c8c89-2b20-4f91-96df-ae87343bb016/resourceGroups/virtual-wan-spoke-rg/providers/Microsoft.Network/networkInterfaces/virtual-wan-spoke-vm1-nic0",
            "internal_dns_name_label": "",
            "internal_domain_name_suffix": "b5fmeo423pserl1iouwvcnhwqg.bx.internal.cloudapp.net",
            "ip_configuration": [
              {
                "name": "ipconfig1",
                "primary": true,
                "private_ip_address": "10.4.0.4",
                "private_ip_address_allocation": "Dynamic",
                "private_ip_address_version": "IPv4",
                "public_ip_address_id": "",
                "subnet_id": "/subscriptions/137c8c89-2b20-4f91-96df-ae87343bb016/resourceGroups/virtual-wan-spoke-rg/providers/Microsoft.Network/virtualNetworks/virtual-wan-spoke-vnet/subnets/default"
              }
            ],
            "location": "eastus",
            "mac_address": "",
            "name": "virtual-wan-spoke-vm1-nic0",
            "private_ip_address": "10.4.0.4",
            "private_ip_addresses": [
              "10.4.0.4"
            ],
            "resource_group_name": "virtual-wan-spoke-rg",
            "tags": null,
            "timeouts": null,
            "virtual_machine_id": ""
          },
          "sensitive_attributes": [],
          "private": "eyJlMmJmYjczMC1lY2FhLTExZTYtOGY4OC0zNDM2M2JjN2M0YzAiOnsiY3JlYXRlIjoxODAwMDAwMDAwMDAwLCJkZWxldGUiOjE4MDAwMDAwMDAwMDAsInJlYWQiOjMwMDAwMDAwMDAwMCwidXBkYXRlIjoxODAwMDAwMDAwMDAwfX0=",
          "dependencies": [
            "azurerm_resource_group.spoke_wan_rg",
            "module.spoke_wan_vm.azurerm_public_ip.main",
            "module.spoke_wan_vnet.azurerm_subnet.main",
            "module.spoke_wan_vnet.azurerm_virtual_network.main"
          ]
        }
      ]
    },
    {
      "module": "module.spoke_wan_vm",
      "mode": "managed",
      "type": "azurerm_network_interface_security_group_association",
      "name": "main",
      "provider": "provider[\"registry.terraform.io/hashicorp/azurerm\"]",
      "instances": [
        {
          "index_key": 0,
          "schema_version": 0,
          "attributes": {
            "id": "/subscriptions/137c8c89-2b20-4f91-96df-ae87343bb016/resourceGroups/virtual-wan-spoke-rg/providers/Microsoft.Network/networkInterfaces/virtual-wan-spoke-vm1-nic0|/subscriptions/137c8c89-2b20-4f91-96df-ae87343bb016/resourceGroups/virtual-wan-spoke-rg/providers/Microsoft.Network/networkSecurityGroups/virtual-wan-spoke-vm-nsg",
            "network_interface_id": "/subscriptions/137c8c89-2b20-4f91-96df-ae87343bb016/resourceGroups/virtual-wan-spoke-rg/providers/Microsoft.Network/networkInterfaces/virtual-wan-spoke-vm1-nic0",
            "network_security_group_id": "/subscriptions/137c8c89-2b20-4f91-96df-ae87343bb016/resourceGroups/virtual-wan-spoke-rg/providers/Microsoft.Network/networkSecurityGroups/virtual-wan-spoke-vm-nsg",
            "timeouts": null
          },
          "sensitive_attributes": [],
          "private": "eyJlMmJmYjczMC1lY2FhLTExZTYtOGY4OC0zNDM2M2JjN2M0YzAiOnsiY3JlYXRlIjoxODAwMDAwMDAwMDAwLCJkZWxldGUiOjE4MDAwMDAwMDAwMDAsInJlYWQiOjMwMDAwMDAwMDAwMCwidXBkYXRlIjoxODAwMDAwMDAwMDAwfX0=",
          "dependencies": [
            "azurerm_resource_group.spoke_wan_rg",
            "data.template_file.web_startup",
            "module.spoke_wan_vm.azurerm_network_interface.main",
            "module.spoke_wan_vm.azurerm_network_security_group.main",
            "module.spoke_wan_vm.azurerm_public_ip.main",
            "module.spoke_wan_vm.azurerm_virtual_machine.main",
            "module.spoke_wan_vnet.azurerm_subnet.main",
            "module.spoke_wan_vnet.azurerm_virtual_network.main"
          ]
        }
      ]
    },
    {
      "module": "module.spoke_wan_vm",
      "mode": "managed",
      "type": "azurerm_network_security_group",
      "name": "main",
      "provider": "provider[\"registry.terraform.io/hashicorp/azurerm\"]",
      "instances": [
        {
          "schema_version": 0,
          "attributes": {
            "id": "/subscriptions/137c8c89-2b20-4f91-96df-ae87343bb016/resourceGroups/virtual-wan-spoke-rg/providers/Microsoft.Network/networkSecurityGroups/virtual-wan-spoke-vm-nsg",
            "location": "eastus",
            "name": "virtual-wan-spoke-vm-nsg",
            "resource_group_name": "virtual-wan-spoke-rg",
            "security_rule": [
              {
                "access": "Allow",
                "description": "",
                "destination_address_prefix": "*",
                "destination_address_prefixes": [],
                "destination_application_security_group_ids": [],
                "destination_port_range": "*",
                "destination_port_ranges": [],
                "direction": "Inbound",
                "name": "data-inbound",
                "priority": 1000,
                "protocol": "*",
                "source_address_prefix": "*",
                "source_address_prefixes": [],
                "source_application_security_group_ids": [],
                "source_port_range": "*",
                "source_port_ranges": []
              },
              {
                "access": "Allow",
                "description": "",
                "destination_address_prefix": "*",
                "destination_address_prefixes": [],
                "destination_application_security_group_ids": [],
                "destination_port_range": "*",
                "destination_port_ranges": [],
                "direction": "Outbound",
                "name": "data-outbound",
                "priority": 1000,
                "protocol": "*",
                "source_address_prefix": "*",
                "source_address_prefixes": [],
                "source_application_security_group_ids": [],
                "source_port_range": "*",
                "source_port_ranges": []
              }
            ],
            "tags": null,
            "timeouts": null
          },
          "sensitive_attributes": [],
          "private": "eyJlMmJmYjczMC1lY2FhLTExZTYtOGY4OC0zNDM2M2JjN2M0YzAiOnsiY3JlYXRlIjoxODAwMDAwMDAwMDAwLCJkZWxldGUiOjE4MDAwMDAwMDAwMDAsInJlYWQiOjMwMDAwMDAwMDAwMCwidXBkYXRlIjoxODAwMDAwMDAwMDAwfX0=",
          "dependencies": [
            "azurerm_resource_group.spoke_wan_rg"
          ]
        }
      ]
    },
    {
      "module": "module.spoke_wan_vm",
      "mode": "managed",
      "type": "azurerm_virtual_machine",
      "name": "main",
      "provider": "provider[\"registry.terraform.io/hashicorp/azurerm\"]",
      "instances": [
        {
          "index_key": 0,
          "schema_version": 0,
          "attributes": {
            "additional_capabilities": [],
            "availability_set_id": null,
            "boot_diagnostics": [],
            "delete_data_disks_on_termination": true,
            "delete_os_disk_on_termination": true,
            "id": "/subscriptions/137c8c89-2b20-4f91-96df-ae87343bb016/resourceGroups/virtual-wan-spoke-rg/providers/Microsoft.Compute/virtualMachines/virtual-wan-spoke-vm1",
            "identity": [],
            "license_type": null,
            "location": "eastus",
            "name": "virtual-wan-spoke-vm1",
            "network_interface_ids": [
              "/subscriptions/137c8c89-2b20-4f91-96df-ae87343bb016/resourceGroups/virtual-wan-spoke-rg/providers/Microsoft.Network/networkInterfaces/virtual-wan-spoke-vm1-nic0"
            ],
            "os_profile": [
              {
                "admin_password": "Pal0Alt0@123",
                "admin_username": "paloalto",
                "computer_name": "virtual-wan-spoke-vm1",
                "custom_data": "0bf80e195bf1ab05e9eee359a7cd50de3d4ff33d"
              }
            ],
            "os_profile_linux_config": [
              {
                "disable_password_authentication": false,
                "ssh_keys": []
              }
            ],
            "os_profile_secrets": [],
            "os_profile_windows_config": [],
            "plan": [],
            "primary_network_interface_id": null,
            "proximity_placement_group_id": null,
            "resource_group_name": "virtual-wan-spoke-rg",
            "storage_data_disk": [],
            "storage_image_reference": [
              {
                "id": "",
                "offer": "UbuntuServer",
                "publisher": "Canonical",
                "sku": "16.04-LTS",
                "version": "latest"
              }
            ],
            "storage_os_disk": [
              {
                "caching": "ReadWrite",
                "create_option": "FromImage",
                "disk_size_gb": 30,
                "image_uri": "",
                "managed_disk_id": "/subscriptions/137c8c89-2b20-4f91-96df-ae87343bb016/resourceGroups/virtual-wan-spoke-rg/providers/Microsoft.Compute/disks/virtual-wan-spoke-vm1",
                "managed_disk_type": "Standard_LRS",
                "name": "virtual-wan-spoke-vm1",
                "os_type": "Linux",
                "vhd_uri": "",
                "write_accelerator_enabled": false
              }
            ],
            "tags": {
              "allow-internet": "yes",
              "trusted-resource": "yes"
            },
            "timeouts": null,
            "vm_size": "Standard_B1s",
            "zones": null
          },
          "sensitive_attributes": [],
          "private": "eyJlMmJmYjczMC1lY2FhLTExZTYtOGY4OC0zNDM2M2JjN2M0YzAiOnsiY3JlYXRlIjozNjAwMDAwMDAwMDAwLCJkZWxldGUiOjM2MDAwMDAwMDAwMDAsInJlYWQiOjMwMDAwMDAwMDAwMCwidXBkYXRlIjozNjAwMDAwMDAwMDAwfX0=",
          "dependencies": [
            "azurerm_resource_group.spoke_wan_rg",
            "data.template_file.web_startup",
            "module.spoke_wan_vm.azurerm_network_interface.main",
            "module.spoke_wan_vm.azurerm_public_ip.main",
            "module.spoke_wan_vnet.azurerm_subnet.main",
            "module.spoke_wan_vnet.azurerm_virtual_network.main"
          ]
        }
      ]
    },
    {
      "module": "module.spoke_wan_vnet",
      "mode": "managed",
      "type": "azurerm_subnet",
      "name": "main",
      "provider": "provider[\"registry.terraform.io/hashicorp/azurerm\"]",
      "instances": [
        {
          "index_key": 0,
          "schema_version": 0,
          "attributes": {
            "address_prefix": "10.4.0.0/24",
            "address_prefixes": [
              "10.4.0.0/24"
            ],
            "delegation": [],
            "enforce_private_link_endpoint_network_policies": false,
            "enforce_private_link_service_network_policies": false,
            "id": "/subscriptions/137c8c89-2b20-4f91-96df-ae87343bb016/resourceGroups/virtual-wan-spoke-rg/providers/Microsoft.Network/virtualNetworks/virtual-wan-spoke-vnet/subnets/default",
            "name": "default",
            "resource_group_name": "virtual-wan-spoke-rg",
            "service_endpoint_policy_ids": null,
            "service_endpoints": null,
            "timeouts": null,
            "virtual_network_name": "virtual-wan-spoke-vnet"
          },
          "sensitive_attributes": [],
          "private": "eyJlMmJmYjczMC1lY2FhLTExZTYtOGY4OC0zNDM2M2JjN2M0YzAiOnsiY3JlYXRlIjoxODAwMDAwMDAwMDAwLCJkZWxldGUiOjE4MDAwMDAwMDAwMDAsInJlYWQiOjMwMDAwMDAwMDAwMCwidXBkYXRlIjoxODAwMDAwMDAwMDAwfX0=",
          "dependencies": [
            "azurerm_resource_group.spoke_wan_rg",
            "module.spoke_wan_vnet.azurerm_virtual_network.main"
          ]
        }
      ]
    },
    {
      "module": "module.spoke_wan_vnet",
      "mode": "managed",
      "type": "azurerm_virtual_network",
      "name": "main",
      "provider": "provider[\"registry.terraform.io/hashicorp/azurerm\"]",
      "instances": [
        {
          "schema_version": 0,
          "attributes": {
            "address_space": [
              "10.4.0.0/16"
            ],
            "bgp_community": "",
            "ddos_protection_plan": [],
            "dns_servers": [],
            "guid": "3bc2ca0f-ebdc-48e4-af68-752d5134f686",
            "id": "/subscriptions/137c8c89-2b20-4f91-96df-ae87343bb016/resourceGroups/virtual-wan-spoke-rg/providers/Microsoft.Network/virtualNetworks/virtual-wan-spoke-vnet",
            "location": "eastus",
            "name": "virtual-wan-spoke-vnet",
            "resource_group_name": "virtual-wan-spoke-rg",
            "subnet": [],
            "tags": {
              "tag1": "",
              "tag2": ""
            },
            "timeouts": null,
            "vm_protection_enabled": false
          },
          "sensitive_attributes": [],
          "private": "eyJlMmJmYjczMC1lY2FhLTExZTYtOGY4OC0zNDM2M2JjN2M0YzAiOnsiY3JlYXRlIjoxODAwMDAwMDAwMDAwLCJkZWxldGUiOjE4MDAwMDAwMDAwMDAsInJlYWQiOjMwMDAwMDAwMDAwMCwidXBkYXRlIjoxODAwMDAwMDAwMDAwfX0=",
          "dependencies": [
            "azurerm_resource_group.spoke_wan_rg"
          ]
        }
      ]
    }
  ]
}
